{
  "nodes": {
    "packument": {
      "flake": false,
      "locked": {
        "narHash": "sha256-8J6xrzX4eYa3R3tg0GXEY++YwLDHZ1hAH+7uBv4KG+k=",
        "type": "file",
        "url": "https://registry.npmjs.org/postcss-sorting"
      },
      "original": {
        "type": "file",
        "url": "https://registry.npmjs.org/postcss-sorting"
      }
    },
    "root": {
      "inputs": {
        "packument": "packument"
      }
    }
  },
  "root": "root",
  "version": 7
}
