{
  "nodes": {
    "packument": {
      "flake": false,
      "locked": {
        "narHash": "sha256-8tjjdvcIe7fZiF6KkoBpz1OSpTEgla5jLBjbDr7K7x8=",
        "type": "file",
        "url": "https://registry.npmjs.org/friendly-errors-webpack-plugin"
      },
      "original": {
        "type": "file",
        "url": "https://registry.npmjs.org/friendly-errors-webpack-plugin"
      }
    },
    "root": {
      "inputs": {
        "packument": "packument"
      }
    }
  },
  "root": "root",
  "version": 7
}
