{
  "nodes": {
    "packument": {
      "flake": false,
      "locked": {
        "narHash": "sha256-fuqvECFzSj3tXm9r7H4TjZA8M4LSQVMn+Tnhw3NUHvk=",
        "type": "file",
        "url": "https://registry.npmjs.org/update-notifier?rev=268-06394d7431b4c1d4b345162ebab58f8a"
      },
      "original": {
        "type": "file",
        "url": "https://registry.npmjs.org/update-notifier?rev=268-06394d7431b4c1d4b345162ebab58f8a"
      }
    },
    "root": {
      "inputs": {
        "packument": "packument"
      }
    }
  },
  "root": "root",
  "version": 7
}
