{
  "nodes": {
    "packument": {
      "flake": false,
      "locked": {
        "narHash": "sha256-UlvAgokWORGJpOZ6jXKkVaGddvz90BvQMAg3ovVNots=",
        "type": "file",
        "url": "https://registry.npmjs.org/has-dynamic-import"
      },
      "original": {
        "type": "file",
        "url": "https://registry.npmjs.org/has-dynamic-import"
      }
    },
    "root": {
      "inputs": {
        "packument": "packument"
      }
    }
  },
  "root": "root",
  "version": 7
}
