{
  "nodes": {
    "packument": {
      "flake": false,
      "locked": {
        "narHash": "sha256-LVCE6aB03RNc3MFxFTD/bAfren9APLgPK35tOyEdZBU=",
        "type": "file",
        "url": "https://registry.npmjs.org/update-browserslist-db"
      },
      "original": {
        "type": "file",
        "url": "https://registry.npmjs.org/update-browserslist-db"
      }
    },
    "root": {
      "inputs": {
        "packument": "packument"
      }
    }
  },
  "root": "root",
  "version": 7
}
