{
  "nodes": {
    "packument": {
      "flake": false,
      "locked": {
        "narHash": "sha256-LVCE6aB03RNc3MFxFTD/bAfren9APLgPK35tOyEdZBU=",
        "type": "file",
        "url": "https://skimdb.npmjs.com/registry/update-browserslist-db?_rev=10-1fd32f693182827a86e6d2ff334c7456"
      },
      "original": {
        "type": "file",
        "url": "https://skimdb.npmjs.com/registry/update-browserslist-db?_rev=10-1fd32f693182827a86e6d2ff334c7456"
      }
    },
    "root": {
      "inputs": {
        "packument": "packument"
      }
    }
  },
  "root": "root",
  "version": 7
}
