{
  "nodes": {
    "packument": {
      "flake": false,
      "locked": {
        "narHash": "sha256-1GOuI0q5Kk0XotZMbHJtdbWDaod+Zc3KguDy6Ilrr+U=",
        "type": "file",
        "url": "https://skimdb.npmjs.com/registry/@ethersproject/networks?_rev=49-d2b066d5ffe6022b420a11b518a48715"
      },
      "original": {
        "type": "file",
        "url": "https://skimdb.npmjs.com/registry/@ethersproject/networks?_rev=49-d2b066d5ffe6022b420a11b518a48715"
      }
    },
    "root": {
      "inputs": {
        "packument": "packument"
      }
    }
  },
  "root": "root",
  "version": 7
}
