{
  "nodes": {
    "packument": {
      "flake": false,
      "locked": {
        "narHash": "sha256-mS8x4PrwEdQiLEjrVS18CvuOzBocOV5CsLL4npd7iKY=",
        "type": "file",
        "url": "https://registry.npmjs.org/@firebase/app-check-types?rev=650-d5ba63b542e8f41e6d7a29600d771d88"
      },
      "original": {
        "type": "file",
        "url": "https://registry.npmjs.org/@firebase/app-check-types?rev=650-d5ba63b542e8f41e6d7a29600d771d88"
      }
    },
    "root": {
      "inputs": {
        "packument": "packument"
      }
    }
  },
  "root": "root",
  "version": 7
}
