{
  "nodes": {
    "packument": {
      "flake": false,
      "locked": {
        "narHash": "sha256-wd5LOEaTXGOIwtK3gRTfCvMOAQry+idgMXHT81pWQY4=",
        "type": "file",
        "url": "https://registry.npmjs.org/ext-list?rev=20-3e8eca595ffeb995fdc108df3b469ecc"
      },
      "original": {
        "type": "file",
        "url": "https://registry.npmjs.org/ext-list?rev=20-3e8eca595ffeb995fdc108df3b469ecc"
      }
    },
    "root": {
      "inputs": {
        "packument": "packument"
      }
    }
  },
  "root": "root",
  "version": 7
}
