{
  "nodes": {
    "packument": {
      "flake": false,
      "locked": {
        "narHash": "sha256-KL7VAYN3WzmOYmCL1wjit71U9JeaW5gNYDmWW6a0cQ0=",
        "type": "file",
        "url": "https://skimdb.npmjs.com/registry/@serialport/parser-cctalk?_rev=21-f873b3777b6a96b571bb8641d3337dd4"
      },
      "original": {
        "type": "file",
        "url": "https://skimdb.npmjs.com/registry/@serialport/parser-cctalk?_rev=21-f873b3777b6a96b571bb8641d3337dd4"
      }
    },
    "root": {
      "inputs": {
        "packument": "packument"
      }
    }
  },
  "root": "root",
  "version": 7
}
