{
  "nodes": {
    "packument": {
      "flake": false,
      "locked": {
        "narHash": "sha256-/sWs6JO8tmFPQj+FwDuEDjkdH73eFn+daXQ5fkRezb8=",
        "type": "file",
        "url": "https://registry.npmjs.org/xmlhttprequest-ssl"
      },
      "original": {
        "type": "file",
        "url": "https://registry.npmjs.org/xmlhttprequest-ssl"
      }
    },
    "root": {
      "inputs": {
        "packument": "packument"
      }
    }
  },
  "root": "root",
  "version": 7
}
