{
  "nodes": {
    "packument": {
      "flake": false,
      "locked": {
        "narHash": "sha256-Ezq6wMITKYH6YwYusxepNDF9hdhhp54f2R53JH3XN0Q=",
        "type": "file",
        "url": "https://registry.npmjs.org/@jupyterlab/shared-models"
      },
      "original": {
        "type": "file",
        "url": "https://registry.npmjs.org/@jupyterlab/shared-models"
      }
    },
    "root": {
      "inputs": {
        "packument": "packument"
      }
    }
  },
  "root": "root",
  "version": 7
}
