{
  "nodes": {
    "packument": {
      "flake": false,
      "locked": {
        "narHash": "sha256-fgQUH4yKEVExSK4D0H+Ku/k/MBcfhiAUZX25JiPzM/8=",
        "type": "file",
        "url": "https://registry.npmjs.org/css-unit-converter"
      },
      "original": {
        "type": "file",
        "url": "https://registry.npmjs.org/css-unit-converter"
      }
    },
    "root": {
      "inputs": {
        "packument": "packument"
      }
    }
  },
  "root": "root",
  "version": 7
}
