{
  "nodes": {
    "packument": {
      "flake": false,
      "locked": {
        "narHash": "sha256-f88ogq0+htiFAA2GRp1QQOtE31denR036ZANo8X8uU8=",
        "type": "file",
        "url": "https://skimdb.npmjs.com/registry/@ethersproject%2fbignumber?_rev=53-c1b1f34792cad56cb7eb8443762992ce"
      },
      "original": {
        "type": "file",
        "url": "https://skimdb.npmjs.com/registry/@ethersproject%2fbignumber?_rev=53-c1b1f34792cad56cb7eb8443762992ce"
      }
    },
    "root": {
      "inputs": {
        "packument": "packument"
      }
    }
  },
  "root": "root",
  "version": 7
}
