{
  "nodes": {
    "packument": {
      "flake": false,
      "locked": {
        "narHash": "sha256-/FkIUAGbrigz4fluusR8zQhpwsQd5x1mi8lAZvnqveE=",
        "type": "file",
        "url": "https://registry.npmjs.org/is-typed-array?rev=25-4884c444e7d2ce9583112f421ae9e50e"
      },
      "original": {
        "type": "file",
        "url": "https://registry.npmjs.org/is-typed-array?rev=25-4884c444e7d2ce9583112f421ae9e50e"
      }
    },
    "root": {
      "inputs": {
        "packument": "packument"
      }
    }
  },
  "root": "root",
  "version": 7
}
