{
  "nodes": {
    "packument": {
      "flake": false,
      "locked": {
        "narHash": "sha256-CW9DmzYtNmV2PUxbr+u4jgyyqGbP0wbt7PK/MR55EkE=",
        "type": "file",
        "url": "https://registry.npmjs.org/map-cache"
      },
      "original": {
        "type": "file",
        "url": "https://registry.npmjs.org/map-cache"
      }
    },
    "root": {
      "inputs": {
        "packument": "packument"
      }
    }
  },
  "root": "root",
  "version": 7
}
