{
  "nodes": {
    "packument": {
      "flake": false,
      "locked": {
        "narHash": "sha256-pvi2bPZY7EK1u/gCCLDNOOF+5WpUEZxMFvXwkLYgoEw=",
        "type": "file",
        "url": "https://registry.npmjs.org/array.prototype.flatmap"
      },
      "original": {
        "type": "file",
        "url": "https://registry.npmjs.org/array.prototype.flatmap"
      }
    },
    "root": {
      "inputs": {
        "packument": "packument"
      }
    }
  },
  "root": "root",
  "version": 7
}
