{
  "nodes": {
    "packument": {
      "flake": false,
      "locked": {
        "narHash": "sha256-wc8AI5z39yuQ/tBaLuKx4K47nOfGWy6WUmdASV890Z4=",
        "type": "file",
        "url": "https://skimdb.npmjs.com/registry/@types%2fexpress?_rev=743-1c0d768041b5bfbc2f5abd70034ef71a"
      },
      "original": {
        "type": "file",
        "url": "https://skimdb.npmjs.com/registry/@types%2fexpress?_rev=743-1c0d768041b5bfbc2f5abd70034ef71a"
      }
    },
    "root": {
      "inputs": {
        "packument": "packument"
      }
    }
  },
  "root": "root",
  "version": 7
}
