{
  "nodes": {
    "packument": {
      "flake": false,
      "locked": {
        "narHash": "sha256-QyPi0SJ2jL012RuQbUO8+lsKqDg/bUlEv9AwP0cswjo=",
        "type": "file",
        "url": "https://registry.npmjs.org/node-uuid"
      },
      "original": {
        "type": "file",
        "url": "https://registry.npmjs.org/node-uuid"
      }
    },
    "root": {
      "inputs": {
        "packument": "packument"
      }
    }
  },
  "root": "root",
  "version": 7
}
