{
  "nodes": {
    "packument": {
      "flake": false,
      "locked": {
        "narHash": "sha256-QyPi0SJ2jL012RuQbUO8+lsKqDg/bUlEv9AwP0cswjo=",
        "type": "file",
        "url": "https://skimdb.npmjs.com/registry/node-uuid?_rev=291-61146ca73140409857190b57af120b27"
      },
      "original": {
        "type": "file",
        "url": "https://skimdb.npmjs.com/registry/node-uuid?_rev=291-61146ca73140409857190b57af120b27"
      }
    },
    "root": {
      "inputs": {
        "packument": "packument"
      }
    }
  },
  "root": "root",
  "version": 7
}
