{
  "nodes": {
    "packument": {
      "flake": false,
      "locked": {
        "narHash": "sha256-bsv96zuUjP/VCsQLa7HKqvHaHOpJ8xm6F4e06+58YjA=",
        "type": "file",
        "url": "https://registry.npmjs.org/functions-have-names?rev=9-68788bb79747c76ce9ece6dc66a7be32"
      },
      "original": {
        "type": "file",
        "url": "https://registry.npmjs.org/functions-have-names?rev=9-68788bb79747c76ce9ece6dc66a7be32"
      }
    },
    "root": {
      "inputs": {
        "packument": "packument"
      }
    }
  },
  "root": "root",
  "version": 7
}
