{
  "nodes": {
    "packument": {
      "flake": false,
      "locked": {
        "narHash": "sha256-3lqa/uY4xAYvvOcZHMwHly9V4GGHs07/5lVrE8UdeRo=",
        "type": "file",
        "url": "https://registry.npmjs.org/@types/minimatch"
      },
      "original": {
        "type": "file",
        "url": "https://registry.npmjs.org/@types/minimatch"
      }
    },
    "root": {
      "inputs": {
        "packument": "packument"
      }
    }
  },
  "root": "root",
  "version": 7
}
