{
  "nodes": {
    "packument": {
      "flake": false,
      "locked": {
        "narHash": "sha256-21F7fzP7ksRIFqQKO7MkzswgNA2xAOvBtAk6BBO50i4=",
        "type": "file",
        "url": "https://skimdb.npmjs.com/registry/regenerator-runtime?_rev=46-172597335ee3ca6574976d472ef1a7b7"
      },
      "original": {
        "type": "file",
        "url": "https://skimdb.npmjs.com/registry/regenerator-runtime?_rev=46-172597335ee3ca6574976d472ef1a7b7"
      }
    },
    "root": {
      "inputs": {
        "packument": "packument"
      }
    }
  },
  "root": "root",
  "version": 7
}
