{
  "nodes": {
    "packument": {
      "flake": false,
      "locked": {
        "narHash": "sha256-wdNajlBvTBr3deBQJyDpfLRGmV2n7mg2JqycHIKUajM=",
        "type": "file",
        "url": "https://registry.npmjs.org/object.fromentries"
      },
      "original": {
        "type": "file",
        "url": "https://registry.npmjs.org/object.fromentries"
      }
    },
    "root": {
      "inputs": {
        "packument": "packument"
      }
    }
  },
  "root": "root",
  "version": 7
}
