{
  "nodes": {
    "packument": {
      "flake": false,
      "locked": {
        "narHash": "sha256-lfRL1EWYJCHmmV1CHjLIz6SDpCkCe4TCTqD+zamwYEY=",
        "type": "file",
        "url": "https://registry.npmjs.org/trough?rev=14-74b591f24262c2b89dd1bec1a073ee32"
      },
      "original": {
        "type": "file",
        "url": "https://registry.npmjs.org/trough?rev=14-74b591f24262c2b89dd1bec1a073ee32"
      }
    },
    "root": {
      "inputs": {
        "packument": "packument"
      }
    }
  },
  "root": "root",
  "version": 7
}
