{
  "nodes": {
    "packument": {
      "flake": false,
      "locked": {
        "narHash": "sha256-fuefKpwm/K7XmB105BLNl0obMmLOvMPR8P+odVVNhb0=",
        "type": "file",
        "url": "https://skimdb.npmjs.com/registry/@svgr%2fbabel-plugin-remove-jsx-empty-expression?_rev=9-970a606138f3c78a8072858accfe8965"
      },
      "original": {
        "type": "file",
        "url": "https://skimdb.npmjs.com/registry/@svgr%2fbabel-plugin-remove-jsx-empty-expression?_rev=9-970a606138f3c78a8072858accfe8965"
      }
    },
    "root": {
      "inputs": {
        "packument": "packument"
      }
    }
  },
  "root": "root",
  "version": 7
}
