{
  "nodes": {
    "packument": {
      "flake": false,
      "locked": {
        "narHash": "sha256-RAS5OU3SYYV3RcGCB2Z02cneFkoQ7VcYPaaxaSEHhnc=",
        "type": "file",
        "url": "https://skimdb.npmjs.com/registry/grunt-contrib-uglify?_rev=297-b267dafda707101a9b4d71589d6a16fe"
      },
      "original": {
        "type": "file",
        "url": "https://skimdb.npmjs.com/registry/grunt-contrib-uglify?_rev=297-b267dafda707101a9b4d71589d6a16fe"
      }
    },
    "root": {
      "inputs": {
        "packument": "packument"
      }
    }
  },
  "root": "root",
  "version": 7
}
