{
  "nodes": {
    "packument": {
      "flake": false,
      "locked": {
        "narHash": "sha256-wgX3v61PcvhQ/7rlhhD3VIi2suNYVIT4KcefYrPXYdM=",
        "type": "file",
        "url": "https://skimdb.npmjs.com/registry/@antv%2fattr?_rev=83-91e09279db57ece5eacbf574f6ebd587"
      },
      "original": {
        "type": "file",
        "url": "https://skimdb.npmjs.com/registry/@antv%2fattr?_rev=83-91e09279db57ece5eacbf574f6ebd587"
      }
    },
    "root": {
      "inputs": {
        "packument": "packument"
      }
    }
  },
  "root": "root",
  "version": 7
}
