{
  "nodes": {
    "packument": {
      "flake": false,
      "locked": {
        "narHash": "sha256-C+v+YwhlljHgxQ5QE1xnnnKjjQTOHWLYuJ0X7Mfg5kE=",
        "type": "file",
        "url": "https://registry.npmjs.org/call-me-maybe"
      },
      "original": {
        "type": "file",
        "url": "https://registry.npmjs.org/call-me-maybe"
      }
    },
    "root": {
      "inputs": {
        "packument": "packument"
      }
    }
  },
  "root": "root",
  "version": 7
}
