{
  "nodes": {
    "packument": {
      "flake": false,
      "locked": {
        "narHash": "sha256-aQEOoxClLc/9UMNMHrwo3PmJOPZqTumYJROMWJI2wEA=",
        "type": "file",
        "url": "https://registry.npmjs.org/yaeti?rev=13-6be2c1295102a3242144d6106bc2bdde"
      },
      "original": {
        "type": "file",
        "url": "https://registry.npmjs.org/yaeti?rev=13-6be2c1295102a3242144d6106bc2bdde"
      }
    },
    "root": {
      "inputs": {
        "packument": "packument"
      }
    }
  },
  "root": "root",
  "version": 7
}
