{
  "nodes": {
    "packument": {
      "flake": false,
      "locked": {
        "narHash": "sha256-iZODEIYU6q5b5nzcLrpd7NBRTnPBkBgSFz97mzqaRdQ=",
        "type": "file",
        "url": "https://registry.npmjs.org/gulp-notify?rev=319-e41d295b5f3f368cf0b6162976cf27cd"
      },
      "original": {
        "type": "file",
        "url": "https://registry.npmjs.org/gulp-notify?rev=319-e41d295b5f3f368cf0b6162976cf27cd"
      }
    },
    "root": {
      "inputs": {
        "packument": "packument"
      }
    }
  },
  "root": "root",
  "version": 7
}
