{
  "nodes": {
    "packument": {
      "flake": false,
      "locked": {
        "narHash": "sha256-MLx/qpycAoMndWLls8xEjbWS+8HpVk7gxHyXmrdxSPo=",
        "type": "file",
        "url": "https://skimdb.npmjs.com/registry/just-curry-it?_rev=31-f47415ddfced4c448f296d6e8be42c02"
      },
      "original": {
        "type": "file",
        "url": "https://skimdb.npmjs.com/registry/just-curry-it?_rev=31-f47415ddfced4c448f296d6e8be42c02"
      }
    },
    "root": {
      "inputs": {
        "packument": "packument"
      }
    }
  },
  "root": "root",
  "version": 7
}
