{
  "nodes": {
    "packument": {
      "flake": false,
      "locked": {
        "narHash": "sha256-+qWUAkJh/nFyKzv6TdFNIR2Gk7VkANaIQWxk/d83nGA=",
        "type": "file",
        "url": "https://registry.npmjs.org/@types/json5"
      },
      "original": {
        "type": "file",
        "url": "https://registry.npmjs.org/@types/json5"
      }
    },
    "root": {
      "inputs": {
        "packument": "packument"
      }
    }
  },
  "root": "root",
  "version": 7
}
