{
  "nodes": {
    "packument": {
      "flake": false,
      "locked": {
        "narHash": "sha256-jZZhRZtanR3M7VWi7LSF7AX0a8+QgbTpVu1+CMjbFOc=",
        "type": "file",
        "url": "https://registry.npmjs.org/fs-updater"
      },
      "original": {
        "type": "file",
        "url": "https://registry.npmjs.org/fs-updater"
      }
    },
    "root": {
      "inputs": {
        "packument": "packument"
      }
    }
  },
  "root": "root",
  "version": 7
}
