{
  "nodes": {
    "packument": {
      "flake": false,
      "locked": {
        "narHash": "sha256-Kcf9wnWSQErijkHLOf4PtdNpK8steSyaC7r+cnsmk1M=",
        "type": "file",
        "url": "https://skimdb.npmjs.com/registry/@aws-sdk/middleware-sdk-sts?_rev=70-83d60560556ab132ab672b26293b8ff0"
      },
      "original": {
        "type": "file",
        "url": "https://skimdb.npmjs.com/registry/@aws-sdk/middleware-sdk-sts?_rev=70-83d60560556ab132ab672b26293b8ff0"
      }
    },
    "root": {
      "inputs": {
        "packument": "packument"
      }
    }
  },
  "root": "root",
  "version": 7
}
