{
  "nodes": {
    "packument": {
      "flake": false,
      "locked": {
        "narHash": "sha256-6XjTzO2qXTYWCUxCFfcc5F9ThyJKa4tpOl9FC3OSMiE=",
        "type": "file",
        "url": "https://registry.npmjs.org/any-base"
      },
      "original": {
        "type": "file",
        "url": "https://registry.npmjs.org/any-base"
      }
    },
    "root": {
      "inputs": {
        "packument": "packument"
      }
    }
  },
  "root": "root",
  "version": 7
}
