{
  "nodes": {
    "packument": {
      "flake": false,
      "locked": {
        "narHash": "sha256-Ud+MvaTE/I9tVPKR2Msob36qCQs5oSuHxQ3Hk7I0adw=",
        "type": "file",
        "url": "https://registry.npmjs.org/anymatch"
      },
      "original": {
        "type": "file",
        "url": "https://registry.npmjs.org/anymatch"
      }
    },
    "root": {
      "inputs": {
        "packument": "packument"
      }
    }
  },
  "root": "root",
  "version": 7
}
