{
  "nodes": {
    "packument": {
      "flake": false,
      "locked": {
        "narHash": "sha256-fS4YrkIWCQ+QTBIXoI00DtQrbXqxpnreEB/pONuLkB4=",
        "type": "file",
        "url": "https://skimdb.npmjs.com/registry/@formatjs/intl-listformat?_rev=122-8ee439687389126d4b879108dc2fd567"
      },
      "original": {
        "type": "file",
        "url": "https://skimdb.npmjs.com/registry/@formatjs/intl-listformat?_rev=122-8ee439687389126d4b879108dc2fd567"
      }
    },
    "root": {
      "inputs": {
        "packument": "packument"
      }
    }
  },
  "root": "root",
  "version": 7
}
