{
  "nodes": {
    "packument": {
      "flake": false,
      "locked": {
        "narHash": "sha256-tMz8Di46lqrxIn39se70tfpAaqm75T69TQjtlR409yY=",
        "type": "file",
        "url": "https://registry.npmjs.org/@formatjs/intl-pluralrules"
      },
      "original": {
        "type": "file",
        "url": "https://registry.npmjs.org/@formatjs/intl-pluralrules"
      }
    },
    "root": {
      "inputs": {
        "packument": "packument"
      }
    }
  },
  "root": "root",
  "version": 7
}
