{
  "nodes": {
    "packument": {
      "flake": false,
      "locked": {
        "narHash": "sha256-KGmzP+P4vW27l9hmJFuUn06KPonfp1JWX/stfsEqndQ=",
        "type": "file",
        "url": "https://registry.npmjs.org/string-similarity"
      },
      "original": {
        "type": "file",
        "url": "https://registry.npmjs.org/string-similarity"
      }
    },
    "root": {
      "inputs": {
        "packument": "packument"
      }
    }
  },
  "root": "root",
  "version": 7
}
