{
  "nodes": {
    "packument": {
      "flake": false,
      "locked": {
        "narHash": "sha256-oUBroWbcHBqv0kn3eMf9gtAn87Xf5hk6wBpXiJYQCgs=",
        "type": "file",
        "url": "https://registry.npmjs.org/shot?rev=164-ed56142fec9d9e857cb0f1a16deb3e07"
      },
      "original": {
        "type": "file",
        "url": "https://registry.npmjs.org/shot?rev=164-ed56142fec9d9e857cb0f1a16deb3e07"
      }
    },
    "root": {
      "inputs": {
        "packument": "packument"
      }
    }
  },
  "root": "root",
  "version": 7
}
