{
  "nodes": {
    "packument": {
      "flake": false,
      "locked": {
        "narHash": "sha256-TY25pcrKWl/zEPhNYvVYHOPkef+1vmNZHLd25heS45c=",
        "type": "file",
        "url": "https://registry.npmjs.org/npm-audit-report"
      },
      "original": {
        "type": "file",
        "url": "https://registry.npmjs.org/npm-audit-report"
      }
    },
    "root": {
      "inputs": {
        "packument": "packument"
      }
    }
  },
  "root": "root",
  "version": 7
}
