{
  "nodes": {
    "packument": {
      "flake": false,
      "locked": {
        "narHash": "sha256-aHSiFrnerDd6vvJVtjnXEhK2JEQpwO+7iRCTmBmFzlk=",
        "type": "file",
        "url": "https://registry.npmjs.org/diffie-hellman"
      },
      "original": {
        "type": "file",
        "url": "https://registry.npmjs.org/diffie-hellman"
      }
    },
    "root": {
      "inputs": {
        "packument": "packument"
      }
    }
  },
  "root": "root",
  "version": 7
}
