{
  "nodes": {
    "packument": {
      "flake": false,
      "locked": {
        "narHash": "sha256-aHSiFrnerDd6vvJVtjnXEhK2JEQpwO+7iRCTmBmFzlk=",
        "type": "file",
        "url": "https://skimdb.npmjs.com/registry/diffie-hellman?_rev=51-4956fb877599c79c774b17fdb29491ce"
      },
      "original": {
        "type": "file",
        "url": "https://skimdb.npmjs.com/registry/diffie-hellman?_rev=51-4956fb877599c79c774b17fdb29491ce"
      }
    },
    "root": {
      "inputs": {
        "packument": "packument"
      }
    }
  },
  "root": "root",
  "version": 7
}
