{
  "nodes": {
    "packument": {
      "flake": false,
      "locked": {
        "narHash": "sha256-gHg5S4uZZ3doVPrEL+HbhAxFZRur6Noc6uvxq7zE17s=",
        "type": "file",
        "url": "https://registry.npmjs.org/fclone?rev=13-971f8e22a06877d78fcb9fe17631721d"
      },
      "original": {
        "type": "file",
        "url": "https://registry.npmjs.org/fclone?rev=13-971f8e22a06877d78fcb9fe17631721d"
      }
    },
    "root": {
      "inputs": {
        "packument": "packument"
      }
    }
  },
  "root": "root",
  "version": 7
}
