{
  "nodes": {
    "packument": {
      "flake": false,
      "locked": {
        "narHash": "sha256-94iP9hPMX1NEffGpJx1yYpHcyhYmxMaUhybjctsQrms=",
        "type": "file",
        "url": "https://registry.npmjs.org/@jimp/plugin-rotate"
      },
      "original": {
        "type": "file",
        "url": "https://registry.npmjs.org/@jimp/plugin-rotate"
      }
    },
    "root": {
      "inputs": {
        "packument": "packument"
      }
    }
  },
  "root": "root",
  "version": 7
}
