{
  "nodes": {
    "packument": {
      "flake": false,
      "locked": {
        "narHash": "sha256-y4DRXoKjfq1EQDGRzcXU0TEVVJbZ4r8Y0YXr+1HZllw=",
        "type": "file",
        "url": "https://registry.npmjs.org/postgres-date?rev=15-3155943c54b62b146baa8f363050e578"
      },
      "original": {
        "type": "file",
        "url": "https://registry.npmjs.org/postgres-date?rev=15-3155943c54b62b146baa8f363050e578"
      }
    },
    "root": {
      "inputs": {
        "packument": "packument"
      }
    }
  },
  "root": "root",
  "version": 7
}
