{
  "nodes": {
    "packument": {
      "flake": false,
      "locked": {
        "narHash": "sha256-RH8obwCo5ukz6PKuQ5fvRhRIGB35cyjGRHdoek6gNGo=",
        "type": "file",
        "url": "https://registry.npmjs.org/emotion"
      },
      "original": {
        "type": "file",
        "url": "https://registry.npmjs.org/emotion"
      }
    },
    "root": {
      "inputs": {
        "packument": "packument"
      }
    }
  },
  "root": "root",
  "version": 7
}
