{
  "nodes": {
    "packument": {
      "flake": false,
      "locked": {
        "narHash": "sha256-cllG95e7DTqjqlxasQUG8EwqUyztxt9e8yTOmsvSYXQ=",
        "type": "file",
        "url": "https://registry.npmjs.org/@firebase/functions-types?rev=2458-e0768b34c1d2ed49d25f20c7a70174bd"
      },
      "original": {
        "type": "file",
        "url": "https://registry.npmjs.org/@firebase/functions-types?rev=2458-e0768b34c1d2ed49d25f20c7a70174bd"
      }
    },
    "root": {
      "inputs": {
        "packument": "packument"
      }
    }
  },
  "root": "root",
  "version": 7
}
