{
  "nodes": {
    "packument": {
      "flake": false,
      "locked": {
        "narHash": "sha256-sFhWDOBXbmPPFFvHZxJSJfhGPuN7eDfPiR66KJNi2H0=",
        "type": "file",
        "url": "https://skimdb.npmjs.com/registry/@firebase/functions-types?_rev=2458-e0768b34c1d2ed49d25f20c7a70174bd"
      },
      "original": {
        "type": "file",
        "url": "https://skimdb.npmjs.com/registry/@firebase/functions-types?_rev=2458-e0768b34c1d2ed49d25f20c7a70174bd"
      }
    },
    "root": {
      "inputs": {
        "packument": "packument"
      }
    }
  },
  "root": "root",
  "version": 7
}
