{
  "nodes": {
    "packument": {
      "flake": false,
      "locked": {
        "narHash": "sha256-EFeiaQtVpdEqFUvK59353DjBl43S35P1Yf/vpocf5pY=",
        "type": "file",
        "url": "https://registry.npmjs.org/@firebase/functions"
      },
      "original": {
        "type": "file",
        "url": "https://registry.npmjs.org/@firebase/functions"
      }
    },
    "root": {
      "inputs": {
        "packument": "packument"
      }
    }
  },
  "root": "root",
  "version": 7
}
