{
  "nodes": {
    "packument": {
      "flake": false,
      "locked": {
        "narHash": "sha256-j5+F5Zo+yU1WSYvPQZTWva+aF4/9sWzY/RddmzGm9f4=",
        "type": "file",
        "url": "https://registry.npmjs.org/side-channel"
      },
      "original": {
        "type": "file",
        "url": "https://registry.npmjs.org/side-channel"
      }
    },
    "root": {
      "inputs": {
        "packument": "packument"
      }
    }
  },
  "root": "root",
  "version": 7
}
