{
  "nodes": {
    "packument": {
      "flake": false,
      "locked": {
        "narHash": "sha256-u+d8tP8yyIl8435yDB1Xb8AhGyIRyxFnNC0kXgtwffc=",
        "type": "file",
        "url": "https://registry.npmjs.org/linkify-it?rev=44-e597541e0584d65a1790a590cf0aef14"
      },
      "original": {
        "type": "file",
        "url": "https://registry.npmjs.org/linkify-it?rev=44-e597541e0584d65a1790a590cf0aef14"
      }
    },
    "root": {
      "inputs": {
        "packument": "packument"
      }
    }
  },
  "root": "root",
  "version": 7
}
