{
  "nodes": {
    "packument": {
      "flake": false,
      "locked": {
        "narHash": "sha256-7YTuYP82QmCRBLvOZ1FqHLiHOdIhhnZ9OEuZxzAY3nI=",
        "type": "file",
        "url": "https://registry.npmjs.org/core-js-compat"
      },
      "original": {
        "type": "file",
        "url": "https://registry.npmjs.org/core-js-compat"
      }
    },
    "root": {
      "inputs": {
        "packument": "packument"
      }
    }
  },
  "root": "root",
  "version": 7
}
