{
  "nodes": {
    "packument": {
      "flake": false,
      "locked": {
        "narHash": "sha256-dFnGu6UJZ2qzK/33GE8nh1etYGAlSFQ1yZyjQsTfirs=",
        "type": "file",
        "url": "https://registry.npmjs.org/fast-printf"
      },
      "original": {
        "type": "file",
        "url": "https://registry.npmjs.org/fast-printf"
      }
    },
    "root": {
      "inputs": {
        "packument": "packument"
      }
    }
  },
  "root": "root",
  "version": 7
}
