{
  "nodes": {
    "packument": {
      "flake": false,
      "locked": {
        "narHash": "sha256-cvSAFR0H2tyFPHmMXzkAc8/aJHXy7EvDfKq5C/4AfRs=",
        "type": "file",
        "url": "https://skimdb.npmjs.com/registry/@lumino/keyboard?_rev=37-678cba808101854ab192c3820970086e"
      },
      "original": {
        "type": "file",
        "url": "https://skimdb.npmjs.com/registry/@lumino/keyboard?_rev=37-678cba808101854ab192c3820970086e"
      }
    },
    "root": {
      "inputs": {
        "packument": "packument"
      }
    }
  },
  "root": "root",
  "version": 7
}
