{
  "nodes": {
    "packument": {
      "flake": false,
      "locked": {
        "narHash": "sha256-KaFQ57wdUCAN3xp9JHjC61KuzGneGe2oHQxO+3d+AHI=",
        "type": "file",
        "url": "https://registry.npmjs.org/@firebase/performance-types?rev=1955-96c9c71fa4d3cd41853b303dc5472ef0"
      },
      "original": {
        "type": "file",
        "url": "https://registry.npmjs.org/@firebase/performance-types?rev=1955-96c9c71fa4d3cd41853b303dc5472ef0"
      }
    },
    "root": {
      "inputs": {
        "packument": "packument"
      }
    }
  },
  "root": "root",
  "version": 7
}
