{
  "nodes": {
    "packument": {
      "flake": false,
      "locked": {
        "narHash": "sha256-tDaYYFnWQeTrg40TJCeIVFRKHrB8F3dEWLy0jljYNrc=",
        "type": "file",
        "url": "https://registry.npmjs.org/node-opcua-secure-channel"
      },
      "original": {
        "type": "file",
        "url": "https://registry.npmjs.org/node-opcua-secure-channel"
      }
    },
    "root": {
      "inputs": {
        "packument": "packument"
      }
    }
  },
  "root": "root",
  "version": 7
}
