{
  "nodes": {
    "floco": {
      "inputs": {
        "nixpkgs": "nixpkgs"
      },
      "locked": {
        "lastModified": 1675555325,
        "narHash": "sha256-B7o1DHd+gQnePdPoX7R95W0kBVy9zoq8/dQ9UfcNeaU=",
        "owner": "aakropotkin",
        "repo": "floco",
        "rev": "7a31378136e8b064218174ed1911273c5c88b8f9",
        "type": "github"
      },
      "original": {
        "owner": "aakropotkin",
        "repo": "floco",
        "type": "github"
      }
    },
    "nixpkgs": {
      "locked": {
        "lastModified": 1674236650,
        "narHash": "sha256-B4GKL1YdJnII6DQNNJ4wDW1ySJVx2suB1h/v4Ql8J0Q=",
        "owner": "NixOS",
        "repo": "nixpkgs",
        "rev": "cfb43ad7b941d9c3606fb35d91228da7ebddbfc5",
        "type": "github"
      },
      "original": {
        "id": "nixpkgs",
        "type": "indirect"
      }
    },
    "root": {
      "inputs": {
        "floco": "floco",
        "nixpkgs": [
          "floco",
          "nixpkgs"
        ]
      }
    }
  },
  "root": "root",
  "version": 7
}
