{
  "nodes": {
    "packument": {
      "flake": false,
      "locked": {
        "narHash": "sha256-/lh2gUugLqxIG0QlaE3zNYTdhtierci27Z1xzWmZel4=",
        "type": "file",
        "url": "https://skimdb.npmjs.com/registry/node-opcua-numeric-range?_rev=158-ba595ce71234d19e9e482733bc0619ff"
      },
      "original": {
        "type": "file",
        "url": "https://skimdb.npmjs.com/registry/node-opcua-numeric-range?_rev=158-ba595ce71234d19e9e482733bc0619ff"
      }
    },
    "root": {
      "inputs": {
        "packument": "packument"
      }
    }
  },
  "root": "root",
  "version": 7
}
