{
  "nodes": {
    "packument": {
      "flake": false,
      "locked": {
        "narHash": "sha256-wy6/77XF8uHyIH/CDk8DnyZbsAXGngmG5vj7f0s99PY=",
        "type": "file",
        "url": "https://registry.npmjs.org/@svgr/babel-plugin-svg-em-dimensions?rev=12-9dc6e8fde069061efb194ebb5a5e6fa1"
      },
      "original": {
        "type": "file",
        "url": "https://registry.npmjs.org/@svgr/babel-plugin-svg-em-dimensions?rev=12-9dc6e8fde069061efb194ebb5a5e6fa1"
      }
    },
    "root": {
      "inputs": {
        "packument": "packument"
      }
    }
  },
  "root": "root",
  "version": 7
}
