{
  "nodes": {
    "packument": {
      "flake": false,
      "locked": {
        "narHash": "sha256-/QnUpBMVxRzAFY0sdvpWk/Z52R2cEdaioejH/lrg0g4=",
        "type": "file",
        "url": "https://registry.npmjs.org/jest-leak-detector"
      },
      "original": {
        "type": "file",
        "url": "https://registry.npmjs.org/jest-leak-detector"
      }
    },
    "root": {
      "inputs": {
        "packument": "packument"
      }
    }
  },
  "root": "root",
  "version": 7
}
