{
  "nodes": {
    "packument": {
      "flake": false,
      "locked": {
        "narHash": "sha256-1OxxN1s+1LhvLTa0Qn4h37H4AVHVMoBQ+SK6qDT+QAA=",
        "type": "file",
        "url": "https://registry.npmjs.org/browser-pack"
      },
      "original": {
        "type": "file",
        "url": "https://registry.npmjs.org/browser-pack"
      }
    },
    "root": {
      "inputs": {
        "packument": "packument"
      }
    }
  },
  "root": "root",
  "version": 7
}
