{
  "nodes": {
    "packument": {
      "flake": false,
      "locked": {
        "narHash": "sha256-JhfzwlGRQng1Bddj3oBt6xYYysSrgzpBVSwasx+e3/8=",
        "type": "file",
        "url": "https://registry.npmjs.org/rc?rev=188-008ae019cc9ed3b024c6bb78632c9d53"
      },
      "original": {
        "type": "file",
        "url": "https://registry.npmjs.org/rc?rev=188-008ae019cc9ed3b024c6bb78632c9d53"
      }
    },
    "root": {
      "inputs": {
        "packument": "packument"
      }
    }
  },
  "root": "root",
  "version": 7
}
