{
  "nodes": {
    "packument": {
      "flake": false,
      "locked": {
        "narHash": "sha256-wsqLsaOhP+ntTrBplaiqkzQf34OkiOH3DI9b/oKodeU=",
        "type": "file",
        "url": "https://registry.npmjs.org/split-on-first?rev=5-b7c82c2feb59c476b45b63d9f4dbd556"
      },
      "original": {
        "type": "file",
        "url": "https://registry.npmjs.org/split-on-first?rev=5-b7c82c2feb59c476b45b63d9f4dbd556"
      }
    },
    "root": {
      "inputs": {
        "packument": "packument"
      }
    }
  },
  "root": "root",
  "version": 7
}
