{
  "nodes": {
    "packument": {
      "flake": false,
      "locked": {
        "narHash": "sha256-Pp6LyLIIyN8WfrZCqx1EaG98Zn5prRdBwZtFOKg3IA0=",
        "type": "file",
        "url": "https://registry.npmjs.org/spdx-exceptions?rev=13-90955ed49c99ce03340e06376438bd07"
      },
      "original": {
        "type": "file",
        "url": "https://registry.npmjs.org/spdx-exceptions?rev=13-90955ed49c99ce03340e06376438bd07"
      }
    },
    "root": {
      "inputs": {
        "packument": "packument"
      }
    }
  },
  "root": "root",
  "version": 7
}
