{
  "nodes": {
    "packument": {
      "flake": false,
      "locked": {
        "narHash": "sha256-M+dcsUj7a52KY8zerLC8Nd6JKAYSqeuibVjHjVaeJzE=",
        "type": "file",
        "url": "https://registry.npmjs.org/array-union"
      },
      "original": {
        "type": "file",
        "url": "https://registry.npmjs.org/array-union"
      }
    },
    "root": {
      "inputs": {
        "packument": "packument"
      }
    }
  },
  "root": "root",
  "version": 7
}
