{
  "nodes": {
    "packument": {
      "flake": false,
      "locked": {
        "narHash": "sha256-gWTiXmuorw0/Wmaju1LinblsFwAobe8gvA8uiNwWpqQ=",
        "type": "file",
        "url": "https://registry.npmjs.org/async-mqtt"
      },
      "original": {
        "type": "file",
        "url": "https://registry.npmjs.org/async-mqtt"
      }
    },
    "root": {
      "inputs": {
        "packument": "packument"
      }
    }
  },
  "root": "root",
  "version": 7
}
