{
  "nodes": {
    "packument": {
      "flake": false,
      "locked": {
        "narHash": "sha256-3o4AOjKJBR0bIMYaRcTKIiXb5U+KD9F2Ld5Gd6DqHJg=",
        "type": "file",
        "url": "https://skimdb.npmjs.com/registry/web3-utils?_rev=144-bb2a6c52319ed4d3fb651d72e8d7e0ce"
      },
      "original": {
        "type": "file",
        "url": "https://skimdb.npmjs.com/registry/web3-utils?_rev=144-bb2a6c52319ed4d3fb651d72e8d7e0ce"
      }
    },
    "root": {
      "inputs": {
        "packument": "packument"
      }
    }
  },
  "root": "root",
  "version": 7
}
