{
  "nodes": {
    "packument": {
      "flake": false,
      "locked": {
        "narHash": "sha256-9um/ena/hr+JYgahUVPsU+VCqiGTpCu3jgyY4G4JGSI=",
        "type": "file",
        "url": "https://skimdb.npmjs.com/registry/unicode-canonical-property-names-ecmascript?_rev=9-6c40fe4b13fc619ade78dd05e85a06e2"
      },
      "original": {
        "type": "file",
        "url": "https://skimdb.npmjs.com/registry/unicode-canonical-property-names-ecmascript?_rev=9-6c40fe4b13fc619ade78dd05e85a06e2"
      }
    },
    "root": {
      "inputs": {
        "packument": "packument"
      }
    }
  },
  "root": "root",
  "version": 7
}
