{
  "nodes": {
    "packument": {
      "flake": false,
      "locked": {
        "narHash": "sha256-YRrkqQ50zpkgDIt/fsyzQZyevzV3VsqCJQ8ArXkWFFs=",
        "type": "file",
        "url": "https://skimdb.npmjs.com/registry/string-convert?_rev=8-956c60ffbd5940e510618f6839bdc8cf"
      },
      "original": {
        "type": "file",
        "url": "https://skimdb.npmjs.com/registry/string-convert?_rev=8-956c60ffbd5940e510618f6839bdc8cf"
      }
    },
    "root": {
      "inputs": {
        "packument": "packument"
      }
    }
  },
  "root": "root",
  "version": 7
}
