{
  "nodes": {
    "packument": {
      "flake": false,
      "locked": {
        "narHash": "sha256-gwVfuDv4q+3lOCsGK58HwotDT8C9oFvSuirwLSzVSOM=",
        "type": "file",
        "url": "https://registry.npmjs.org/@types/range-parser?rev=530-058485ff98f3270a72b8d3ec02f62eb7"
      },
      "original": {
        "type": "file",
        "url": "https://registry.npmjs.org/@types/range-parser?rev=530-058485ff98f3270a72b8d3ec02f62eb7"
      }
    },
    "root": {
      "inputs": {
        "packument": "packument"
      }
    }
  },
  "root": "root",
  "version": 7
}
