{
  "nodes": {
    "packument": {
      "flake": false,
      "locked": {
        "narHash": "sha256-wHvyc0eZ+Jq2KmTnHfZuR/4qs42Hq4/7l0XDi/lBkYM=",
        "type": "file",
        "url": "https://registry.npmjs.org/postcss-font-family-system-ui"
      },
      "original": {
        "type": "file",
        "url": "https://registry.npmjs.org/postcss-font-family-system-ui"
      }
    },
    "root": {
      "inputs": {
        "packument": "packument"
      }
    }
  },
  "root": "root",
  "version": 7
}
