{
  "nodes": {
    "packument": {
      "flake": false,
      "locked": {
        "narHash": "sha256-iqBiWHby3BLVM8ONRu95Mv9yYPUgdAzNCX5rCCRvVHY=",
        "type": "file",
        "url": "https://skimdb.npmjs.com/registry/slice-ansi?_rev=17-75ec782fc6608fb5040eba68b56e91d9"
      },
      "original": {
        "type": "file",
        "url": "https://skimdb.npmjs.com/registry/slice-ansi?_rev=17-75ec782fc6608fb5040eba68b56e91d9"
      }
    },
    "root": {
      "inputs": {
        "packument": "packument"
      }
    }
  },
  "root": "root",
  "version": 7
}
