{
  "nodes": {
    "packument": {
      "flake": false,
      "locked": {
        "narHash": "sha256-Fp6KIQLI4iqJ8XxFsmXwX2v+vm5ipdXJEWUSt8VuckI=",
        "type": "file",
        "url": "https://registry.npmjs.org/cssom?rev=52-2ab5d788b53685f3b2e13777fbbddfe9"
      },
      "original": {
        "type": "file",
        "url": "https://registry.npmjs.org/cssom?rev=52-2ab5d788b53685f3b2e13777fbbddfe9"
      }
    },
    "root": {
      "inputs": {
        "packument": "packument"
      }
    }
  },
  "root": "root",
  "version": 7
}
