{
  "nodes": {
    "packument": {
      "flake": false,
      "locked": {
        "narHash": "sha256-iQTIEGZM2yb9tJ68HO9DXsLLCUaBzT7lp3SphSTeMKQ=",
        "type": "file",
        "url": "https://skimdb.npmjs.com/registry/ltx?_rev=122-ed9d83b69190a235cb346b9e14dbc993"
      },
      "original": {
        "type": "file",
        "url": "https://skimdb.npmjs.com/registry/ltx?_rev=122-ed9d83b69190a235cb346b9e14dbc993"
      }
    },
    "root": {
      "inputs": {
        "packument": "packument"
      }
    }
  },
  "root": "root",
  "version": 7
}
