{
  "nodes": {
    "packument": {
      "flake": false,
      "locked": {
        "narHash": "sha256-km069AUvbqPGULnMQh3CrW3SlPtdkUvuEEm2oCfEtPk=",
        "type": "file",
        "url": "https://skimdb.npmjs.com/registry/dir-glob?_rev=18-9a870423e3769964ce8b275d04420e5a"
      },
      "original": {
        "type": "file",
        "url": "https://skimdb.npmjs.com/registry/dir-glob?_rev=18-9a870423e3769964ce8b275d04420e5a"
      }
    },
    "root": {
      "inputs": {
        "packument": "packument"
      }
    }
  },
  "root": "root",
  "version": 7
}
