{
  "nodes": {
    "packument": {
      "flake": false,
      "locked": {
        "narHash": "sha256-xUxXezJZgoraLQr3NI4ZirtAXMMN2I4tzQ+QloFopy4=",
        "type": "file",
        "url": "https://registry.npmjs.org/node-opcua-address-space-for-conformance-testing?rev=225-4efc6b0912221303843c2a1a6a53916c"
      },
      "original": {
        "type": "file",
        "url": "https://registry.npmjs.org/node-opcua-address-space-for-conformance-testing?rev=225-4efc6b0912221303843c2a1a6a53916c"
      }
    },
    "root": {
      "inputs": {
        "packument": "packument"
      }
    }
  },
  "root": "root",
  "version": 7
}
