{
  "nodes": {
    "packument": {
      "flake": false,
      "locked": {
        "narHash": "sha256-fezaKsVbOeGJ/nd6iD55FqG8O7OTm/jJHh5Qin4O5Uo=",
        "type": "file",
        "url": "https://skimdb.npmjs.com/registry/has?_rev=27-cf613fabfa63c42660c11588b0da0d58"
      },
      "original": {
        "type": "file",
        "url": "https://skimdb.npmjs.com/registry/has?_rev=27-cf613fabfa63c42660c11588b0da0d58"
      }
    },
    "root": {
      "inputs": {
        "packument": "packument"
      }
    }
  },
  "root": "root",
  "version": 7
}
