{
  "nodes": {
    "packument": {
      "flake": false,
      "locked": {
        "narHash": "sha256-JOSpnYKx7Lz8bz+WvfAXP0L9qJ9+F3DHAuKKLkNgO2g=",
        "type": "file",
        "url": "https://registry.npmjs.org/@testing-library/dom"
      },
      "original": {
        "type": "file",
        "url": "https://registry.npmjs.org/@testing-library/dom"
      }
    },
    "root": {
      "inputs": {
        "packument": "packument"
      }
    }
  },
  "root": "root",
  "version": 7
}
