{
  "nodes": {
    "packument": {
      "flake": false,
      "locked": {
        "narHash": "sha256-ZO3O1g2JlsNVYayclu+HR+V6ap5QOwLzT33JosZ56XA=",
        "type": "file",
        "url": "https://skimdb.npmjs.com/registry/redis-errors?_rev=5-52340cd4a841b6871d21962e955c3fa9"
      },
      "original": {
        "type": "file",
        "url": "https://skimdb.npmjs.com/registry/redis-errors?_rev=5-52340cd4a841b6871d21962e955c3fa9"
      }
    },
    "root": {
      "inputs": {
        "packument": "packument"
      }
    }
  },
  "root": "root",
  "version": 7
}
