{
  "nodes": {
    "packument": {
      "flake": false,
      "locked": {
        "narHash": "sha256-zI8Vw5N417GFTAyqr0rguwCaFAzdPuTEaE6szmiUZVM=",
        "type": "file",
        "url": "https://skimdb.npmjs.com/registry/@types/d3-zoom?_rev=689-4588684ff1f7fb86be6f5b53e9932fd7"
      },
      "original": {
        "type": "file",
        "url": "https://skimdb.npmjs.com/registry/@types/d3-zoom?_rev=689-4588684ff1f7fb86be6f5b53e9932fd7"
      }
    },
    "root": {
      "inputs": {
        "packument": "packument"
      }
    }
  },
  "root": "root",
  "version": 7
}
