{
  "nodes": {
    "packument": {
      "flake": false,
      "locked": {
        "narHash": "sha256-FyF8rdAloh1QTm5V8OK2oN62dLMWZG3YeLYL49n7Js4=",
        "type": "file",
        "url": "https://registry.npmjs.org/@types/msgpack"
      },
      "original": {
        "type": "file",
        "url": "https://registry.npmjs.org/@types/msgpack"
      }
    },
    "root": {
      "inputs": {
        "packument": "packument"
      }
    }
  },
  "root": "root",
  "version": 7
}
