{
  "nodes": {
    "packument": {
      "flake": false,
      "locked": {
        "narHash": "sha256-NCFxhsp3BI6Z5MYL6KrWr4GMUYlXpaq3112snavCqMo=",
        "type": "file",
        "url": "https://registry.npmjs.org/lib0?rev=69-5fd0639a0c13af06e84bb48934a019d3"
      },
      "original": {
        "type": "file",
        "url": "https://registry.npmjs.org/lib0?rev=69-5fd0639a0c13af06e84bb48934a019d3"
      }
    },
    "root": {
      "inputs": {
        "packument": "packument"
      }
    }
  },
  "root": "root",
  "version": 7
}
