{
  "nodes": {
    "packument": {
      "flake": false,
      "locked": {
        "narHash": "sha256-djsMbZbR+AbyN0rRaqOtXp1zLZMpcn18u68k85M0w84=",
        "type": "file",
        "url": "https://skimdb.npmjs.com/registry/vlq?_rev=19-7ed5b4abef48051908747d04e57ade12"
      },
      "original": {
        "type": "file",
        "url": "https://skimdb.npmjs.com/registry/vlq?_rev=19-7ed5b4abef48051908747d04e57ade12"
      }
    },
    "root": {
      "inputs": {
        "packument": "packument"
      }
    }
  },
  "root": "root",
  "version": 7
}
