{
  "nodes": {
    "packument": {
      "flake": false,
      "locked": {
        "narHash": "sha256-w1zGfX+NwdR7glfCpxbeSxk22IlvEohjqW8I3V525i8=",
        "type": "file",
        "url": "https://skimdb.npmjs.com/registry/lodash.merge?_rev=72-134feca6aa1bb72c57b6a940f56a4860"
      },
      "original": {
        "type": "file",
        "url": "https://skimdb.npmjs.com/registry/lodash.merge?_rev=72-134feca6aa1bb72c57b6a940f56a4860"
      }
    },
    "root": {
      "inputs": {
        "packument": "packument"
      }
    }
  },
  "root": "root",
  "version": 7
}
