{
  "nodes": {
    "packument": {
      "flake": false,
      "locked": {
        "narHash": "sha256-59DGSZVlnpmpLK/ntwmtJ/UMTUG8+QNDD8wVdBDD3Mg=",
        "type": "file",
        "url": "https://registry.npmjs.org/redux-form"
      },
      "original": {
        "type": "file",
        "url": "https://registry.npmjs.org/redux-form"
      }
    },
    "root": {
      "inputs": {
        "packument": "packument"
      }
    }
  },
  "root": "root",
  "version": 7
}
