{
  "nodes": {
    "packument": {
      "flake": false,
      "locked": {
        "narHash": "sha256-e3WMdQf8MViDRnVuL0czFTbyLZJhx0szXlsLf6haCms=",
        "type": "file",
        "url": "https://skimdb.npmjs.com/registry/quickjs-emscripten?_rev=30-07514df0bbb4b05361698f67edd61c8c"
      },
      "original": {
        "type": "file",
        "url": "https://skimdb.npmjs.com/registry/quickjs-emscripten?_rev=30-07514df0bbb4b05361698f67edd61c8c"
      }
    },
    "root": {
      "inputs": {
        "packument": "packument"
      }
    }
  },
  "root": "root",
  "version": 7
}
