{
  "nodes": {
    "packument": {
      "flake": false,
      "locked": {
        "narHash": "sha256-yASnhEJzP1ZwkVajuq7KUUcTHGUSG7BQbwkddRSzkio=",
        "type": "file",
        "url": "https://registry.npmjs.org/rc-drawer?rev=124-e022647749e120962599762612b1979a"
      },
      "original": {
        "type": "file",
        "url": "https://registry.npmjs.org/rc-drawer?rev=124-e022647749e120962599762612b1979a"
      }
    },
    "root": {
      "inputs": {
        "packument": "packument"
      }
    }
  },
  "root": "root",
  "version": 7
}
