{
  "nodes": {
    "packument": {
      "flake": false,
      "locked": {
        "narHash": "sha256-QGl7dhJUs7TJClp3ht+WTizMHo6S6KOJYk8QqTjuS38=",
        "type": "file",
        "url": "https://skimdb.npmjs.com/registry/@vue/compiler-sfc?_rev=175-7a96475757bca143afd1f9529aa6bce0"
      },
      "original": {
        "type": "file",
        "url": "https://skimdb.npmjs.com/registry/@vue/compiler-sfc?_rev=175-7a96475757bca143afd1f9529aa6bce0"
      }
    },
    "root": {
      "inputs": {
        "packument": "packument"
      }
    }
  },
  "root": "root",
  "version": 7
}
