{
  "nodes": {
    "packument": {
      "flake": false,
      "locked": {
        "narHash": "sha256-C2y8NjXlDMDTSsfMu55p0mhjgTiygCaTmS5I6HdzHa8=",
        "type": "file",
        "url": "https://registry.npmjs.org/base-x"
      },
      "original": {
        "type": "file",
        "url": "https://registry.npmjs.org/base-x"
      }
    },
    "root": {
      "inputs": {
        "packument": "packument"
      }
    }
  },
  "root": "root",
  "version": 7
}
