{
  "nodes": {
    "packument": {
      "flake": false,
      "locked": {
        "narHash": "sha256-RKrj1K+nXfsPqJ03WtJXHV14uoIGcR0hh/5vL+8IFKQ=",
        "type": "file",
        "url": "https://registry.npmjs.org/find-cache-dir?rev=21-6a58d31cadc0d64f6199ac3f5f5fa2a6"
      },
      "original": {
        "type": "file",
        "url": "https://registry.npmjs.org/find-cache-dir?rev=21-6a58d31cadc0d64f6199ac3f5f5fa2a6"
      }
    },
    "root": {
      "inputs": {
        "packument": "packument"
      }
    }
  },
  "root": "root",
  "version": 7
}
