{
  "nodes": {
    "packument": {
      "flake": false,
      "locked": {
        "narHash": "sha256-RNcUgzzDXcPIysrOaYjswRBVoUA/AvrjgjguBMfowXs=",
        "type": "file",
        "url": "https://registry.npmjs.org/systeminformation?rev=577-d13b7432c7424dee51b3e304fb0c2747"
      },
      "original": {
        "type": "file",
        "url": "https://registry.npmjs.org/systeminformation?rev=577-d13b7432c7424dee51b3e304fb0c2747"
      }
    },
    "root": {
      "inputs": {
        "packument": "packument"
      }
    }
  },
  "root": "root",
  "version": 7
}
