{
  "nodes": {
    "packument": {
      "flake": false,
      "locked": {
        "narHash": "sha256-sFtNy5d036O0Tx/FX9ZjjeHIUyGkfTvRED2//+KZsCQ=",
        "type": "file",
        "url": "https://registry.npmjs.org/tsutils"
      },
      "original": {
        "type": "file",
        "url": "https://registry.npmjs.org/tsutils"
      }
    },
    "root": {
      "inputs": {
        "packument": "packument"
      }
    }
  },
  "root": "root",
  "version": 7
}
