{
  "nodes": {
    "packument": {
      "flake": false,
      "locked": {
        "narHash": "sha256-y1tKzkF2Tu8Zbd+1xbXs9h/A50ijLyrcRP3RvZu5Zoc=",
        "type": "file",
        "url": "https://skimdb.npmjs.com/registry/cids?_rev=51-e2e86a93e112d4a7fdcb7e7cfe21fb25"
      },
      "original": {
        "type": "file",
        "url": "https://skimdb.npmjs.com/registry/cids?_rev=51-e2e86a93e112d4a7fdcb7e7cfe21fb25"
      }
    },
    "root": {
      "inputs": {
        "packument": "packument"
      }
    }
  },
  "root": "root",
  "version": 7
}
