{
  "nodes": {
    "packument": {
      "flake": false,
      "locked": {
        "narHash": "sha256-x1EeIvL0cms4MXs74aot+Wc0amV9RvlcDNS/1rKPRFI=",
        "type": "file",
        "url": "https://registry.npmjs.org/react-intl"
      },
      "original": {
        "type": "file",
        "url": "https://registry.npmjs.org/react-intl"
      }
    },
    "root": {
      "inputs": {
        "packument": "packument"
      }
    }
  },
  "root": "root",
  "version": 7
}
