{
  "nodes": {
    "packument": {
      "flake": false,
      "locked": {
        "narHash": "sha256-fRXzAKZMd2nmRjaz5arOPOr/n4PKu80Lfu3ZZQiGzWQ=",
        "type": "file",
        "url": "https://registry.npmjs.org/@fortawesome/free-solid-svg-icons?rev=78-55cfa9428bcd2058e270fc0c43819415"
      },
      "original": {
        "type": "file",
        "url": "https://registry.npmjs.org/@fortawesome/free-solid-svg-icons?rev=78-55cfa9428bcd2058e270fc0c43819415"
      }
    },
    "root": {
      "inputs": {
        "packument": "packument"
      }
    }
  },
  "root": "root",
  "version": 7
}
