{
  "nodes": {
    "packument": {
      "flake": false,
      "locked": {
        "narHash": "sha256-PIlicCXCVvKobcOorLx61uTCkpLRi0brzb5xM9CXmLE=",
        "type": "file",
        "url": "https://skimdb.npmjs.com/registry/micromark-util-decode-numeric-character-reference?_rev=2-6496599e7a237e2d5214ca4ba95eb10e"
      },
      "original": {
        "type": "file",
        "url": "https://skimdb.npmjs.com/registry/micromark-util-decode-numeric-character-reference?_rev=2-6496599e7a237e2d5214ca4ba95eb10e"
      }
    },
    "root": {
      "inputs": {
        "packument": "packument"
      }
    }
  },
  "root": "root",
  "version": 7
}
