{
  "nodes": {
    "packument": {
      "flake": false,
      "locked": {
        "narHash": "sha256-priH2qvKM1ZD6Z/y62G0L36ah8PD2u3kIdr6RPadU2g=",
        "type": "file",
        "url": "https://skimdb.npmjs.com/registry/param-case?_rev=28-1e83382ca3ad9728953de4c4c07e3865"
      },
      "original": {
        "type": "file",
        "url": "https://skimdb.npmjs.com/registry/param-case?_rev=28-1e83382ca3ad9728953de4c4c07e3865"
      }
    },
    "root": {
      "inputs": {
        "packument": "packument"
      }
    }
  },
  "root": "root",
  "version": 7
}
