{
  "nodes": {
    "packument": {
      "flake": false,
      "locked": {
        "narHash": "sha256-cMubFB3Wf/8rUcKpX5PIGB6YkxqZyMHJ5Ayq7tHd4zU=",
        "type": "file",
        "url": "https://skimdb.npmjs.com/registry/@npmcli%2fmetavuln-calculator?_rev=25-8d3802e6877a7de4c16af14c7e8fa12d"
      },
      "original": {
        "type": "file",
        "url": "https://skimdb.npmjs.com/registry/@npmcli%2fmetavuln-calculator?_rev=25-8d3802e6877a7de4c16af14c7e8fa12d"
      }
    },
    "root": {
      "inputs": {
        "packument": "packument"
      }
    }
  },
  "root": "root",
  "version": 7
}
