{
  "nodes": {
    "packument": {
      "flake": false,
      "locked": {
        "narHash": "sha256-1TAFnq3uJ/o+M7KSX0aSNQFLU7wusiJx9gAqZi9o0FU=",
        "type": "file",
        "url": "https://registry.npmjs.org/@types/styled-components?rev=886-9ad96e218208fc8c42f288fe5cbde476"
      },
      "original": {
        "type": "file",
        "url": "https://registry.npmjs.org/@types/styled-components?rev=886-9ad96e218208fc8c42f288fe5cbde476"
      }
    },
    "root": {
      "inputs": {
        "packument": "packument"
      }
    }
  },
  "root": "root",
  "version": 7
}
