{
  "nodes": {
    "packument": {
      "flake": false,
      "locked": {
        "narHash": "sha256-QLsa5pjqoGKlOs9B3Z7kVCeGbWBTj9t9iqsAhqCqjVI=",
        "type": "file",
        "url": "https://skimdb.npmjs.com/registry/array.prototype.find?_rev=24-67114d6cbd86168cbc68210b6d1fde66"
      },
      "original": {
        "type": "file",
        "url": "https://skimdb.npmjs.com/registry/array.prototype.find?_rev=24-67114d6cbd86168cbc68210b6d1fde66"
      }
    },
    "root": {
      "inputs": {
        "packument": "packument"
      }
    }
  },
  "root": "root",
  "version": 7
}
