{
  "nodes": {
    "packument": {
      "flake": false,
      "locked": {
        "narHash": "sha256-fyNRmG4jQRYHG2irL0uaIfNNLRzhI0inKK/iUuAKumM=",
        "type": "file",
        "url": "https://skimdb.npmjs.com/registry/typedarray-to-buffer?_rev=33-d686f62d034d10fba2a1683975038769"
      },
      "original": {
        "type": "file",
        "url": "https://skimdb.npmjs.com/registry/typedarray-to-buffer?_rev=33-d686f62d034d10fba2a1683975038769"
      }
    },
    "root": {
      "inputs": {
        "packument": "packument"
      }
    }
  },
  "root": "root",
  "version": 7
}
