{
  "nodes": {
    "packument": {
      "flake": false,
      "locked": {
        "narHash": "sha256-gG4dFpHxhnuzoPYcbInnUQ3Ud3VL8keYfEuWoixzOuc=",
        "type": "file",
        "url": "https://registry.npmjs.org/@firebase/database-compat?rev=484-8067b566589b69c0da6ff7019c6adc3c"
      },
      "original": {
        "type": "file",
        "url": "https://registry.npmjs.org/@firebase/database-compat?rev=484-8067b566589b69c0da6ff7019c6adc3c"
      }
    },
    "root": {
      "inputs": {
        "packument": "packument"
      }
    }
  },
  "root": "root",
  "version": 7
}
