{
  "nodes": {
    "packument": {
      "flake": false,
      "locked": {
        "narHash": "sha256-tyfQdBMbbF1MsCZS2z5b4SsbDQA/lZUeSiCk6VScy08=",
        "type": "file",
        "url": "https://skimdb.npmjs.com/registry/convert-source-map?_rev=69-3e784a91a355b69a883ab9385c3257bb"
      },
      "original": {
        "type": "file",
        "url": "https://skimdb.npmjs.com/registry/convert-source-map?_rev=69-3e784a91a355b69a883ab9385c3257bb"
      }
    },
    "root": {
      "inputs": {
        "packument": "packument"
      }
    }
  },
  "root": "root",
  "version": 7
}
