{
  "nodes": {
    "packument": {
      "flake": false,
      "locked": {
        "narHash": "sha256-yZ3YOWv9T0YrNAYdLHqWMmJL5xeZtjXFOQRwat/ePIc=",
        "type": "file",
        "url": "https://registry.npmjs.org/@react-aria/ssr?rev=369-630ad87a1e5c82805e4858072ee410a5"
      },
      "original": {
        "type": "file",
        "url": "https://registry.npmjs.org/@react-aria/ssr?rev=369-630ad87a1e5c82805e4858072ee410a5"
      }
    },
    "root": {
      "inputs": {
        "packument": "packument"
      }
    }
  },
  "root": "root",
  "version": 7
}
