{
  "nodes": {
    "packument": {
      "flake": false,
      "locked": {
        "narHash": "sha256-o1W3xxjj5dn0AqoZSazOC0IprJaOiZQZgi/UoLRj02g=",
        "type": "file",
        "url": "https://registry.npmjs.org/eslint-plugin-babel"
      },
      "original": {
        "type": "file",
        "url": "https://registry.npmjs.org/eslint-plugin-babel"
      }
    },
    "root": {
      "inputs": {
        "packument": "packument"
      }
    }
  },
  "root": "root",
  "version": 7
}
