{
  "nodes": {
    "packument": {
      "flake": false,
      "locked": {
        "narHash": "sha256-gzZPA7w9/9Xti2XYfk803Lv/gc+F0C8P/oGQ8/7ebnE=",
        "type": "file",
        "url": "https://registry.npmjs.org/test-console"
      },
      "original": {
        "type": "file",
        "url": "https://registry.npmjs.org/test-console"
      }
    },
    "root": {
      "inputs": {
        "packument": "packument"
      }
    }
  },
  "root": "root",
  "version": 7
}
