{
  "nodes": {
    "packument": {
      "flake": false,
      "locked": {
        "narHash": "sha256-vY8cCHyqn1wwnWiTKRCk13LGn0O37BJotW+CmKnLLBc=",
        "type": "file",
        "url": "https://registry.npmjs.org/lru-queue"
      },
      "original": {
        "type": "file",
        "url": "https://registry.npmjs.org/lru-queue"
      }
    },
    "root": {
      "inputs": {
        "packument": "packument"
      }
    }
  },
  "root": "root",
  "version": 7
}
