{
  "nodes": {
    "packument": {
      "flake": false,
      "locked": {
        "narHash": "sha256-04m5OkcS7S2w16Rcq2COjtl17hSE3IUATrYGTug2Swg=",
        "type": "file",
        "url": "https://skimdb.npmjs.com/registry/browserify?_rev=2232-d46fda267d14febf57bc59520615172e"
      },
      "original": {
        "type": "file",
        "url": "https://skimdb.npmjs.com/registry/browserify?_rev=2232-d46fda267d14febf57bc59520615172e"
      }
    },
    "root": {
      "inputs": {
        "packument": "packument"
      }
    }
  },
  "root": "root",
  "version": 7
}
