{
  "nodes": {
    "packument": {
      "flake": false,
      "locked": {
        "narHash": "sha256-T8TQy2I8uSGuHrJNHB10uXEel7e/JvxbA+307IphG5E=",
        "type": "file",
        "url": "https://skimdb.npmjs.com/registry/react-native?_rev=1396-66eca702d5c0cb178e78c16257b72c39"
      },
      "original": {
        "type": "file",
        "url": "https://skimdb.npmjs.com/registry/react-native?_rev=1396-66eca702d5c0cb178e78c16257b72c39"
      }
    },
    "root": {
      "inputs": {
        "packument": "packument"
      }
    }
  },
  "root": "root",
  "version": 7
}
