{
  "nodes": {
    "packument": {
      "flake": false,
      "locked": {
        "narHash": "sha256-MY2K6s6DnnmMWj+5gs1Lin6X8m1XglvpULOgWzsGIRQ=",
        "type": "file",
        "url": "https://registry.npmjs.org/call-bind"
      },
      "original": {
        "type": "file",
        "url": "https://registry.npmjs.org/call-bind"
      }
    },
    "root": {
      "inputs": {
        "packument": "packument"
      }
    }
  },
  "root": "root",
  "version": 7
}
