{
  "nodes": {
    "packument": {
      "flake": false,
      "locked": {
        "narHash": "sha256-OVKgfwxDXdi0xZI0TIzYQXsiPI0dd9EqsF4A4OPyOxU=",
        "type": "file",
        "url": "https://skimdb.npmjs.com/registry/@discordjs%2futil?_rev=96-048826bc008695a4b101e8ca8598547c"
      },
      "original": {
        "type": "file",
        "url": "https://skimdb.npmjs.com/registry/@discordjs%2futil?_rev=96-048826bc008695a4b101e8ca8598547c"
      }
    },
    "root": {
      "inputs": {
        "packument": "packument"
      }
    }
  },
  "root": "root",
  "version": 7
}
