{
  "nodes": {
    "packument": {
      "flake": false,
      "locked": {
        "narHash": "sha256-902Gw9MrhW6wu2trfuMG03RF3D2ygxclgFvP2l5Z5vU=",
        "type": "file",
        "url": "https://skimdb.npmjs.com/registry/standard-as-callback?_rev=6-8e32233d90e1f709a1daa0e42d806060"
      },
      "original": {
        "type": "file",
        "url": "https://skimdb.npmjs.com/registry/standard-as-callback?_rev=6-8e32233d90e1f709a1daa0e42d806060"
      }
    },
    "root": {
      "inputs": {
        "packument": "packument"
      }
    }
  },
  "root": "root",
  "version": 7
}
