{
  "nodes": {
    "packument": {
      "flake": false,
      "locked": {
        "narHash": "sha256-7PI9CmkEmgbMzoYHl9cwIU8C21WsFZdtxJ/v8cRM1gI=",
        "type": "file",
        "url": "https://registry.npmjs.org/workbox-streams?rev=74-ecec05c4319bac6ac964f2f8cd0ac371"
      },
      "original": {
        "type": "file",
        "url": "https://registry.npmjs.org/workbox-streams?rev=74-ecec05c4319bac6ac964f2f8cd0ac371"
      }
    },
    "root": {
      "inputs": {
        "packument": "packument"
      }
    }
  },
  "root": "root",
  "version": 7
}
