{
  "nodes": {
    "packument": {
      "flake": false,
      "locked": {
        "narHash": "sha256-+xgrXRhNekRbKdiwbdCxRY1RZhEgEuz22kqcbmywg1A=",
        "type": "file",
        "url": "https://skimdb.npmjs.com/registry/@babel%2fcore?_rev=182-cba662d90bc52317fdc15bb31835e9eb"
      },
      "original": {
        "type": "file",
        "url": "https://skimdb.npmjs.com/registry/@babel%2fcore?_rev=182-cba662d90bc52317fdc15bb31835e9eb"
      }
    },
    "root": {
      "inputs": {
        "packument": "packument"
      }
    }
  },
  "root": "root",
  "version": 7
}
