{
  "nodes": {
    "packument": {
      "flake": false,
      "locked": {
        "narHash": "sha256-+2f91XSE54fSkYwyitnmKWud8MKFmyAAMdiiHun20OA=",
        "type": "file",
        "url": "https://skimdb.npmjs.com/registry/assert?_rev=129-c8085031d4cd43bffea7d34afa5833d8"
      },
      "original": {
        "type": "file",
        "url": "https://skimdb.npmjs.com/registry/assert?_rev=129-c8085031d4cd43bffea7d34afa5833d8"
      }
    },
    "root": {
      "inputs": {
        "packument": "packument"
      }
    }
  },
  "root": "root",
  "version": 7
}
