{
  "nodes": {
    "packument": {
      "flake": false,
      "locked": {
        "narHash": "sha256-+E7aJ6pBFe81BqeBQ+tX3v6kApB7c8jMNLqX3WxKHBs=",
        "type": "file",
        "url": "https://skimdb.npmjs.com/registry/gtoken?_rev=73-04f4048c04af7294e9644bfe17ca0dc7"
      },
      "original": {
        "type": "file",
        "url": "https://skimdb.npmjs.com/registry/gtoken?_rev=73-04f4048c04af7294e9644bfe17ca0dc7"
      }
    },
    "root": {
      "inputs": {
        "packument": "packument"
      }
    }
  },
  "root": "root",
  "version": 7
}
