{
  "nodes": {
    "packument": {
      "flake": false,
      "locked": {
        "narHash": "sha256-3TsNj2eTtVoX4PBceBi8ZO90rFbqYXmad9vFWvG9deY=",
        "type": "file",
        "url": "https://skimdb.npmjs.com/registry/@svgr%2fcore?_rev=44-4cc6e4087e31134dbe488fe8af2a5032"
      },
      "original": {
        "type": "file",
        "url": "https://skimdb.npmjs.com/registry/@svgr%2fcore?_rev=44-4cc6e4087e31134dbe488fe8af2a5032"
      }
    },
    "root": {
      "inputs": {
        "packument": "packument"
      }
    }
  },
  "root": "root",
  "version": 7
}
