{
  "nodes": {
    "packument": {
      "flake": false,
      "locked": {
        "narHash": "sha256-omLtL6wie5WKG6n0Y61r4VAOdgvr0Q0NC2+JXDjSgn8=",
        "type": "file",
        "url": "https://skimdb.npmjs.com/registry/subtext?_rev=122-c5f34eff623183638e75c31e67c5a47c"
      },
      "original": {
        "type": "file",
        "url": "https://skimdb.npmjs.com/registry/subtext?_rev=122-c5f34eff623183638e75c31e67c5a47c"
      }
    },
    "root": {
      "inputs": {
        "packument": "packument"
      }
    }
  },
  "root": "root",
  "version": 7
}
