{
  "nodes": {
    "packument": {
      "flake": false,
      "locked": {
        "narHash": "sha256-3tQa6uAZ4UFdGdH+FDAnWve3nb24Tul/nkD4WDcX/GA=",
        "type": "file",
        "url": "https://registry.npmjs.org/color?rev=145-bf2214e717294c4d00179cace40808de"
      },
      "original": {
        "type": "file",
        "url": "https://registry.npmjs.org/color?rev=145-bf2214e717294c4d00179cace40808de"
      }
    },
    "root": {
      "inputs": {
        "packument": "packument"
      }
    }
  },
  "root": "root",
  "version": 7
}
