{
  "nodes": {
    "packument": {
      "flake": false,
      "locked": {
        "narHash": "sha256-ky8RSJXMFJ2MXm2ZvvWoNDQEBSwYSk99a8sNgpJpNxw=",
        "type": "file",
        "url": "https://skimdb.npmjs.com/registry/cuid?_rev=103-57db3364ea4a3380360140d91c47a634"
      },
      "original": {
        "type": "file",
        "url": "https://skimdb.npmjs.com/registry/cuid?_rev=103-57db3364ea4a3380360140d91c47a634"
      }
    },
    "root": {
      "inputs": {
        "packument": "packument"
      }
    }
  },
  "root": "root",
  "version": 7
}
