{
  "nodes": {
    "packument": {
      "flake": false,
      "locked": {
        "narHash": "sha256-T8Gtm08fhXW3CqyLlJlGqC7fNYr7/6hLYTDDiBEDtz4=",
        "type": "file",
        "url": "https://skimdb.npmjs.com/registry/url-parse?_rev=128-260945f3d7907c89374c54be366401ca"
      },
      "original": {
        "type": "file",
        "url": "https://skimdb.npmjs.com/registry/url-parse?_rev=128-260945f3d7907c89374c54be366401ca"
      }
    },
    "root": {
      "inputs": {
        "packument": "packument"
      }
    }
  },
  "root": "root",
  "version": 7
}
