{
  "nodes": {
    "packument": {
      "flake": false,
      "locked": {
        "narHash": "sha256-BRw1BSIoYrYycwXqxlqfFNKWX4cBgw9ROujnCYXEpAo=",
        "type": "file",
        "url": "https://skimdb.npmjs.com/registry/postcss-color-rgb?_rev=9-83a7d3c606166d45de64eb0be4af8490"
      },
      "original": {
        "type": "file",
        "url": "https://skimdb.npmjs.com/registry/postcss-color-rgb?_rev=9-83a7d3c606166d45de64eb0be4af8490"
      }
    },
    "root": {
      "inputs": {
        "packument": "packument"
      }
    }
  },
  "root": "root",
  "version": 7
}
