{
  "nodes": {
    "packument": {
      "flake": false,
      "locked": {
        "narHash": "sha256-FH5uEFhkGcQlBVC1Z4LI6w1cbBN4SaM4//c+ojEu9fk=",
        "type": "file",
        "url": "https://registry.npmjs.org/@formatjs/intl-unified-numberformat?rev=45-f1d652bcd56c835ca70ea2020b8594fa"
      },
      "original": {
        "type": "file",
        "url": "https://registry.npmjs.org/@formatjs/intl-unified-numberformat?rev=45-f1d652bcd56c835ca70ea2020b8594fa"
      }
    },
    "root": {
      "inputs": {
        "packument": "packument"
      }
    }
  },
  "root": "root",
  "version": 7
}
