{
  "nodes": {
    "packument": {
      "flake": false,
      "locked": {
        "narHash": "sha256-ZACb2qDpNsgQHSh8TWITL8sGSTOFa5nKR8dWF7qZoEE=",
        "type": "file",
        "url": "https://registry.npmjs.org/@swc/core-linux-x64-musl?rev=199-a9b508215dd55be3f52814e2ad556106"
      },
      "original": {
        "type": "file",
        "url": "https://registry.npmjs.org/@swc/core-linux-x64-musl?rev=199-a9b508215dd55be3f52814e2ad556106"
      }
    },
    "root": {
      "inputs": {
        "packument": "packument"
      }
    }
  },
  "root": "root",
  "version": 7
}
