{
  "nodes": {
    "packument": {
      "flake": false,
      "locked": {
        "narHash": "sha256-k50u05KEoDrjmKedzgtbtwi6J4nrFoxHExjQ3upg15o=",
        "type": "file",
        "url": "https://registry.npmjs.org/@vue/runtime-core?rev=134-8276ac454043462cc29954f38cd089fe"
      },
      "original": {
        "type": "file",
        "url": "https://registry.npmjs.org/@vue/runtime-core?rev=134-8276ac454043462cc29954f38cd089fe"
      }
    },
    "root": {
      "inputs": {
        "packument": "packument"
      }
    }
  },
  "root": "root",
  "version": 7
}
