{
  "nodes": {
    "packument": {
      "flake": false,
      "locked": {
        "narHash": "sha256-xESnJP5ernkWixEEEGGUmo9PdmJ8YWrDaIN6oyrHQds=",
        "type": "file",
        "url": "https://registry.npmjs.org/stylelint-order?rev=32-21230b400f40b53e2ab184d235d21210"
      },
      "original": {
        "type": "file",
        "url": "https://registry.npmjs.org/stylelint-order?rev=32-21230b400f40b53e2ab184d235d21210"
      }
    },
    "root": {
      "inputs": {
        "packument": "packument"
      }
    }
  },
  "root": "root",
  "version": 7
}
