{
  "nodes": {
    "packument": {
      "flake": false,
      "locked": {
        "narHash": "sha256-MqLRGVmvVDecb+O6PFi7kVMoSRHkG42J6dQr+mlHwuI=",
        "type": "file",
        "url": "https://skimdb.npmjs.com/registry/memory-cache?_rev=94-8a32058a5240dafc3996ee719ac25e79"
      },
      "original": {
        "type": "file",
        "url": "https://skimdb.npmjs.com/registry/memory-cache?_rev=94-8a32058a5240dafc3996ee719ac25e79"
      }
    },
    "root": {
      "inputs": {
        "packument": "packument"
      }
    }
  },
  "root": "root",
  "version": 7
}
