{
  "nodes": {
    "packument": {
      "flake": false,
      "locked": {
        "narHash": "sha256-0GX46Enx4qrqZg30DRuWOFcTQJc+gvQtkSBqR2KK/pI=",
        "type": "file",
        "url": "https://skimdb.npmjs.com/registry/ts-jest?_rev=205-65215ad37f77c8d893ea61bcab7519d8"
      },
      "original": {
        "type": "file",
        "url": "https://skimdb.npmjs.com/registry/ts-jest?_rev=205-65215ad37f77c8d893ea61bcab7519d8"
      }
    },
    "root": {
      "inputs": {
        "packument": "packument"
      }
    }
  },
  "root": "root",
  "version": 7
}
