{
  "nodes": {
    "packument": {
      "flake": false,
      "locked": {
        "narHash": "sha256-Bj07qAGEZ1joWa0t5+gsYMoSIoXGzN9Nb0nUL0spIns=",
        "type": "file",
        "url": "https://skimdb.npmjs.com/registry/date-format?_rev=77-e3006b189924f5b052249159eb595431"
      },
      "original": {
        "type": "file",
        "url": "https://skimdb.npmjs.com/registry/date-format?_rev=77-e3006b189924f5b052249159eb595431"
      }
    },
    "root": {
      "inputs": {
        "packument": "packument"
      }
    }
  },
  "root": "root",
  "version": 7
}
