{
  "nodes": {
    "packument": {
      "flake": false,
      "locked": {
        "narHash": "sha256-9BegaFF/Qj1d0aYrog2l8pKWRyUS2JU6HZsVybh7C6g=",
        "type": "file",
        "url": "https://registry.npmjs.org/archiver-utils?rev=13-815b99213089934877605cba016e4f25"
      },
      "original": {
        "type": "file",
        "url": "https://registry.npmjs.org/archiver-utils?rev=13-815b99213089934877605cba016e4f25"
      }
    },
    "root": {
      "inputs": {
        "packument": "packument"
      }
    }
  },
  "root": "root",
  "version": 7
}
