{
  "nodes": {
    "packument": {
      "flake": false,
      "locked": {
        "narHash": "sha256-ql/M43/Ul3sH0kAu6wUJQe0OphUBIYMIORr8z/PxUj4=",
        "type": "file",
        "url": "https://skimdb.npmjs.com/registry/@babel/plugin-syntax-export-namespace-from?_rev=59-7bd8725680027db9a9b81edb1363791b"
      },
      "original": {
        "type": "file",
        "url": "https://skimdb.npmjs.com/registry/@babel/plugin-syntax-export-namespace-from?_rev=59-7bd8725680027db9a9b81edb1363791b"
      }
    },
    "root": {
      "inputs": {
        "packument": "packument"
      }
    }
  },
  "root": "root",
  "version": 7
}
