{
  "nodes": {
    "packument": {
      "flake": false,
      "locked": {
        "narHash": "sha256-iZk8cgsvbdVk0kI2SpfXCU6mxwimX1/Q76M9jpF4eJ0=",
        "type": "file",
        "url": "https://registry.npmjs.org/emojis-list?rev=15-9bb4bf27fd93465143c833d3074e927e"
      },
      "original": {
        "type": "file",
        "url": "https://registry.npmjs.org/emojis-list?rev=15-9bb4bf27fd93465143c833d3074e927e"
      }
    },
    "root": {
      "inputs": {
        "packument": "packument"
      }
    }
  },
  "root": "root",
  "version": 7
}
