{
  "nodes": {
    "packument": {
      "flake": false,
      "locked": {
        "narHash": "sha256-ncGYc3UpmO03LZtiaM/HHHn9bnWFG/lkN67sxgco3Bc=",
        "type": "file",
        "url": "https://registry.npmjs.org/stream-exhaust"
      },
      "original": {
        "type": "file",
        "url": "https://registry.npmjs.org/stream-exhaust"
      }
    },
    "root": {
      "inputs": {
        "packument": "packument"
      }
    }
  },
  "root": "root",
  "version": 7
}
