{
  "nodes": {
    "packument": {
      "flake": false,
      "locked": {
        "narHash": "sha256-mW2H42F+2dE9PMdzpLzdRIDPvoJkb6G7nctRCzENA3U=",
        "type": "file",
        "url": "https://registry.npmjs.org/pm2-axon-rpc"
      },
      "original": {
        "type": "file",
        "url": "https://registry.npmjs.org/pm2-axon-rpc"
      }
    },
    "root": {
      "inputs": {
        "packument": "packument"
      }
    }
  },
  "root": "root",
  "version": 7
}
