{
  "nodes": {
    "packument": {
      "flake": false,
      "locked": {
        "narHash": "sha256-EGsYYkfeCW8kQSARhtBH3f0Zk6+CemZkxPLSuhZtyG4=",
        "type": "file",
        "url": "https://registry.npmjs.org/language-subtag-registry"
      },
      "original": {
        "type": "file",
        "url": "https://registry.npmjs.org/language-subtag-registry"
      }
    },
    "root": {
      "inputs": {
        "packument": "packument"
      }
    }
  },
  "root": "root",
  "version": 7
}
