{
  "nodes": {
    "packument": {
      "flake": false,
      "locked": {
        "narHash": "sha256-HCfPNDYOUkY0LVAU0688sdZIs3sIV0wEAIx59IurpjE=",
        "type": "file",
        "url": "https://skimdb.npmjs.com/registry/node-opcua-guid?_rev=66-ad002b9e5aafb86ae713613b048c1351"
      },
      "original": {
        "type": "file",
        "url": "https://skimdb.npmjs.com/registry/node-opcua-guid?_rev=66-ad002b9e5aafb86ae713613b048c1351"
      }
    },
    "root": {
      "inputs": {
        "packument": "packument"
      }
    }
  },
  "root": "root",
  "version": 7
}
