{
  "nodes": {
    "packument": {
      "flake": false,
      "locked": {
        "narHash": "sha256-giE0D/2sHZJi1fQowdrHqYlOyYI/G45CJV8OpWLiWWU=",
        "type": "file",
        "url": "https://skimdb.npmjs.com/registry/estree-is-function?_rev=1-1cae6dfa5bd0041d3ef7c174c067a051"
      },
      "original": {
        "type": "file",
        "url": "https://skimdb.npmjs.com/registry/estree-is-function?_rev=1-1cae6dfa5bd0041d3ef7c174c067a051"
      }
    },
    "root": {
      "inputs": {
        "packument": "packument"
      }
    }
  },
  "root": "root",
  "version": 7
}
