{
  "nodes": {
    "packument": {
      "flake": false,
      "locked": {
        "narHash": "sha256-03mE/M19H6zspfwOdcI1X6esotakE2Q8brv1FboeKtU=",
        "type": "file",
        "url": "https://registry.npmjs.org/@aws-crypto/util"
      },
      "original": {
        "type": "file",
        "url": "https://registry.npmjs.org/@aws-crypto/util"
      }
    },
    "root": {
      "inputs": {
        "packument": "packument"
      }
    }
  },
  "root": "root",
  "version": 7
}
