{
  "nodes": {
    "packument": {
      "flake": false,
      "locked": {
        "narHash": "sha256-cFwMTSDFRSBKlnHyxku5TWbpDeeeriQ5T21o5vYNzwc=",
        "type": "file",
        "url": "https://registry.npmjs.org/lodash._reescape?rev=11-40bb077e0a5ab25d9705ea2531c1e228"
      },
      "original": {
        "type": "file",
        "url": "https://registry.npmjs.org/lodash._reescape?rev=11-40bb077e0a5ab25d9705ea2531c1e228"
      }
    },
    "root": {
      "inputs": {
        "packument": "packument"
      }
    }
  },
  "root": "root",
  "version": 7
}
