{
  "nodes": {
    "packument": {
      "flake": false,
      "locked": {
        "narHash": "sha256-xm8LvR9qQDdHxN5JHhNGqZ969UPOAoMOeViCin0hA0c=",
        "type": "file",
        "url": "https://registry.npmjs.org/websocket-extensions"
      },
      "original": {
        "type": "file",
        "url": "https://registry.npmjs.org/websocket-extensions"
      }
    },
    "root": {
      "inputs": {
        "packument": "packument"
      }
    }
  },
  "root": "root",
  "version": 7
}
