{
  "nodes": {
    "packument": {
      "flake": false,
      "locked": {
        "narHash": "sha256-YoSIDfODz7qW1VXz9ZCdafcTl1omDg0QbYFY2c/ya50=",
        "type": "file",
        "url": "https://registry.npmjs.org/@angular/forms?rev=684-88bf3d45ce514111627c004ad11b7a63"
      },
      "original": {
        "type": "file",
        "url": "https://registry.npmjs.org/@angular/forms?rev=684-88bf3d45ce514111627c004ad11b7a63"
      }
    },
    "root": {
      "inputs": {
        "packument": "packument"
      }
    }
  },
  "root": "root",
  "version": 7
}
