{
  "nodes": {
    "packument": {
      "flake": false,
      "locked": {
        "narHash": "sha256-jo21cz9+gxZDbwRtfqFc2r6/vycdYCIdFGFtjguiMM4=",
        "type": "file",
        "url": "https://registry.npmjs.org/serialize-javascript?rev=60-697dbfdc3c2d371c2018c718ad200db9"
      },
      "original": {
        "type": "file",
        "url": "https://registry.npmjs.org/serialize-javascript?rev=60-697dbfdc3c2d371c2018c718ad200db9"
      }
    },
    "root": {
      "inputs": {
        "packument": "packument"
      }
    }
  },
  "root": "root",
  "version": 7
}
