{
  "nodes": {
    "packument": {
      "flake": false,
      "locked": {
        "narHash": "sha256-isT0QDMtCnuWo3xVNuaJmm5E8NeNHwPWZFrRgYlnDow=",
        "type": "file",
        "url": "https://registry.npmjs.org/xlsx"
      },
      "original": {
        "type": "file",
        "url": "https://registry.npmjs.org/xlsx"
      }
    },
    "root": {
      "inputs": {
        "packument": "packument"
      }
    }
  },
  "root": "root",
  "version": 7
}
