{
  "nodes": {
    "packument": {
      "flake": false,
      "locked": {
        "narHash": "sha256-/4GB9Pg5sTczsjOshlSKswqv8ICK0TXlQedwVdQgHOQ=",
        "type": "file",
        "url": "https://registry.npmjs.org/@esbuild/linux-loong64?rev=18-403038ca476bce1f149e038c92ab6dd8"
      },
      "original": {
        "type": "file",
        "url": "https://registry.npmjs.org/@esbuild/linux-loong64?rev=18-403038ca476bce1f149e038c92ab6dd8"
      }
    },
    "root": {
      "inputs": {
        "packument": "packument"
      }
    }
  },
  "root": "root",
  "version": 7
}
