{
  "nodes": {
    "packument": {
      "flake": false,
      "locked": {
        "narHash": "sha256-bgR0UepmK1RA123oeeMnqIHTurNiqgfFLCN8664wi0E=",
        "type": "file",
        "url": "https://skimdb.npmjs.com/registry/fined?_rev=13-15e01fde9b9a71b4c7d434aa46dc9109"
      },
      "original": {
        "type": "file",
        "url": "https://skimdb.npmjs.com/registry/fined?_rev=13-15e01fde9b9a71b4c7d434aa46dc9109"
      }
    },
    "root": {
      "inputs": {
        "packument": "packument"
      }
    }
  },
  "root": "root",
  "version": 7
}
