{
  "nodes": {
    "packument": {
      "flake": false,
      "locked": {
        "narHash": "sha256-mSpAdA845EiaurfojsZExF7Jvqm13ccihqwjOdRZiuw=",
        "type": "file",
        "url": "https://registry.npmjs.org/pac-proxy-agent?rev=25-018227be1d9015195be74c7dca51f455"
      },
      "original": {
        "type": "file",
        "url": "https://registry.npmjs.org/pac-proxy-agent?rev=25-018227be1d9015195be74c7dca51f455"
      }
    },
    "root": {
      "inputs": {
        "packument": "packument"
      }
    }
  },
  "root": "root",
  "version": 7
}
