{
  "nodes": {
    "packument": {
      "flake": false,
      "locked": {
        "narHash": "sha256-s1lkIzZixErnYeDauRPBriIW3IBaSSUMXlbPlrgWY5A=",
        "type": "file",
        "url": "https://skimdb.npmjs.com/registry/postcss-lab-function?_rev=21-52810069f63f6d1a160a49641d36daa5"
      },
      "original": {
        "type": "file",
        "url": "https://skimdb.npmjs.com/registry/postcss-lab-function?_rev=21-52810069f63f6d1a160a49641d36daa5"
      }
    },
    "root": {
      "inputs": {
        "packument": "packument"
      }
    }
  },
  "root": "root",
  "version": 7
}
