{
  "nodes": {
    "packument": {
      "flake": false,
      "locked": {
        "narHash": "sha256-5+kH6HdUZyqhFnqw6SpofKyP8YZUibWLnVLk58/nvdI=",
        "type": "file",
        "url": "https://registry.npmjs.org/array-includes?rev=37-31640ce32fd6abc038dfbbc55e635383"
      },
      "original": {
        "type": "file",
        "url": "https://registry.npmjs.org/array-includes?rev=37-31640ce32fd6abc038dfbbc55e635383"
      }
    },
    "root": {
      "inputs": {
        "packument": "packument"
      }
    }
  },
  "root": "root",
  "version": 7
}
