{
  "nodes": {
    "packument": {
      "flake": false,
      "locked": {
        "narHash": "sha256-hf9Zr/ZlRxwbnNwrt/EN/LjaP34v3mYyXoSd+KvpLMQ=",
        "type": "file",
        "url": "https://registry.npmjs.org/individual"
      },
      "original": {
        "type": "file",
        "url": "https://registry.npmjs.org/individual"
      }
    },
    "root": {
      "inputs": {
        "packument": "packument"
      }
    }
  },
  "root": "root",
  "version": 7
}
