{
  "nodes": {
    "packument": {
      "flake": false,
      "locked": {
        "narHash": "sha256-ZzAU+gqHgy4LtQwlz1r6syTggScLLXpEmTminzG918A=",
        "type": "file",
        "url": "https://registry.npmjs.org/pkg-conf"
      },
      "original": {
        "type": "file",
        "url": "https://registry.npmjs.org/pkg-conf"
      }
    },
    "root": {
      "inputs": {
        "packument": "packument"
      }
    }
  },
  "root": "root",
  "version": 7
}
