{
  "nodes": {
    "packument": {
      "flake": false,
      "locked": {
        "narHash": "sha256-0NvkA7+rLN1sBgrOfQythVaStzUeQ6C0XTz4Y+qBgrE=",
        "type": "file",
        "url": "https://registry.npmjs.org/@types/node-forge"
      },
      "original": {
        "type": "file",
        "url": "https://registry.npmjs.org/@types/node-forge"
      }
    },
    "root": {
      "inputs": {
        "packument": "packument"
      }
    }
  },
  "root": "root",
  "version": 7
}
