{
  "nodes": {
    "packument": {
      "flake": false,
      "locked": {
        "narHash": "sha256-KHcmFMOOEpPmsFbgKATQNTqjtwYkWBg6HJ633bXWJHo=",
        "type": "file",
        "url": "https://registry.npmjs.org/ajv-keywords?rev=53-41b0a2bd594525961f07d9302932a8a8"
      },
      "original": {
        "type": "file",
        "url": "https://registry.npmjs.org/ajv-keywords?rev=53-41b0a2bd594525961f07d9302932a8a8"
      }
    },
    "root": {
      "inputs": {
        "packument": "packument"
      }
    }
  },
  "root": "root",
  "version": 7
}
