{
  "nodes": {
    "packument": {
      "flake": false,
      "locked": {
        "narHash": "sha256-bsJJfN+V8KDS3aSul0n0stGoQQkkaUTjfkMmVN221Vo=",
        "type": "file",
        "url": "https://skimdb.npmjs.com/registry/node-gyp-build-optional-packages?_rev=9-331888c134fe8848bfc72bbb8b8d2d04"
      },
      "original": {
        "type": "file",
        "url": "https://skimdb.npmjs.com/registry/node-gyp-build-optional-packages?_rev=9-331888c134fe8848bfc72bbb8b8d2d04"
      }
    },
    "root": {
      "inputs": {
        "packument": "packument"
      }
    }
  },
  "root": "root",
  "version": 7
}
