{
  "nodes": {
    "packument": {
      "flake": false,
      "locked": {
        "narHash": "sha256-BCxP/gqqVMbM9Ndo/N2c2+5fgkm9+0VWK62HEhFOgfQ=",
        "type": "file",
        "url": "https://skimdb.npmjs.com/registry/is-date-object?_rev=14-17490cd930c6ac8d3390315f30f3f4f5"
      },
      "original": {
        "type": "file",
        "url": "https://skimdb.npmjs.com/registry/is-date-object?_rev=14-17490cd930c6ac8d3390315f30f3f4f5"
      }
    },
    "root": {
      "inputs": {
        "packument": "packument"
      }
    }
  },
  "root": "root",
  "version": 7
}
