{
  "nodes": {
    "packument": {
      "flake": false,
      "locked": {
        "narHash": "sha256-EM2rlKiAW+zsHxiJHsN7bNkw8rOy3YDUrv8t5M+cvm8=",
        "type": "file",
        "url": "https://registry.npmjs.org/opener"
      },
      "original": {
        "type": "file",
        "url": "https://registry.npmjs.org/opener"
      }
    },
    "root": {
      "inputs": {
        "packument": "packument"
      }
    }
  },
  "root": "root",
  "version": 7
}
