{
  "nodes": {
    "packument": {
      "flake": false,
      "locked": {
        "narHash": "sha256-jT8E3YFUHJ3OftgkEaVWxKFvTj/mh+99TzH0cP5ehhY=",
        "type": "file",
        "url": "https://registry.npmjs.org/electron?rev=1631-78ff8202cdd6b7eaedac46bd64322266"
      },
      "original": {
        "type": "file",
        "url": "https://registry.npmjs.org/electron?rev=1631-78ff8202cdd6b7eaedac46bd64322266"
      }
    },
    "root": {
      "inputs": {
        "packument": "packument"
      }
    }
  },
  "root": "root",
  "version": 7
}
