{
  "nodes": {
    "packument": {
      "flake": false,
      "locked": {
        "narHash": "sha256-grI9hQSMm4mAj33dskj3JMR10+EMesQkTSA5CUpd4Dg=",
        "type": "file",
        "url": "https://skimdb.npmjs.com/registry/@aws-sdk/util-base64"
      },
      "original": {
        "type": "file",
        "url": "https://skimdb.npmjs.com/registry/@aws-sdk/util-base64"
      }
    },
    "root": {
      "inputs": {
        "packument": "packument"
      }
    }
  },
  "root": "root",
  "version": 7
}
