{
  "nodes": {
    "packument": {
      "flake": false,
      "locked": {
        "narHash": "sha256-P5Vqj/2wI4aVsRQRGZML4D0R9vdJPkJbnjedtZXVkMc=",
        "type": "file",
        "url": "https://skimdb.npmjs.com/registry/@pm2%2fpm2-version-check?_rev=5-8a6fa0e0e7249ef395b5d765fc4d9791"
      },
      "original": {
        "type": "file",
        "url": "https://skimdb.npmjs.com/registry/@pm2%2fpm2-version-check?_rev=5-8a6fa0e0e7249ef395b5d765fc4d9791"
      }
    },
    "root": {
      "inputs": {
        "packument": "packument"
      }
    }
  },
  "root": "root",
  "version": 7
}
