{
  "nodes": {
    "packument": {
      "flake": false,
      "locked": {
        "narHash": "sha256-/y88IWLab1QYJ64QB5Qc7kmLfU4Fa/GpIBJ06nWOvlk=",
        "type": "file",
        "url": "https://registry.npmjs.org/listr"
      },
      "original": {
        "type": "file",
        "url": "https://registry.npmjs.org/listr"
      }
    },
    "root": {
      "inputs": {
        "packument": "packument"
      }
    }
  },
  "root": "root",
  "version": 7
}
