{
  "nodes": {
    "packument": {
      "flake": false,
      "locked": {
        "narHash": "sha256-SV8p19lX1eHf+uVQvMFB4Qz1exuwU0uq4seeQcvnl48=",
        "type": "file",
        "url": "https://skimdb.npmjs.com/registry/upath?_rev=41-ef20d3205d8de8c2d3d2885d84c98419"
      },
      "original": {
        "type": "file",
        "url": "https://skimdb.npmjs.com/registry/upath?_rev=41-ef20d3205d8de8c2d3d2885d84c98419"
      }
    },
    "root": {
      "inputs": {
        "packument": "packument"
      }
    }
  },
  "root": "root",
  "version": 7
}
