{
  "nodes": {
    "packument": {
      "flake": false,
      "locked": {
        "narHash": "sha256-RHi8J21D6RQmffGB1MadP0OaLbiBRZymPDyw+vg+TaM=",
        "type": "file",
        "url": "https://registry.npmjs.org/lie"
      },
      "original": {
        "type": "file",
        "url": "https://registry.npmjs.org/lie"
      }
    },
    "root": {
      "inputs": {
        "packument": "packument"
      }
    }
  },
  "root": "root",
  "version": 7
}
