{
  "nodes": {
    "packument": {
      "flake": false,
      "locked": {
        "narHash": "sha256-mkr5aJw84P6wloLmPSbI08kFbUbuhY6ynLd5gJ97mO4=",
        "type": "file",
        "url": "https://registry.npmjs.org/@types/stack-utils"
      },
      "original": {
        "type": "file",
        "url": "https://registry.npmjs.org/@types/stack-utils"
      }
    },
    "root": {
      "inputs": {
        "packument": "packument"
      }
    }
  },
  "root": "root",
  "version": 7
}
