{
  "nodes": {
    "packument": {
      "flake": false,
      "locked": {
        "narHash": "sha256-1dH60yd8kUkflJzlyALB2vPg69yc23n99eI1q4PB4BE=",
        "type": "file",
        "url": "https://registry.npmjs.org/os"
      },
      "original": {
        "type": "file",
        "url": "https://registry.npmjs.org/os"
      }
    },
    "root": {
      "inputs": {
        "packument": "packument"
      }
    }
  },
  "root": "root",
  "version": 7
}
