{
  "nodes": {
    "packument": {
      "flake": false,
      "locked": {
        "narHash": "sha256-T1IGon6eOjKoaPujBOule9csjtBCYrhoOEqcuZZDeRc=",
        "type": "file",
        "url": "https://registry.npmjs.org/@azure/msal-node?rev=50-87dc35b0866cb34c626e338d1d1bdd8f"
      },
      "original": {
        "type": "file",
        "url": "https://registry.npmjs.org/@azure/msal-node?rev=50-87dc35b0866cb34c626e338d1d1bdd8f"
      }
    },
    "root": {
      "inputs": {
        "packument": "packument"
      }
    }
  },
  "root": "root",
  "version": 7
}
