{
  "nodes": {
    "packument": {
      "flake": false,
      "locked": {
        "narHash": "sha256-md4gfeIAL4pmmBZeWQ2oLWYxOeomHp+a9tX1s21uAFY=",
        "type": "file",
        "url": "https://registry.npmjs.org/parse-cache-control?rev=6-0c132e8772202f8eb47f42151f79f673"
      },
      "original": {
        "type": "file",
        "url": "https://registry.npmjs.org/parse-cache-control?rev=6-0c132e8772202f8eb47f42151f79f673"
      }
    },
    "root": {
      "inputs": {
        "packument": "packument"
      }
    }
  },
  "root": "root",
  "version": 7
}
