{
  "nodes": {
    "packument": {
      "flake": false,
      "locked": {
        "narHash": "sha256-SMZV0wq1kOZFP1N3vOmv75sHgzXuqZf3AX33qy07HRA=",
        "type": "file",
        "url": "https://registry.npmjs.org/heavy"
      },
      "original": {
        "type": "file",
        "url": "https://registry.npmjs.org/heavy"
      }
    },
    "root": {
      "inputs": {
        "packument": "packument"
      }
    }
  },
  "root": "root",
  "version": 7
}
