{
  "nodes": {
    "packument": {
      "flake": false,
      "locked": {
        "narHash": "sha256-8LzGk5UA2DPwII/kRT5rYLwVzkmZOaKa0i8E2T/c4IQ=",
        "type": "file",
        "url": "https://registry.npmjs.org/lead?rev=14-e8d6019d2f4d72188b48e93385a006f6"
      },
      "original": {
        "type": "file",
        "url": "https://registry.npmjs.org/lead?rev=14-e8d6019d2f4d72188b48e93385a006f6"
      }
    },
    "root": {
      "inputs": {
        "packument": "packument"
      }
    }
  },
  "root": "root",
  "version": 7
}
