{
  "nodes": {
    "packument": {
      "flake": false,
      "locked": {
        "narHash": "sha256-r7zKy1fPgSdCYhE7otcvZufjkbyUFbotiCaXI3ebIUk=",
        "type": "file",
        "url": "https://registry.npmjs.org/stream-each?rev=19-f8f59670f3e7f9bbcfefd1336f8c1de1"
      },
      "original": {
        "type": "file",
        "url": "https://registry.npmjs.org/stream-each?rev=19-f8f59670f3e7f9bbcfefd1336f8c1de1"
      }
    },
    "root": {
      "inputs": {
        "packument": "packument"
      }
    }
  },
  "root": "root",
  "version": 7
}
