{
  "nodes": {
    "packument": {
      "flake": false,
      "locked": {
        "narHash": "sha256-JcHkY3S0syMOOS7KG5fXucdsC63btszNITuKzVDyUeE=",
        "type": "file",
        "url": "https://registry.npmjs.org/which?rev=78-9298bc6e59f1e4b5249d5b1c1b6ce6fa"
      },
      "original": {
        "type": "file",
        "url": "https://registry.npmjs.org/which?rev=78-9298bc6e59f1e4b5249d5b1c1b6ce6fa"
      }
    },
    "root": {
      "inputs": {
        "packument": "packument"
      }
    }
  },
  "root": "root",
  "version": 7
}
