{
  "nodes": {
    "packument": {
      "flake": false,
      "locked": {
        "narHash": "sha256-NUnNpRHoLvErluohLurR0VdZ7LSM3pwgmlW3zFKV4ZE=",
        "type": "file",
        "url": "https://registry.npmjs.org/js-sdsl"
      },
      "original": {
        "type": "file",
        "url": "https://registry.npmjs.org/js-sdsl"
      }
    },
    "root": {
      "inputs": {
        "packument": "packument"
      }
    }
  },
  "root": "root",
  "version": 7
}
