{
  "nodes": {
    "packument": {
      "flake": false,
      "locked": {
        "narHash": "sha256-gQHflDhccmBAtd5eb2/hlT22TCh2Ib1maCKR/kNtoFs=",
        "type": "file",
        "url": "https://registry.npmjs.org/upath2?rev=29-e6a3b77414e870dae57b397dfb6f1fd8"
      },
      "original": {
        "type": "file",
        "url": "https://registry.npmjs.org/upath2?rev=29-e6a3b77414e870dae57b397dfb6f1fd8"
      }
    },
    "root": {
      "inputs": {
        "packument": "packument"
      }
    }
  },
  "root": "root",
  "version": 7
}
