{
  "nodes": {
    "packument": {
      "flake": false,
      "locked": {
        "narHash": "sha256-qskEHYPMlBDB4Ko47SjWzcQmILFyl/1gx3h08ukpbeg=",
        "type": "file",
        "url": "https://skimdb.npmjs.com/registry/css-color-keywords?_rev=2-2813256eb74a429bf0e2a72f4d09f411"
      },
      "original": {
        "type": "file",
        "url": "https://skimdb.npmjs.com/registry/css-color-keywords?_rev=2-2813256eb74a429bf0e2a72f4d09f411"
      }
    },
    "root": {
      "inputs": {
        "packument": "packument"
      }
    }
  },
  "root": "root",
  "version": 7
}
