{
  "nodes": {
    "packument": {
      "flake": false,
      "locked": {
        "narHash": "sha256-9IeHGP+qfkO0GcGfqrr3Z4WcYELdM2ziH0+o5QQsTvI=",
        "type": "file",
        "url": "https://registry.npmjs.org/body-parser?rev=815-27d4f3a1808415a366df6cefc7118d6c"
      },
      "original": {
        "type": "file",
        "url": "https://registry.npmjs.org/body-parser?rev=815-27d4f3a1808415a366df6cefc7118d6c"
      }
    },
    "root": {
      "inputs": {
        "packument": "packument"
      }
    }
  },
  "root": "root",
  "version": 7
}
