{
  "nodes": {
    "packument": {
      "flake": false,
      "locked": {
        "narHash": "sha256-Vt+MJOgyiEIXla23mI6v7O7GFt6sgvKGyL9eKN6cXzc=",
        "type": "file",
        "url": "https://registry.npmjs.org/mock-require?rev=42-48a71f34a5bdb9466d4ab11324794d75"
      },
      "original": {
        "type": "file",
        "url": "https://registry.npmjs.org/mock-require?rev=42-48a71f34a5bdb9466d4ab11324794d75"
      }
    },
    "root": {
      "inputs": {
        "packument": "packument"
      }
    }
  },
  "root": "root",
  "version": 7
}
