{
  "nodes": {
    "packument": {
      "flake": false,
      "locked": {
        "narHash": "sha256-BWzL8ghcSAEQIGzQMVscnWpd5n15X1Piua16FsPm6x4=",
        "type": "file",
        "url": "https://skimdb.npmjs.com/registry/@scure%2fbase?_rev=4-2cd2279e40f17d56087fd21788e3d85b"
      },
      "original": {
        "type": "file",
        "url": "https://skimdb.npmjs.com/registry/@scure%2fbase?_rev=4-2cd2279e40f17d56087fd21788e3d85b"
      }
    },
    "root": {
      "inputs": {
        "packument": "packument"
      }
    }
  },
  "root": "root",
  "version": 7
}
