{
  "nodes": {
    "packument": {
      "flake": false,
      "locked": {
        "narHash": "sha256-nBaEFIcr8TxULWMpzPhW9X8+sdtaXKFO+CYgIw84iMs=",
        "type": "file",
        "url": "https://registry.npmjs.org/jshint"
      },
      "original": {
        "type": "file",
        "url": "https://registry.npmjs.org/jshint"
      }
    },
    "root": {
      "inputs": {
        "packument": "packument"
      }
    }
  },
  "root": "root",
  "version": 7
}
