{
  "nodes": {
    "packument": {
      "flake": false,
      "locked": {
        "narHash": "sha256-Z1qTj7ODlZlkaFoe/V3MV2ElUSc1B1QiFj0p/SYx1OI=",
        "type": "file",
        "url": "https://registry.npmjs.org/@antv/util"
      },
      "original": {
        "type": "file",
        "url": "https://registry.npmjs.org/@antv/util"
      }
    },
    "root": {
      "inputs": {
        "packument": "packument"
      }
    }
  },
  "root": "root",
  "version": 7
}
