{
  "nodes": {
    "packument": {
      "flake": false,
      "locked": {
        "narHash": "sha256-uX67/fyPXLy2TimDk6uv4b7ZK4ESouHuon7yavZj41c=",
        "type": "file",
        "url": "https://registry.npmjs.org/htmlparser2"
      },
      "original": {
        "type": "file",
        "url": "https://registry.npmjs.org/htmlparser2"
      }
    },
    "root": {
      "inputs": {
        "packument": "packument"
      }
    }
  },
  "root": "root",
  "version": 7
}
