{
  "nodes": {
    "packument": {
      "flake": false,
      "locked": {
        "narHash": "sha256-AVBzgOshXd2vaLL/1Cm9rgxlFquLWLgwea2rxP4HVGM=",
        "type": "file",
        "url": "https://registry.npmjs.org/string.prototype.matchall?rev=16-812471c8a3880d6e4522e1958a440e9a"
      },
      "original": {
        "type": "file",
        "url": "https://registry.npmjs.org/string.prototype.matchall?rev=16-812471c8a3880d6e4522e1958a440e9a"
      }
    },
    "root": {
      "inputs": {
        "packument": "packument"
      }
    }
  },
  "root": "root",
  "version": 7
}
