{
  "nodes": {
    "packument": {
      "flake": false,
      "locked": {
        "narHash": "sha256-TxoLgI5VszoT0PamwjzZKoSIYTAJNbYBxDq3d/0QFak=",
        "type": "file",
        "url": "https://registry.npmjs.org/redux-dynamic-modules-core?rev=82-a1c8f6512e412743a7c4394f7c2fb941"
      },
      "original": {
        "type": "file",
        "url": "https://registry.npmjs.org/redux-dynamic-modules-core?rev=82-a1c8f6512e412743a7c4394f7c2fb941"
      }
    },
    "root": {
      "inputs": {
        "packument": "packument"
      }
    }
  },
  "root": "root",
  "version": 7
}
