{
  "nodes": {
    "packument": {
      "flake": false,
      "locked": {
        "narHash": "sha256-/PLRXOQH04d7cgepgOO8x1hhsUaThhXn5crzgUsvw2o=",
        "type": "file",
        "url": "https://registry.npmjs.org/browserify-rsa?rev=28-88c5b37bdd8e9543341c47dac72e3979"
      },
      "original": {
        "type": "file",
        "url": "https://registry.npmjs.org/browserify-rsa?rev=28-88c5b37bdd8e9543341c47dac72e3979"
      }
    },
    "root": {
      "inputs": {
        "packument": "packument"
      }
    }
  },
  "root": "root",
  "version": 7
}
