{
  "nodes": {
    "packument": {
      "flake": false,
      "locked": {
        "narHash": "sha256-Kb393RUtYoPvrlJm7KsSXIj/5i+CGSO60uT8g6gcOWA=",
        "type": "file",
        "url": "https://skimdb.npmjs.com/registry/@types/generic-pool?_rev=653-90d2faf1df8b8c89c4ef852fb085c080"
      },
      "original": {
        "type": "file",
        "url": "https://skimdb.npmjs.com/registry/@types/generic-pool?_rev=653-90d2faf1df8b8c89c4ef852fb085c080"
      }
    },
    "root": {
      "inputs": {
        "packument": "packument"
      }
    }
  },
  "root": "root",
  "version": 7
}
