{
  "nodes": {
    "packument": {
      "flake": false,
      "locked": {
        "narHash": "sha256-djE3gv6Q9AjYItU7mKyNemsBsa3kSg7PHcGIWLTQz98=",
        "type": "file",
        "url": "https://skimdb.npmjs.com/registry/@types/react-jsonschema-form?_rev=558-20ab29c4825db8dbe6b17a9d7f0e105d"
      },
      "original": {
        "type": "file",
        "url": "https://skimdb.npmjs.com/registry/@types/react-jsonschema-form?_rev=558-20ab29c4825db8dbe6b17a9d7f0e105d"
      }
    },
    "root": {
      "inputs": {
        "packument": "packument"
      }
    }
  },
  "root": "root",
  "version": 7
}
