{
  "nodes": {
    "packument": {
      "flake": false,
      "locked": {
        "narHash": "sha256-hW0ddnqRfaep6DwXVpqnIAq1Ij6QNuBNAQ/Hsy41mzo=",
        "type": "file",
        "url": "https://registry.npmjs.org/datafire"
      },
      "original": {
        "type": "file",
        "url": "https://registry.npmjs.org/datafire"
      }
    },
    "root": {
      "inputs": {
        "packument": "packument"
      }
    }
  },
  "root": "root",
  "version": 7
}
