{
  "nodes": {
    "packument": {
      "flake": false,
      "locked": {
        "narHash": "sha256-Jyp62V7t7OFMlBRlrDjOvmrtjCkBIZwoKFdb7eT53mE=",
        "type": "file",
        "url": "https://registry.npmjs.org/somever"
      },
      "original": {
        "type": "file",
        "url": "https://registry.npmjs.org/somever"
      }
    },
    "root": {
      "inputs": {
        "packument": "packument"
      }
    }
  },
  "root": "root",
  "version": 7
}
