{
  "nodes": {
    "packument": {
      "flake": false,
      "locked": {
        "narHash": "sha256-0DWfwORbSsM2vc2Dm0W4jtVBcXfePexrldv3pXCJrf8=",
        "type": "file",
        "url": "https://registry.npmjs.org/@firebase/remote-config-compat?rev=516-a089766438c219f080dbddf872f516d9"
      },
      "original": {
        "type": "file",
        "url": "https://registry.npmjs.org/@firebase/remote-config-compat?rev=516-a089766438c219f080dbddf872f516d9"
      }
    },
    "root": {
      "inputs": {
        "packument": "packument"
      }
    }
  },
  "root": "root",
  "version": 7
}
