{
  "nodes": {
    "packument": {
      "flake": false,
      "locked": {
        "narHash": "sha256-26IUnNbbYaxl5MWGOPUTYiiHWxUggltKl84Mn/2JXeE=",
        "type": "file",
        "url": "https://registry.npmjs.org/amqplib?rev=119-5216a515e1e9098d60c216d488fd3f08"
      },
      "original": {
        "type": "file",
        "url": "https://registry.npmjs.org/amqplib?rev=119-5216a515e1e9098d60c216d488fd3f08"
      }
    },
    "root": {
      "inputs": {
        "packument": "packument"
      }
    }
  },
  "root": "root",
  "version": 7
}
