{
  "nodes": {
    "packument": {
      "flake": false,
      "locked": {
        "narHash": "sha256-sGKv5AmIDbTr7HRHhIu2Su3DS+WiWi/bkFYEuqdlg9s=",
        "type": "file",
        "url": "https://registry.npmjs.org/react-onclickoutside"
      },
      "original": {
        "type": "file",
        "url": "https://registry.npmjs.org/react-onclickoutside"
      }
    },
    "root": {
      "inputs": {
        "packument": "packument"
      }
    }
  },
  "root": "root",
  "version": 7
}
