{
  "nodes": {
    "packument": {
      "flake": false,
      "locked": {
        "narHash": "sha256-bE8I+hNiZ7Kb1u7iVSTiN4dArmnA2jmybiwEc3A6iJU=",
        "type": "file",
        "url": "https://registry.npmjs.org/node-domexception"
      },
      "original": {
        "type": "file",
        "url": "https://registry.npmjs.org/node-domexception"
      }
    },
    "root": {
      "inputs": {
        "packument": "packument"
      }
    }
  },
  "root": "root",
  "version": 7
}
