{
  "nodes": {
    "packument": {
      "flake": false,
      "locked": {
        "narHash": "sha256-dHsy+NMAoonoNzIMKbltTAp8EqxahZ9Peb8lfjFSolM=",
        "type": "file",
        "url": "https://registry.npmjs.org/@types/react-window"
      },
      "original": {
        "type": "file",
        "url": "https://registry.npmjs.org/@types/react-window"
      }
    },
    "root": {
      "inputs": {
        "packument": "packument"
      }
    }
  },
  "root": "root",
  "version": 7
}
