{
  "nodes": {
    "packument": {
      "flake": false,
      "locked": {
        "narHash": "sha256-1bIf1JIgA0cDq697BA7ghT6EtgEkb15yLAHWUskA4dE=",
        "type": "file",
        "url": "https://registry.npmjs.org/yamljs"
      },
      "original": {
        "type": "file",
        "url": "https://registry.npmjs.org/yamljs"
      }
    },
    "root": {
      "inputs": {
        "packument": "packument"
      }
    }
  },
  "root": "root",
  "version": 7
}
