{
  "nodes": {
    "packument": {
      "flake": false,
      "locked": {
        "narHash": "sha256-1bIf1JIgA0cDq697BA7ghT6EtgEkb15yLAHWUskA4dE=",
        "type": "file",
        "url": "https://skimdb.npmjs.com/registry/yamljs?_rev=112-c5fd2d17074c2f0bd6771127e116231f"
      },
      "original": {
        "type": "file",
        "url": "https://skimdb.npmjs.com/registry/yamljs?_rev=112-c5fd2d17074c2f0bd6771127e116231f"
      }
    },
    "root": {
      "inputs": {
        "packument": "packument"
      }
    }
  },
  "root": "root",
  "version": 7
}
