{
  "nodes": {
    "packument": {
      "flake": false,
      "locked": {
        "narHash": "sha256-/nZohHoR18YsSI/nrLNmyT2PFjU4OlLsih3CXbGa6Sg=",
        "type": "file",
        "url": "https://skimdb.npmjs.com/registry/just-diff?_rev=25-790a4649966bbe28a47e80fa09ae1ad6"
      },
      "original": {
        "type": "file",
        "url": "https://skimdb.npmjs.com/registry/just-diff?_rev=25-790a4649966bbe28a47e80fa09ae1ad6"
      }
    },
    "root": {
      "inputs": {
        "packument": "packument"
      }
    }
  },
  "root": "root",
  "version": 7
}
