{
  "nodes": {
    "packument": {
      "flake": false,
      "locked": {
        "narHash": "sha256-IAms2/5ktnAgHlGVp7G8pIuuJTnzZQdTDnn3Zz1BeAQ=",
        "type": "file",
        "url": "https://registry.npmjs.org/markdown-it-anchor"
      },
      "original": {
        "type": "file",
        "url": "https://registry.npmjs.org/markdown-it-anchor"
      }
    },
    "root": {
      "inputs": {
        "packument": "packument"
      }
    }
  },
  "root": "root",
  "version": 7
}
