{
  "nodes": {
    "packument": {
      "flake": false,
      "locked": {
        "narHash": "sha256-nM1wETHAQFMnIWMuTaywyLB2JhcLakGVJSrypddg0IQ=",
        "type": "file",
        "url": "https://registry.npmjs.org/@types/linkify-it?rev=581-eb1401906dd6f3368adfd8c84207a7ff"
      },
      "original": {
        "type": "file",
        "url": "https://registry.npmjs.org/@types/linkify-it?rev=581-eb1401906dd6f3368adfd8c84207a7ff"
      }
    },
    "root": {
      "inputs": {
        "packument": "packument"
      }
    }
  },
  "root": "root",
  "version": 7
}
