{
  "nodes": {
    "packument": {
      "flake": false,
      "locked": {
        "narHash": "sha256-shsDSieB4v0n3OHL/3Yzh3gMMguWcA1gHhfpmTWwZOI=",
        "type": "file",
        "url": "https://registry.npmjs.org/inquirer-autocomplete-prompt?rev=35-b45de38b99ef2929704a6b5cdb74105b"
      },
      "original": {
        "type": "file",
        "url": "https://registry.npmjs.org/inquirer-autocomplete-prompt?rev=35-b45de38b99ef2929704a6b5cdb74105b"
      }
    },
    "root": {
      "inputs": {
        "packument": "packument"
      }
    }
  },
  "root": "root",
  "version": 7
}
