{
  "nodes": {
    "packument": {
      "flake": false,
      "locked": {
        "narHash": "sha256-itx4LqF04pPoFip/w5NKyku4xb8xzC1kMeYwI8EKxVo=",
        "type": "file",
        "url": "https://skimdb.npmjs.com/registry/@restart/hooks?_rev=57-fe99b5b0a0c9bff97c734b9b1e5c92f6"
      },
      "original": {
        "type": "file",
        "url": "https://skimdb.npmjs.com/registry/@restart/hooks?_rev=57-fe99b5b0a0c9bff97c734b9b1e5c92f6"
      }
    },
    "root": {
      "inputs": {
        "packument": "packument"
      }
    }
  },
  "root": "root",
  "version": 7
}
