{
  "nodes": {
    "packument": {
      "flake": false,
      "locked": {
        "narHash": "sha256-e5qBf1dVZHu04w3i1uhAGbsNAlXk709B0mQHorCfwm4=",
        "type": "file",
        "url": "https://registry.npmjs.org/sourcemap-codec"
      },
      "original": {
        "type": "file",
        "url": "https://registry.npmjs.org/sourcemap-codec"
      }
    },
    "root": {
      "inputs": {
        "packument": "packument"
      }
    }
  },
  "root": "root",
  "version": 7
}
