{
  "nodes": {
    "packument": {
      "flake": false,
      "locked": {
        "narHash": "sha256-rdvYyxch7vZhRCMWxos7i+sVvCs9x+og03djPbCYWlY=",
        "type": "file",
        "url": "https://registry.npmjs.org/@rushstack/eslint-patch?rev=101-0da0082005cb9ae5b140345e905c8835"
      },
      "original": {
        "type": "file",
        "url": "https://registry.npmjs.org/@rushstack/eslint-patch?rev=101-0da0082005cb9ae5b140345e905c8835"
      }
    },
    "root": {
      "inputs": {
        "packument": "packument"
      }
    }
  },
  "root": "root",
  "version": 7
}
