{
  "nodes": {
    "packument": {
      "flake": false,
      "locked": {
        "narHash": "sha256-qp4BFb9fsJ5d8AIKiFAXy31VapTeUxxIQVFJVR7364M=",
        "type": "file",
        "url": "https://skimdb.npmjs.com/registry/grunt-contrib-concat?_rev=203-ead6fb19d54f0cabe93cff4299af68f6"
      },
      "original": {
        "type": "file",
        "url": "https://skimdb.npmjs.com/registry/grunt-contrib-concat?_rev=203-ead6fb19d54f0cabe93cff4299af68f6"
      }
    },
    "root": {
      "inputs": {
        "packument": "packument"
      }
    }
  },
  "root": "root",
  "version": 7
}
