{
  "nodes": {
    "packument": {
      "flake": false,
      "locked": {
        "narHash": "sha256-2eBXxqXctLKxm2URgT9zFCEJhzax5ZHTpZjwlce3paY=",
        "type": "file",
        "url": "https://registry.npmjs.org/postcss-custom-media?rev=45-04396ef424b1baea4e15b05f44968813"
      },
      "original": {
        "type": "file",
        "url": "https://registry.npmjs.org/postcss-custom-media?rev=45-04396ef424b1baea4e15b05f44968813"
      }
    },
    "root": {
      "inputs": {
        "packument": "packument"
      }
    }
  },
  "root": "root",
  "version": 7
}
