{
  "nodes": {
    "packument": {
      "flake": false,
      "locked": {
        "narHash": "sha256-L4r70P/zJFq1/UfWSZBa8z/As1mPBUE6IJvcFGWjPuk=",
        "type": "file",
        "url": "https://skimdb.npmjs.com/registry/@aws-sdk%2futil-user-agent-node?_rev=133-50ecd8c82658a1e7d899307801003b19"
      },
      "original": {
        "type": "file",
        "url": "https://skimdb.npmjs.com/registry/@aws-sdk%2futil-user-agent-node?_rev=133-50ecd8c82658a1e7d899307801003b19"
      }
    },
    "root": {
      "inputs": {
        "packument": "packument"
      }
    }
  },
  "root": "root",
  "version": 7
}
