{
  "nodes": {
    "packument": {
      "flake": false,
      "locked": {
        "narHash": "sha256-ghP+B2Tc0Xa5AQZGdPvbyxpbfRQi7HGwBT92Sd0QtAo=",
        "type": "file",
        "url": "https://skimdb.npmjs.com/registry/js-base64?_rev=116-50bca359c939212b4d5537c83bbe2b5c"
      },
      "original": {
        "type": "file",
        "url": "https://skimdb.npmjs.com/registry/js-base64?_rev=116-50bca359c939212b4d5537c83bbe2b5c"
      }
    },
    "root": {
      "inputs": {
        "packument": "packument"
      }
    }
  },
  "root": "root",
  "version": 7
}
