{
  "nodes": {
    "packument": {
      "flake": false,
      "locked": {
        "narHash": "sha256-zDPf7bP/Pl+adq0W71zuQPOvFYMWEKiAw8CbGn/FLh4=",
        "type": "file",
        "url": "https://registry.npmjs.org/mongodb?rev=1929-69b112846e6e98cfa71515c56091b374"
      },
      "original": {
        "type": "file",
        "url": "https://registry.npmjs.org/mongodb?rev=1929-69b112846e6e98cfa71515c56091b374"
      }
    },
    "root": {
      "inputs": {
        "packument": "packument"
      }
    }
  },
  "root": "root",
  "version": 7
}
