{
  "nodes": {
    "packument": {
      "flake": false,
      "locked": {
        "narHash": "sha256-1h1IBxmvcoEtMQh3pa7ZvgmxhE7sg0PtgpxG/iDEjXY=",
        "type": "file",
        "url": "https://registry.npmjs.org/split2"
      },
      "original": {
        "type": "file",
        "url": "https://registry.npmjs.org/split2"
      }
    },
    "root": {
      "inputs": {
        "packument": "packument"
      }
    }
  },
  "root": "root",
  "version": 7
}
