{
  "nodes": {
    "packument": {
      "flake": false,
      "locked": {
        "narHash": "sha256-sbPVjVXrLjv68ustD5xO12p6dRJIYS7oU/VCUBIQyE4=",
        "type": "file",
        "url": "https://registry.npmjs.org/@csstools/postcss-is-pseudo-class?rev=10-96d8c3e91764670313166cdfb3371150"
      },
      "original": {
        "type": "file",
        "url": "https://registry.npmjs.org/@csstools/postcss-is-pseudo-class?rev=10-96d8c3e91764670313166cdfb3371150"
      }
    },
    "root": {
      "inputs": {
        "packument": "packument"
      }
    }
  },
  "root": "root",
  "version": 7
}
