{
  "nodes": {
    "packument": {
      "flake": false,
      "locked": {
        "narHash": "sha256-mYuG6rhVwKirddtTHvXSQ11grn1gsm3z4+6JOk8DjY0=",
        "type": "file",
        "url": "https://registry.npmjs.org/postcss-js"
      },
      "original": {
        "type": "file",
        "url": "https://registry.npmjs.org/postcss-js"
      }
    },
    "root": {
      "inputs": {
        "packument": "packument"
      }
    }
  },
  "root": "root",
  "version": 7
}
