{
  "nodes": {
    "packument": {
      "flake": false,
      "locked": {
        "narHash": "sha256-ju+CXnPemfITWpSFMxjQJ4uBgy3pz5FlGtp2Z5SsZjQ=",
        "type": "file",
        "url": "https://registry.npmjs.org/gulp-replace"
      },
      "original": {
        "type": "file",
        "url": "https://registry.npmjs.org/gulp-replace"
      }
    },
    "root": {
      "inputs": {
        "packument": "packument"
      }
    }
  },
  "root": "root",
  "version": 7
}
