{
  "nodes": {
    "packument": {
      "flake": false,
      "locked": {
        "narHash": "sha256-6DCEE8EKiK8q/rZhc1t8W6k4MiQCsxntZdTFQ+lY5ao=",
        "type": "file",
        "url": "https://registry.npmjs.org/@npmcli/ci-detect"
      },
      "original": {
        "type": "file",
        "url": "https://registry.npmjs.org/@npmcli/ci-detect"
      }
    },
    "root": {
      "inputs": {
        "packument": "packument"
      }
    }
  },
  "root": "root",
  "version": 7
}
