{
  "nodes": {
    "packument": {
      "flake": false,
      "locked": {
        "narHash": "sha256-ITFVJ299VX7QmE84uR8gZyF9zSFjKvyzyjJx+n0gfE0=",
        "type": "file",
        "url": "https://skimdb.npmjs.com/registry/dateformat?_rev=184-7d9ebd35f24870341f409151cb1ef50a"
      },
      "original": {
        "type": "file",
        "url": "https://skimdb.npmjs.com/registry/dateformat?_rev=184-7d9ebd35f24870341f409151cb1ef50a"
      }
    },
    "root": {
      "inputs": {
        "packument": "packument"
      }
    }
  },
  "root": "root",
  "version": 7
}
