{
  "nodes": {
    "packument": {
      "flake": false,
      "locked": {
        "narHash": "sha256-YOB+BMijDGWaxWH1+uDitMgEvS8QY2O3eYlUZB9eAyI=",
        "type": "file",
        "url": "https://registry.npmjs.org/@typescript-eslint/typescript-estree"
      },
      "original": {
        "type": "file",
        "url": "https://registry.npmjs.org/@typescript-eslint/typescript-estree"
      }
    },
    "root": {
      "inputs": {
        "packument": "packument"
      }
    }
  },
  "root": "root",
  "version": 7
}
