{
  "nodes": {
    "packument": {
      "flake": false,
      "locked": {
        "narHash": "sha256-v2W8txZA2g3Xfy//AZvQNfad+WG9dEfGxbVz4dW/gtQ=",
        "type": "file",
        "url": "https://skimdb.npmjs.com/registry/@jimp%2fplugin-contain?_rev=134-c7c80badc68d2c532cff164baa34b5af"
      },
      "original": {
        "type": "file",
        "url": "https://skimdb.npmjs.com/registry/@jimp%2fplugin-contain?_rev=134-c7c80badc68d2c532cff164baa34b5af"
      }
    },
    "root": {
      "inputs": {
        "packument": "packument"
      }
    }
  },
  "root": "root",
  "version": 7
}
