{
  "nodes": {
    "packument": {
      "flake": false,
      "locked": {
        "narHash": "sha256-YuTzQwnYrG/wDIt/m0OQPLaqBBMLCUD+Vdk3vkgH9Ko=",
        "type": "file",
        "url": "https://registry.npmjs.org/node-opcua-buffer-utils?rev=88-c34fba00bad1b58de0c5a846f4aa048b"
      },
      "original": {
        "type": "file",
        "url": "https://registry.npmjs.org/node-opcua-buffer-utils?rev=88-c34fba00bad1b58de0c5a846f4aa048b"
      }
    },
    "root": {
      "inputs": {
        "packument": "packument"
      }
    }
  },
  "root": "root",
  "version": 7
}
