{
  "nodes": {
    "packument": {
      "flake": false,
      "locked": {
        "narHash": "sha256-U4jKITIxQugb/r3hEX7fM2Q0bqkXPagN6SACzA13rP0=",
        "type": "file",
        "url": "https://skimdb.npmjs.com/registry/mobx?_rev=301-1e8b687d3a769f21b1acdb05643c81d2"
      },
      "original": {
        "type": "file",
        "url": "https://skimdb.npmjs.com/registry/mobx?_rev=301-1e8b687d3a769f21b1acdb05643c81d2"
      }
    },
    "root": {
      "inputs": {
        "packument": "packument"
      }
    }
  },
  "root": "root",
  "version": 7
}
