{
  "nodes": {
    "packument": {
      "flake": false,
      "locked": {
        "narHash": "sha256-FrEXsQwaQ7krHAZxDFd5kDtIKfoiC0zEqtr0o6I1Svg=",
        "type": "file",
        "url": "https://registry.npmjs.org/livereload-js"
      },
      "original": {
        "type": "file",
        "url": "https://registry.npmjs.org/livereload-js"
      }
    },
    "root": {
      "inputs": {
        "packument": "packument"
      }
    }
  },
  "root": "root",
  "version": 7
}
