{
  "nodes": {
    "packument": {
      "flake": false,
      "locked": {
        "narHash": "sha256-FHReyccP3HMNrD5lJXTXLTSLewDeDOwOHcFsTLSmS0I=",
        "type": "file",
        "url": "https://registry.npmjs.org/io-ts"
      },
      "original": {
        "type": "file",
        "url": "https://registry.npmjs.org/io-ts"
      }
    },
    "root": {
      "inputs": {
        "packument": "packument"
      }
    }
  },
  "root": "root",
  "version": 7
}
