{
  "nodes": {
    "packument": {
      "flake": false,
      "locked": {
        "narHash": "sha256-Tqx+1arWnhj2mDb5fKfv6VgEYv4Jl5s7WPrCyXn+8AI=",
        "type": "file",
        "url": "https://registry.npmjs.org/uuid?rev=435-2d01369c6caf25c4a638993074c4f87a"
      },
      "original": {
        "type": "file",
        "url": "https://registry.npmjs.org/uuid?rev=435-2d01369c6caf25c4a638993074c4f87a"
      }
    },
    "root": {
      "inputs": {
        "packument": "packument"
      }
    }
  },
  "root": "root",
  "version": 7
}
