{
  "nodes": {
    "packument": {
      "flake": false,
      "locked": {
        "narHash": "sha256-h4BL1UYXuuEgMwgE2CFrKPIHRP1yZA0pPe7Lv+uqH2E=",
        "type": "file",
        "url": "https://registry.npmjs.org/uglify-js?rev=717-e953d8c68b478bfc340f9b78986fa562"
      },
      "original": {
        "type": "file",
        "url": "https://registry.npmjs.org/uglify-js?rev=717-e953d8c68b478bfc340f9b78986fa562"
      }
    },
    "root": {
      "inputs": {
        "packument": "packument"
      }
    }
  },
  "root": "root",
  "version": 7
}
