{
  "nodes": {
    "packument": {
      "flake": false,
      "locked": {
        "narHash": "sha256-Dx1NXxm4zwlajAsU6xFD0LcTgsXlJWGhEdhpIJMb5JM=",
        "type": "file",
        "url": "https://registry.npmjs.org/jest-resolve?rev=372-097a65e0960b6b4a8db8af0ff17798a2"
      },
      "original": {
        "type": "file",
        "url": "https://registry.npmjs.org/jest-resolve?rev=372-097a65e0960b6b4a8db8af0ff17798a2"
      }
    },
    "root": {
      "inputs": {
        "packument": "packument"
      }
    }
  },
  "root": "root",
  "version": 7
}
