{
  "nodes": {
    "packument": {
      "flake": false,
      "locked": {
        "narHash": "sha256-9bnilISrxRm445i7fp9ZXi0h6gWH9aX9DY+umMsCTtw=",
        "type": "file",
        "url": "https://registry.npmjs.org/jest-resolve"
      },
      "original": {
        "type": "file",
        "url": "https://registry.npmjs.org/jest-resolve"
      }
    },
    "root": {
      "inputs": {
        "packument": "packument"
      }
    }
  },
  "root": "root",
  "version": 7
}
