{
  "nodes": {
    "packument": {
      "flake": false,
      "locked": {
        "narHash": "sha256-QiTeYb5KkfszyJnG5I0Z8I071n7Wo+kQSL7H0wy/3p8=",
        "type": "file",
        "url": "https://registry.npmjs.org/is-boolean-object"
      },
      "original": {
        "type": "file",
        "url": "https://registry.npmjs.org/is-boolean-object"
      }
    },
    "root": {
      "inputs": {
        "packument": "packument"
      }
    }
  },
  "root": "root",
  "version": 7
}
