{
  "nodes": {
    "packument": {
      "flake": false,
      "locked": {
        "narHash": "sha256-IsF4xhqIK37kqEVE6wtp2iDjsVvfL+vvGldkXSnJ4yY=",
        "type": "file",
        "url": "https://registry.npmjs.org/stylelint-config-recommended?rev=24-ea4211d7e88461234c04633a8d41c554"
      },
      "original": {
        "type": "file",
        "url": "https://registry.npmjs.org/stylelint-config-recommended?rev=24-ea4211d7e88461234c04633a8d41c554"
      }
    },
    "root": {
      "inputs": {
        "packument": "packument"
      }
    }
  },
  "root": "root",
  "version": 7
}
