{
  "nodes": {
    "packument": {
      "flake": false,
      "locked": {
        "narHash": "sha256-VCI+gsWyY3XWSZZN2GCR0Osi75R7vm9ui4I9ySkPLwY=",
        "type": "file",
        "url": "https://skimdb.npmjs.com/registry/jss-plugin-default-unit?_rev=52-0344e0063e918aed69f89d83a70a8fa2"
      },
      "original": {
        "type": "file",
        "url": "https://skimdb.npmjs.com/registry/jss-plugin-default-unit?_rev=52-0344e0063e918aed69f89d83a70a8fa2"
      }
    },
    "root": {
      "inputs": {
        "packument": "packument"
      }
    }
  },
  "root": "root",
  "version": 7
}
