{
  "nodes": {
    "packument": {
      "flake": false,
      "locked": {
        "narHash": "sha256-iQLh2+cV2nbO29KfgRBesNNqJqG38cuCPDv5Zu7DHWs=",
        "type": "file",
        "url": "https://registry.npmjs.org/buffer?rev=180-e396317df4e390346e69c4fd1fb92071"
      },
      "original": {
        "type": "file",
        "url": "https://registry.npmjs.org/buffer?rev=180-e396317df4e390346e69c4fd1fb92071"
      }
    },
    "root": {
      "inputs": {
        "packument": "packument"
      }
    }
  },
  "root": "root",
  "version": 7
}
