{
  "nodes": {
    "packument": {
      "flake": false,
      "locked": {
        "narHash": "sha256-qYiDnkX6/fifaPo6dGki5JZQ6TryqmwKycZ74sUj8CA=",
        "type": "file",
        "url": "https://skimdb.npmjs.com/registry/to-camel-case?_rev=20-c0c8da617cb86b3e0142b92b47bdd2c1"
      },
      "original": {
        "type": "file",
        "url": "https://skimdb.npmjs.com/registry/to-camel-case?_rev=20-c0c8da617cb86b3e0142b92b47bdd2c1"
      }
    },
    "root": {
      "inputs": {
        "packument": "packument"
      }
    }
  },
  "root": "root",
  "version": 7
}
