{
  "nodes": {
    "packument": {
      "flake": false,
      "locked": {
        "narHash": "sha256-tiJC4bP/06b7fe2dCkWmXd/Sut8EM4udaF02/nK4ZCA=",
        "type": "file",
        "url": "https://skimdb.npmjs.com/registry/@aws-sdk%2fcredential-provider-cognito-identity?_rev=220-d6cecf161199dd675ebc2445ed763987"
      },
      "original": {
        "type": "file",
        "url": "https://skimdb.npmjs.com/registry/@aws-sdk%2fcredential-provider-cognito-identity?_rev=220-d6cecf161199dd675ebc2445ed763987"
      }
    },
    "root": {
      "inputs": {
        "packument": "packument"
      }
    }
  },
  "root": "root",
  "version": 7
}
