{
  "nodes": {
    "packument": {
      "flake": false,
      "locked": {
        "narHash": "sha256-H7j2wI5iZW2aBH+3Qc5TVvQImIseHy1SUFzbmqQC6w4=",
        "type": "file",
        "url": "https://skimdb.npmjs.com/registry/fancy-log?_rev=28-48a33acbccb23e9a76b53ac4a55cedfe"
      },
      "original": {
        "type": "file",
        "url": "https://skimdb.npmjs.com/registry/fancy-log?_rev=28-48a33acbccb23e9a76b53ac4a55cedfe"
      }
    },
    "root": {
      "inputs": {
        "packument": "packument"
      }
    }
  },
  "root": "root",
  "version": 7
}
