{
  "nodes": {
    "packument": {
      "flake": false,
      "locked": {
        "narHash": "sha256-kD5vajrN9XSZ1DzUU9lqDpkYvzmqkngp0GU20j4IGHA=",
        "type": "file",
        "url": "https://skimdb.npmjs.com/registry/ejs?_rev=498-e119b3920bbb7abefe5cf487d5e74607"
      },
      "original": {
        "type": "file",
        "url": "https://skimdb.npmjs.com/registry/ejs?_rev=498-e119b3920bbb7abefe5cf487d5e74607"
      }
    },
    "root": {
      "inputs": {
        "packument": "packument"
      }
    }
  },
  "root": "root",
  "version": 7
}
