{
  "nodes": {
    "packument": {
      "flake": false,
      "locked": {
        "narHash": "sha256-MmmrVbtc4OWz8ePD1SG/DGP8GbzelgvuJBIV4tuSor8=",
        "type": "file",
        "url": "https://registry.npmjs.org/discontinuous-range?rev=4-f1448afa582c4daf581f7f39f27737cd"
      },
      "original": {
        "type": "file",
        "url": "https://registry.npmjs.org/discontinuous-range?rev=4-f1448afa582c4daf581f7f39f27737cd"
      }
    },
    "root": {
      "inputs": {
        "packument": "packument"
      }
    }
  },
  "root": "root",
  "version": 7
}
