{
  "nodes": {
    "packument": {
      "flake": false,
      "locked": {
        "narHash": "sha256-IUUaijsWiy/Hz4B39WMi6skKSE4Q7x/pnrJplIB0N9U=",
        "type": "file",
        "url": "https://registry.npmjs.org/pascal-case?rev=29-04606fe3dfa41db83ff1509eb41449e0"
      },
      "original": {
        "type": "file",
        "url": "https://registry.npmjs.org/pascal-case?rev=29-04606fe3dfa41db83ff1509eb41449e0"
      }
    },
    "root": {
      "inputs": {
        "packument": "packument"
      }
    }
  },
  "root": "root",
  "version": 7
}
