{
  "nodes": {
    "packument": {
      "flake": false,
      "locked": {
        "narHash": "sha256-MagFh2QoDFDS98Fo9UfYDGdrwo7GNCpfQVQgYVmEJ1A=",
        "type": "file",
        "url": "https://skimdb.npmjs.com/registry/react-transition-group?_rev=76-bcfe1fa595c970669c68078b946cc31d"
      },
      "original": {
        "type": "file",
        "url": "https://skimdb.npmjs.com/registry/react-transition-group?_rev=76-bcfe1fa595c970669c68078b946cc31d"
      }
    },
    "root": {
      "inputs": {
        "packument": "packument"
      }
    }
  },
  "root": "root",
  "version": 7
}
