{
  "nodes": {
    "packument": {
      "flake": false,
      "locked": {
        "narHash": "sha256-g13INzUcz8uNy+7bpfZhl9V77Wr4BzDbOLoMuJGFrH4=",
        "type": "file",
        "url": "https://registry.npmjs.org/buffer-writer"
      },
      "original": {
        "type": "file",
        "url": "https://registry.npmjs.org/buffer-writer"
      }
    },
    "root": {
      "inputs": {
        "packument": "packument"
      }
    }
  },
  "root": "root",
  "version": 7
}
