{
  "nodes": {
    "packument": {
      "flake": false,
      "locked": {
        "narHash": "sha256-EC7dLJgq9t+jpwfnkOxyzuYzqOyRbeF3+rZxHZvFayQ=",
        "type": "file",
        "url": "https://registry.npmjs.org/jest?rev=673-8ebf4d32ab467dc23d6b475ec8b7dfa3"
      },
      "original": {
        "type": "file",
        "url": "https://registry.npmjs.org/jest?rev=673-8ebf4d32ab467dc23d6b475ec8b7dfa3"
      }
    },
    "root": {
      "inputs": {
        "packument": "packument"
      }
    }
  },
  "root": "root",
  "version": 7
}
