{
  "nodes": {
    "packument": {
      "flake": false,
      "locked": {
        "narHash": "sha256-z+NJ7gWDBDAeTJ1CDeg8rB/J8k9NQLuIuem5aS3/TWc=",
        "type": "file",
        "url": "https://registry.npmjs.org/metro-core?rev=125-99111c39126841bc4b2f0b86e0ae0b00"
      },
      "original": {
        "type": "file",
        "url": "https://registry.npmjs.org/metro-core?rev=125-99111c39126841bc4b2f0b86e0ae0b00"
      }
    },
    "root": {
      "inputs": {
        "packument": "packument"
      }
    }
  },
  "root": "root",
  "version": 7
}
