{
  "nodes": {
    "packument": {
      "flake": false,
      "locked": {
        "narHash": "sha256-1Q9PvUQQx++w1TIKxZIDgHimSz/7bebkMd78f1y62nw=",
        "type": "file",
        "url": "https://skimdb.npmjs.com/registry/read-cache?_rev=3-d44c035816db3ffb5b917ba6aa3aacee"
      },
      "original": {
        "type": "file",
        "url": "https://skimdb.npmjs.com/registry/read-cache?_rev=3-d44c035816db3ffb5b917ba6aa3aacee"
      }
    },
    "root": {
      "inputs": {
        "packument": "packument"
      }
    }
  },
  "root": "root",
  "version": 7
}
