{
  "nodes": {
    "packument": {
      "flake": false,
      "locked": {
        "narHash": "sha256-mJyd5mjzlxqOF0pHkPPIfFTYHMCzi8jbAVIp/nZXP54=",
        "type": "file",
        "url": "https://skimdb.npmjs.com/registry/sanitize-filename?_rev=58-81cb98e7f21b728a3ddc97d6a1fec75c"
      },
      "original": {
        "type": "file",
        "url": "https://skimdb.npmjs.com/registry/sanitize-filename?_rev=58-81cb98e7f21b728a3ddc97d6a1fec75c"
      }
    },
    "root": {
      "inputs": {
        "packument": "packument"
      }
    }
  },
  "root": "root",
  "version": 7
}
