{
  "nodes": {
    "packument": {
      "flake": false,
      "locked": {
        "narHash": "sha256-A1ZJ+YzZud8CjfRVseeJaNp9EsIdCsmge/gyIDsS0uU=",
        "type": "file",
        "url": "https://registry.npmjs.org/ansi-escapes?rev=32-5702bdd0328c1d78958e65c5e328d218"
      },
      "original": {
        "type": "file",
        "url": "https://registry.npmjs.org/ansi-escapes?rev=32-5702bdd0328c1d78958e65c5e328d218"
      }
    },
    "root": {
      "inputs": {
        "packument": "packument"
      }
    }
  },
  "root": "root",
  "version": 7
}
