{
  "nodes": {
    "packument": {
      "flake": false,
      "locked": {
        "narHash": "sha256-5BbJOj2SqInVzytZVYPRwKhAjGWj2YLhxnkNJtoQOcU=",
        "type": "file",
        "url": "https://registry.npmjs.org/jake?rev=320-ffe29cb21f6bd023a3840cfaee7725cf"
      },
      "original": {
        "type": "file",
        "url": "https://registry.npmjs.org/jake?rev=320-ffe29cb21f6bd023a3840cfaee7725cf"
      }
    },
    "root": {
      "inputs": {
        "packument": "packument"
      }
    }
  },
  "root": "root",
  "version": 7
}
