{
  "nodes": {
    "packument": {
      "flake": false,
      "locked": {
        "narHash": "sha256-iS0wpSHNYjzC7BYjQrK/sbzIF6sa+9zPD4PzcX7PWJ8=",
        "type": "file",
        "url": "https://registry.npmjs.org/css"
      },
      "original": {
        "type": "file",
        "url": "https://registry.npmjs.org/css"
      }
    },
    "root": {
      "inputs": {
        "packument": "packument"
      }
    }
  },
  "root": "root",
  "version": 7
}
