{
  "nodes": {
    "packument": {
      "flake": false,
      "locked": {
        "narHash": "sha256-/bTt1aubF+aVqIpb9r/kBJwTM11c/N4X38Wh0Qo/I+Y=",
        "type": "file",
        "url": "https://registry.npmjs.org/bl"
      },
      "original": {
        "type": "file",
        "url": "https://registry.npmjs.org/bl"
      }
    },
    "root": {
      "inputs": {
        "packument": "packument"
      }
    }
  },
  "root": "root",
  "version": 7
}
