{
  "nodes": {
    "packument": {
      "flake": false,
      "locked": {
        "narHash": "sha256-H1zB+A9HbAHH0cd0mysQkRs2ixOchcBQae2NgWQSjHQ=",
        "type": "file",
        "url": "https://registry.npmjs.org/common-path-prefix"
      },
      "original": {
        "type": "file",
        "url": "https://registry.npmjs.org/common-path-prefix"
      }
    },
    "root": {
      "inputs": {
        "packument": "packument"
      }
    }
  },
  "root": "root",
  "version": 7
}
