{
  "nodes": {
    "packument": {
      "flake": false,
      "locked": {
        "narHash": "sha256-YQPC7oYJEBkwRsK5TrMH/6CuiKVWbuDQeQQGse3bF3A=",
        "type": "file",
        "url": "https://skimdb.npmjs.com/registry/postcss-image-set-polyfill?_rev=18-46d9079d198861686325110f3e34e4fe"
      },
      "original": {
        "type": "file",
        "url": "https://skimdb.npmjs.com/registry/postcss-image-set-polyfill?_rev=18-46d9079d198861686325110f3e34e4fe"
      }
    },
    "root": {
      "inputs": {
        "packument": "packument"
      }
    }
  },
  "root": "root",
  "version": 7
}
