{
  "nodes": {
    "packument": {
      "flake": false,
      "locked": {
        "narHash": "sha256-xFEseInGDm6usEHOTuLwzix9aL5hjUo0k9rCuJwtLIs=",
        "type": "file",
        "url": "https://registry.npmjs.org/binary-extensions?rev=38-318e7d89f71bf0d289e97a0527f82a77"
      },
      "original": {
        "type": "file",
        "url": "https://registry.npmjs.org/binary-extensions?rev=38-318e7d89f71bf0d289e97a0527f82a77"
      }
    },
    "root": {
      "inputs": {
        "packument": "packument"
      }
    }
  },
  "root": "root",
  "version": 7
}
