{
  "nodes": {
    "packument": {
      "flake": false,
      "locked": {
        "narHash": "sha256-V2ceVvOjqR+NfM+027f+veOGhiCoq/tiuJjJc+ZDY5g=",
        "type": "file",
        "url": "https://skimdb.npmjs.com/registry/@antv/g-plugin-dom-interaction?_rev=153-dd041d05c448c677ca346939a7186423"
      },
      "original": {
        "type": "file",
        "url": "https://skimdb.npmjs.com/registry/@antv/g-plugin-dom-interaction?_rev=153-dd041d05c448c677ca346939a7186423"
      }
    },
    "root": {
      "inputs": {
        "packument": "packument"
      }
    }
  },
  "root": "root",
  "version": 7
}
