{
  "nodes": {
    "packument": {
      "flake": false,
      "locked": {
        "narHash": "sha256-sPVoNwVTY6GCeLphFKku67g4URbhmJb9nXXu5lbLd9A=",
        "type": "file",
        "url": "https://registry.npmjs.org/is-fullwidth-code-point?rev=11-9d2fbc42fcab7d07c8e177de29f11af7"
      },
      "original": {
        "type": "file",
        "url": "https://registry.npmjs.org/is-fullwidth-code-point?rev=11-9d2fbc42fcab7d07c8e177de29f11af7"
      }
    },
    "root": {
      "inputs": {
        "packument": "packument"
      }
    }
  },
  "root": "root",
  "version": 7
}
