{
  "nodes": {
    "packument": {
      "flake": false,
      "locked": {
        "narHash": "sha256-BxCzeYW+lm6zp3zh36Rz0KhT4/K2Z5yokpzT5YC9dWo=",
        "type": "file",
        "url": "https://registry.npmjs.org/@react-native-community/cli-plugin-metro"
      },
      "original": {
        "type": "file",
        "url": "https://registry.npmjs.org/@react-native-community/cli-plugin-metro"
      }
    },
    "root": {
      "inputs": {
        "packument": "packument"
      }
    }
  },
  "root": "root",
  "version": 7
}
