{
  "nodes": {
    "packument": {
      "flake": false,
      "locked": {
        "narHash": "sha256-DOV47C9Aw3/8Mmbh7REzM/eQp+jXGDYiEYap1IS/VKE=",
        "type": "file",
        "url": "https://registry.npmjs.org/jquery?rev=674-5bf47dedbbc9cbea7b1fe5126b75769f"
      },
      "original": {
        "type": "file",
        "url": "https://registry.npmjs.org/jquery?rev=674-5bf47dedbbc9cbea7b1fe5126b75769f"
      }
    },
    "root": {
      "inputs": {
        "packument": "packument"
      }
    }
  },
  "root": "root",
  "version": 7
}
