{
  "nodes": {
    "packument": {
      "flake": false,
      "locked": {
        "narHash": "sha256-YQ5WCfn9EDW0t21XetPzdyTdd2ij/EuUXw8rHCBwZEM=",
        "type": "file",
        "url": "https://registry.npmjs.org/normalize-range?rev=7-26ec3d33e2aefab85442fcb7aea78a5c"
      },
      "original": {
        "type": "file",
        "url": "https://registry.npmjs.org/normalize-range?rev=7-26ec3d33e2aefab85442fcb7aea78a5c"
      }
    },
    "root": {
      "inputs": {
        "packument": "packument"
      }
    }
  },
  "root": "root",
  "version": 7
}
