{
  "nodes": {
    "packument": {
      "flake": false,
      "locked": {
        "narHash": "sha256-2WZPHXs/MAMQf0wTDqdJVmgw8umc+WKOR9yE5h4qgII=",
        "type": "file",
        "url": "https://registry.npmjs.org/uri-path"
      },
      "original": {
        "type": "file",
        "url": "https://registry.npmjs.org/uri-path"
      }
    },
    "root": {
      "inputs": {
        "packument": "packument"
      }
    }
  },
  "root": "root",
  "version": 7
}
