{
  "nodes": {
    "packument": {
      "flake": false,
      "locked": {
        "narHash": "sha256-Nx0GVjieXCBz0FHp1U2arxuihPfT63HOOnvJVo4bDwg=",
        "type": "file",
        "url": "https://registry.npmjs.org/continuation-local-storage"
      },
      "original": {
        "type": "file",
        "url": "https://registry.npmjs.org/continuation-local-storage"
      }
    },
    "root": {
      "inputs": {
        "packument": "packument"
      }
    }
  },
  "root": "root",
  "version": 7
}
