{
  "nodes": {
    "packument": {
      "flake": false,
      "locked": {
        "narHash": "sha256-VWsmJ533R6yzcgSqyD1jIc+0F+qMsfvOqCLNn2Kn8Hg=",
        "type": "file",
        "url": "https://skimdb.npmjs.com/registry/@protobufjs%2finquire?_rev=7-30df8e92ab24d029b47d8911295dfefe"
      },
      "original": {
        "type": "file",
        "url": "https://skimdb.npmjs.com/registry/@protobufjs%2finquire?_rev=7-30df8e92ab24d029b47d8911295dfefe"
      }
    },
    "root": {
      "inputs": {
        "packument": "packument"
      }
    }
  },
  "root": "root",
  "version": 7
}
