{
  "nodes": {
    "packument": {
      "flake": false,
      "locked": {
        "narHash": "sha256-/yhfVfGKyfk3bstfnJIaFQye72MruDgf74+uyoibDtU=",
        "type": "file",
        "url": "https://registry.npmjs.org/node-opcua-packet-analyzer?rev=156-536230a0f83fa304c488c27f1644ef91"
      },
      "original": {
        "type": "file",
        "url": "https://registry.npmjs.org/node-opcua-packet-analyzer?rev=156-536230a0f83fa304c488c27f1644ef91"
      }
    },
    "root": {
      "inputs": {
        "packument": "packument"
      }
    }
  },
  "root": "root",
  "version": 7
}
