{
  "nodes": {
    "packument": {
      "flake": false,
      "locked": {
        "narHash": "sha256-QJWOa6cuxPHx/15T83qgaRGlo0Vmma+Dt6NtNxV0AbQ=",
        "type": "file",
        "url": "https://registry.npmjs.org/transformers"
      },
      "original": {
        "type": "file",
        "url": "https://registry.npmjs.org/transformers"
      }
    },
    "root": {
      "inputs": {
        "packument": "packument"
      }
    }
  },
  "root": "root",
  "version": 7
}
