{
  "nodes": {
    "packument": {
      "flake": false,
      "locked": {
        "narHash": "sha256-96+1vIydSTFoRQR0hHMeeYIcOLrK9GwS+2K/nZhtOLc=",
        "type": "file",
        "url": "https://registry.npmjs.org/pngquant-bin?rev=301-aeaad814c8c53a55499a518db5bf433b"
      },
      "original": {
        "type": "file",
        "url": "https://registry.npmjs.org/pngquant-bin?rev=301-aeaad814c8c53a55499a518db5bf433b"
      }
    },
    "root": {
      "inputs": {
        "packument": "packument"
      }
    }
  },
  "root": "root",
  "version": 7
}
