{
  "nodes": {
    "packument": {
      "flake": false,
      "locked": {
        "narHash": "sha256-Tjdre1zjXvbir6sQbOPWHiHiozEkTyl+TjJudnXrnK0=",
        "type": "file",
        "url": "https://registry.npmjs.org/@kwsites/file-exists"
      },
      "original": {
        "type": "file",
        "url": "https://registry.npmjs.org/@kwsites/file-exists"
      }
    },
    "root": {
      "inputs": {
        "packument": "packument"
      }
    }
  },
  "root": "root",
  "version": 7
}
