{
  "nodes": {
    "packument": {
      "flake": false,
      "locked": {
        "narHash": "sha256-kJjgacwO5OVqhkFcS5EnMeYskpW26Pe1j6v0eKQM0vw=",
        "type": "file",
        "url": "https://skimdb.npmjs.com/registry/di?_rev=69-e78abfecf56a009c5ab199d76e3ee0d3"
      },
      "original": {
        "type": "file",
        "url": "https://skimdb.npmjs.com/registry/di?_rev=69-e78abfecf56a009c5ab199d76e3ee0d3"
      }
    },
    "root": {
      "inputs": {
        "packument": "packument"
      }
    }
  },
  "root": "root",
  "version": 7
}
