{
  "nodes": {
    "packument": {
      "flake": false,
      "locked": {
        "narHash": "sha256-st5R/86sDhYqthCDQrBg73a+ssxq50Br4Wx5tWVcEIE=",
        "type": "file",
        "url": "https://skimdb.npmjs.com/registry/temp?_rev=70-ec2a56c0822145fa5900e9273d31e53b"
      },
      "original": {
        "type": "file",
        "url": "https://skimdb.npmjs.com/registry/temp?_rev=70-ec2a56c0822145fa5900e9273d31e53b"
      }
    },
    "root": {
      "inputs": {
        "packument": "packument"
      }
    }
  },
  "root": "root",
  "version": 7
}
