{
  "nodes": {
    "packument": {
      "flake": false,
      "locked": {
        "narHash": "sha256-0yEHBPsq6CYgNvZ1mMCzSmhDew/IxLmj4QDSU6kYNzI=",
        "type": "file",
        "url": "https://skimdb.npmjs.com/registry/is-url-superb?_rev=16-264f96a02b77923b0bb7ed5fd602d259"
      },
      "original": {
        "type": "file",
        "url": "https://skimdb.npmjs.com/registry/is-url-superb?_rev=16-264f96a02b77923b0bb7ed5fd602d259"
      }
    },
    "root": {
      "inputs": {
        "packument": "packument"
      }
    }
  },
  "root": "root",
  "version": 7
}
