{
  "nodes": {
    "packument": {
      "flake": false,
      "locked": {
        "narHash": "sha256-Ot4jSOlJRPeKLbaJDtIWgUca5eSjzUFEYrRhntoD+/I=",
        "type": "file",
        "url": "https://skimdb.npmjs.com/registry/functional-red-black-tree?_rev=15-4a402b861062bda0f73a645f128146e3"
      },
      "original": {
        "type": "file",
        "url": "https://skimdb.npmjs.com/registry/functional-red-black-tree?_rev=15-4a402b861062bda0f73a645f128146e3"
      }
    },
    "root": {
      "inputs": {
        "packument": "packument"
      }
    }
  },
  "root": "root",
  "version": 7
}
