{
  "nodes": {
    "packument": {
      "flake": false,
      "locked": {
        "narHash": "sha256-MtQN+57+M+dwBP04+kdeNarFsjILgliQlWgQcbxOWNw=",
        "type": "file",
        "url": "https://skimdb.npmjs.com/registry/@pm2/io?_rev=109-475088c8413ca745732ac91435cf4c3e"
      },
      "original": {
        "type": "file",
        "url": "https://skimdb.npmjs.com/registry/@pm2/io?_rev=109-475088c8413ca745732ac91435cf4c3e"
      }
    },
    "root": {
      "inputs": {
        "packument": "packument"
      }
    }
  },
  "root": "root",
  "version": 7
}
