{
  "nodes": {
    "packument": {
      "flake": false,
      "locked": {
        "narHash": "sha256-vTvVN/uV5MFB/Vej3WPSHnlcq4CS9VDofHL6m5gBwpo=",
        "type": "file",
        "url": "https://registry.npmjs.org/eslint-rule-composer"
      },
      "original": {
        "type": "file",
        "url": "https://registry.npmjs.org/eslint-rule-composer"
      }
    },
    "root": {
      "inputs": {
        "packument": "packument"
      }
    }
  },
  "root": "root",
  "version": 7
}
