{
  "nodes": {
    "packument": {
      "flake": false,
      "locked": {
        "narHash": "sha256-j/oTOPZFpmJEc7znBsH8gV3Ha7KUVdJKR94YLZuWvUk=",
        "type": "file",
        "url": "https://skimdb.npmjs.com/registry/ethereum-cryptography?_rev=28-7f54dd183fc920f03b6cbaf945221461"
      },
      "original": {
        "type": "file",
        "url": "https://skimdb.npmjs.com/registry/ethereum-cryptography?_rev=28-7f54dd183fc920f03b6cbaf945221461"
      }
    },
    "root": {
      "inputs": {
        "packument": "packument"
      }
    }
  },
  "root": "root",
  "version": 7
}
