{
  "nodes": {
    "packument": {
      "flake": false,
      "locked": {
        "narHash": "sha256-F3g0hIeZnmve9BcaPS+hbMO/5vmjpJB+b2vCsbGJbnU=",
        "type": "file",
        "url": "https://registry.npmjs.org/firebase?rev=3406-32a0f1e7fe9ab977843e5730a1f0354c"
      },
      "original": {
        "type": "file",
        "url": "https://registry.npmjs.org/firebase?rev=3406-32a0f1e7fe9ab977843e5730a1f0354c"
      }
    },
    "root": {
      "inputs": {
        "packument": "packument"
      }
    }
  },
  "root": "root",
  "version": 7
}
