{
  "nodes": {
    "packument": {
      "flake": false,
      "locked": {
        "narHash": "sha256-lp7W++TmZmVSBr4wdQikhR0q2wiTyfsiidhbcIBe2ow=",
        "type": "file",
        "url": "https://registry.npmjs.org/pg-types?rev=34-81a859d171831fd549d78c72e65e1aac"
      },
      "original": {
        "type": "file",
        "url": "https://registry.npmjs.org/pg-types?rev=34-81a859d171831fd549d78c72e65e1aac"
      }
    },
    "root": {
      "inputs": {
        "packument": "packument"
      }
    }
  },
  "root": "root",
  "version": 7
}
