{
  "nodes": {
    "packument": {
      "flake": false,
      "locked": {
        "narHash": "sha256-1m41rErfBhHKTPKq7ivZ0Iu2LYniUte4eUimI49HMqM=",
        "type": "file",
        "url": "https://skimdb.npmjs.com/registry/@types/ua-parser-js?_rev=520-cf2781d2a16ee378cbffe994fe985ccc"
      },
      "original": {
        "type": "file",
        "url": "https://skimdb.npmjs.com/registry/@types/ua-parser-js?_rev=520-cf2781d2a16ee378cbffe994fe985ccc"
      }
    },
    "root": {
      "inputs": {
        "packument": "packument"
      }
    }
  },
  "root": "root",
  "version": 7
}
