{
  "nodes": {
    "packument": {
      "flake": false,
      "locked": {
        "narHash": "sha256-JdSFcCFyx+aLQT1OvtwJjb46ee9ezWlsyUK5mQnwsUA=",
        "type": "file",
        "url": "https://skimdb.npmjs.com/registry/@azure%2fcore-util?_rev=40-4ad378c4ca877ce9deed49bdeaf61e2b"
      },
      "original": {
        "type": "file",
        "url": "https://skimdb.npmjs.com/registry/@azure%2fcore-util?_rev=40-4ad378c4ca877ce9deed49bdeaf61e2b"
      }
    },
    "root": {
      "inputs": {
        "packument": "packument"
      }
    }
  },
  "root": "root",
  "version": 7
}
