{
  "nodes": {
    "packument": {
      "flake": false,
      "locked": {
        "narHash": "sha256-quwS4RP1c4fpnLKQiGeSzPqc59IE9YWKjni74s52lio=",
        "type": "file",
        "url": "https://skimdb.npmjs.com/registry/lodash.isfinite?_rev=40-95b0b1bd71625126ce989cf25fd53b46"
      },
      "original": {
        "type": "file",
        "url": "https://skimdb.npmjs.com/registry/lodash.isfinite?_rev=40-95b0b1bd71625126ce989cf25fd53b46"
      }
    },
    "root": {
      "inputs": {
        "packument": "packument"
      }
    }
  },
  "root": "root",
  "version": 7
}
