{
  "nodes": {
    "packument": {
      "flake": false,
      "locked": {
        "narHash": "sha256-BZj5pnQ7PGtPQ9r6sK4ou8Ca4rAlfHRfiyB+x5mgj9M=",
        "type": "file",
        "url": "https://registry.npmjs.org/@sapphire/snowflake"
      },
      "original": {
        "type": "file",
        "url": "https://registry.npmjs.org/@sapphire/snowflake"
      }
    },
    "root": {
      "inputs": {
        "packument": "packument"
      }
    }
  },
  "root": "root",
  "version": 7
}
