{
  "nodes": {
    "packument": {
      "flake": false,
      "locked": {
        "narHash": "sha256-kqgm+Z1Xm+ZgqOVA9aCva8ZEBSdo5Ua3SGKzCDyxar0=",
        "type": "file",
        "url": "https://registry.npmjs.org/thunky?rev=15-5c2df7153f564e4f1ad92cc044ded160"
      },
      "original": {
        "type": "file",
        "url": "https://registry.npmjs.org/thunky?rev=15-5c2df7153f564e4f1ad92cc044ded160"
      }
    },
    "root": {
      "inputs": {
        "packument": "packument"
      }
    }
  },
  "root": "root",
  "version": 7
}
