{
  "nodes": {
    "packument": {
      "flake": false,
      "locked": {
        "narHash": "sha256-ZktiH6cBDWx+J+HRcqCvK2fTDQUnD8farHI0dx7siX8=",
        "type": "file",
        "url": "https://skimdb.npmjs.com/registry/@firebase%2finstallations?_rev=2127-04044b4496637847a3de97628250435e"
      },
      "original": {
        "type": "file",
        "url": "https://skimdb.npmjs.com/registry/@firebase%2finstallations?_rev=2127-04044b4496637847a3de97628250435e"
      }
    },
    "root": {
      "inputs": {
        "packument": "packument"
      }
    }
  },
  "root": "root",
  "version": 7
}
