{
  "nodes": {
    "packument": {
      "flake": false,
      "locked": {
        "narHash": "sha256-uo/0IJSHg8H5v1HKQIS8WZb349p478YgWZZo2o1nz4o=",
        "type": "file",
        "url": "https://registry.npmjs.org/yeoman-environment?rev=110-372dd48a82e7c8372a0f556f34b4de17"
      },
      "original": {
        "type": "file",
        "url": "https://registry.npmjs.org/yeoman-environment?rev=110-372dd48a82e7c8372a0f556f34b4de17"
      }
    },
    "root": {
      "inputs": {
        "packument": "packument"
      }
    }
  },
  "root": "root",
  "version": 7
}
