{
  "nodes": {
    "packument": {
      "flake": false,
      "locked": {
        "narHash": "sha256-wkfDjqTsMYtbvSyxnkWKCUVF7XymtJ7it9Of5S1/8y0=",
        "type": "file",
        "url": "https://skimdb.npmjs.com/registry/regenerator-transform?_rev=38-053201e04f41034488854142435113cd"
      },
      "original": {
        "type": "file",
        "url": "https://skimdb.npmjs.com/registry/regenerator-transform?_rev=38-053201e04f41034488854142435113cd"
      }
    },
    "root": {
      "inputs": {
        "packument": "packument"
      }
    }
  },
  "root": "root",
  "version": 7
}
