{
  "nodes": {
    "packument": {
      "flake": false,
      "locked": {
        "narHash": "sha256-yWC1y6yDve0CW2dTxUwM7SLi2b+761nekJH+H90SO2Q=",
        "type": "file",
        "url": "https://skimdb.npmjs.com/registry/@babel/plugin-transform-dotall-regex?_rev=68-8369c46d0d520d2407821dc88912017f"
      },
      "original": {
        "type": "file",
        "url": "https://skimdb.npmjs.com/registry/@babel/plugin-transform-dotall-regex?_rev=68-8369c46d0d520d2407821dc88912017f"
      }
    },
    "root": {
      "inputs": {
        "packument": "packument"
      }
    }
  },
  "root": "root",
  "version": 7
}
