{
  "nodes": {
    "packument": {
      "flake": false,
      "locked": {
        "narHash": "sha256-5eZ1XIneRCWIpbe74aNjSvP5uDQ6BWKDGzEX47o7ydE=",
        "type": "file",
        "url": "https://registry.npmjs.org/@phosphor/messaging"
      },
      "original": {
        "type": "file",
        "url": "https://registry.npmjs.org/@phosphor/messaging"
      }
    },
    "root": {
      "inputs": {
        "packument": "packument"
      }
    }
  },
  "root": "root",
  "version": 7
}
