{
  "nodes": {
    "packument": {
      "flake": false,
      "locked": {
        "narHash": "sha256-3zXHLaRQRa1OXEA/EbH0NCsAE2ZXc3vWH3mDjfk9ywU=",
        "type": "file",
        "url": "https://registry.npmjs.org/humanize?rev=38-5ad2cbef247eed9f40ad81c930b8caa1"
      },
      "original": {
        "type": "file",
        "url": "https://registry.npmjs.org/humanize?rev=38-5ad2cbef247eed9f40ad81c930b8caa1"
      }
    },
    "root": {
      "inputs": {
        "packument": "packument"
      }
    }
  },
  "root": "root",
  "version": 7
}
