{
  "nodes": {
    "packument": {
      "flake": false,
      "locked": {
        "narHash": "sha256-9sHkUyWPdYw0PJiaJcUcUwX/skZdhO0mF/uGYHAa37Q=",
        "type": "file",
        "url": "https://registry.npmjs.org/xml-js?rev=75-055c2bf32a6f4d88702f8d987e22088d"
      },
      "original": {
        "type": "file",
        "url": "https://registry.npmjs.org/xml-js?rev=75-055c2bf32a6f4d88702f8d987e22088d"
      }
    },
    "root": {
      "inputs": {
        "packument": "packument"
      }
    }
  },
  "root": "root",
  "version": 7
}
