{
  "nodes": {
    "packument": {
      "flake": false,
      "locked": {
        "narHash": "sha256-NF8rZyuc9X1LqtXtJRRBp9r01lhr1pCrOHYSPUS4TKM=",
        "type": "file",
        "url": "https://registry.npmjs.org/chart.js?rev=171-6701c06196cf10967f9444e3eb9fd46a"
      },
      "original": {
        "type": "file",
        "url": "https://registry.npmjs.org/chart.js?rev=171-6701c06196cf10967f9444e3eb9fd46a"
      }
    },
    "root": {
      "inputs": {
        "packument": "packument"
      }
    }
  },
  "root": "root",
  "version": 7
}
