{
  "nodes": {
    "packument": {
      "flake": false,
      "locked": {
        "narHash": "sha256-rdi0hRgtOuu9uOjy+zqvhg5504rdXlPLMDnEuefRAKE=",
        "type": "file",
        "url": "https://skimdb.npmjs.com/registry/insert-module-globals?_rev=160-3d83bb875b2db6c69090e57a1630b4cd"
      },
      "original": {
        "type": "file",
        "url": "https://skimdb.npmjs.com/registry/insert-module-globals?_rev=160-3d83bb875b2db6c69090e57a1630b4cd"
      }
    },
    "root": {
      "inputs": {
        "packument": "packument"
      }
    }
  },
  "root": "root",
  "version": 7
}
