{
  "nodes": {
    "packument": {
      "flake": false,
      "locked": {
        "narHash": "sha256-7M5FpmmK0SCoobiRDIo8BLOt4RhoWwFKNwokPvr4zt0=",
        "type": "file",
        "url": "https://skimdb.npmjs.com/registry/@react-native-community/cli-tools?_rev=97-6e2a16644b0b696df6ec260760a6390f"
      },
      "original": {
        "type": "file",
        "url": "https://skimdb.npmjs.com/registry/@react-native-community/cli-tools?_rev=97-6e2a16644b0b696df6ec260760a6390f"
      }
    },
    "root": {
      "inputs": {
        "packument": "packument"
      }
    }
  },
  "root": "root",
  "version": 7
}
