{
  "nodes": {
    "packument": {
      "flake": false,
      "locked": {
        "narHash": "sha256-RUBCf8tBXOD3Zv8HXkJJrNlUAmxEXu7rqvrlAzlwWjY=",
        "type": "file",
        "url": "https://skimdb.npmjs.com/registry/wget-improved-2?_rev=1-a8387c8171809fc340bc6c99600e22e0"
      },
      "original": {
        "type": "file",
        "url": "https://skimdb.npmjs.com/registry/wget-improved-2?_rev=1-a8387c8171809fc340bc6c99600e22e0"
      }
    },
    "root": {
      "inputs": {
        "packument": "packument"
      }
    }
  },
  "root": "root",
  "version": 7
}
