{
  "nodes": {
    "packument": {
      "flake": false,
      "locked": {
        "narHash": "sha256-kMlGsFJ+w0MOg8zDonRWGmvJXq72pWjJwTDqmtsWAAg=",
        "type": "file",
        "url": "https://registry.npmjs.org/@serialport/parser-inter-byte-timeout?rev=17-e7ff8ae9c3858eaecd1ffd940a2962f4"
      },
      "original": {
        "type": "file",
        "url": "https://registry.npmjs.org/@serialport/parser-inter-byte-timeout?rev=17-e7ff8ae9c3858eaecd1ffd940a2962f4"
      }
    },
    "root": {
      "inputs": {
        "packument": "packument"
      }
    }
  },
  "root": "root",
  "version": 7
}
