{
  "nodes": {
    "packument": {
      "flake": false,
      "locked": {
        "narHash": "sha256-SQyW1x+Rkg9XZ4tOM12qhf0dW96Irn4eMMbdeXGQKG4=",
        "type": "file",
        "url": "https://registry.npmjs.org/htmlescape"
      },
      "original": {
        "type": "file",
        "url": "https://registry.npmjs.org/htmlescape"
      }
    },
    "root": {
      "inputs": {
        "packument": "packument"
      }
    }
  },
  "root": "root",
  "version": 7
}
