{
  "nodes": {
    "packument": {
      "flake": false,
      "locked": {
        "narHash": "sha256-6MlbHO7VczM3Y/8ECfD5BsGXNUOjLv9ry3bL5EARkoM=",
        "type": "file",
        "url": "https://registry.npmjs.org/is-interactive"
      },
      "original": {
        "type": "file",
        "url": "https://registry.npmjs.org/is-interactive"
      }
    },
    "root": {
      "inputs": {
        "packument": "packument"
      }
    }
  },
  "root": "root",
  "version": 7
}
