{
  "nodes": {
    "packument": {
      "flake": false,
      "locked": {
        "narHash": "sha256-nQATGuVbBDww2gfoPEgXE9/8sYrOuuUQI8wwms72CTo=",
        "type": "file",
        "url": "https://registry.npmjs.org/@typescript-eslint/eslint-plugin?rev=2363-3d4f6db12e5894e8e4c6840c24caa3f8"
      },
      "original": {
        "type": "file",
        "url": "https://registry.npmjs.org/@typescript-eslint/eslint-plugin?rev=2363-3d4f6db12e5894e8e4c6840c24caa3f8"
      }
    },
    "root": {
      "inputs": {
        "packument": "packument"
      }
    }
  },
  "root": "root",
  "version": 7
}
