{
  "nodes": {
    "packument": {
      "flake": false,
      "locked": {
        "narHash": "sha256-GT+IsMeEgrUd6PN/ZdhNYK/vL+GmdvuwMLrvQmvgqCg=",
        "type": "file",
        "url": "https://registry.npmjs.org/setimmediate?rev=21-573daeaafb858ed2e594715178017d4a"
      },
      "original": {
        "type": "file",
        "url": "https://registry.npmjs.org/setimmediate?rev=21-573daeaafb858ed2e594715178017d4a"
      }
    },
    "root": {
      "inputs": {
        "packument": "packument"
      }
    }
  },
  "root": "root",
  "version": 7
}
