{
  "nodes": {
    "packument": {
      "flake": false,
      "locked": {
        "narHash": "sha256-GH7jag/xUhOzkjg5A/9sVijTmtC6KE8wHOeuCETwBiM=",
        "type": "file",
        "url": "https://skimdb.npmjs.com/registry/filesize?_rev=216-bb1bc770ad0fd3c0900c0f69e44a60f3"
      },
      "original": {
        "type": "file",
        "url": "https://skimdb.npmjs.com/registry/filesize?_rev=216-bb1bc770ad0fd3c0900c0f69e44a60f3"
      }
    },
    "root": {
      "inputs": {
        "packument": "packument"
      }
    }
  },
  "root": "root",
  "version": 7
}
