{
  "nodes": {
    "packument": {
      "flake": false,
      "locked": {
        "narHash": "sha256-OPLLmA97S6pmSesP/TIZO9A10GA88W5HmnGGQzvwloY=",
        "type": "file",
        "url": "https://registry.npmjs.org/@jest/core?rev=137-733c216d08150daa99542e11059995e4"
      },
      "original": {
        "type": "file",
        "url": "https://registry.npmjs.org/@jest/core?rev=137-733c216d08150daa99542e11059995e4"
      }
    },
    "root": {
      "inputs": {
        "packument": "packument"
      }
    }
  },
  "root": "root",
  "version": 7
}
