{
  "nodes": {
    "packument": {
      "flake": false,
      "locked": {
        "narHash": "sha256-rORbInq9M9blLax+YCmSpQUvwWDZoL1mYjS9e6C+yL0=",
        "type": "file",
        "url": "https://registry.npmjs.org/@angular/router?rev=722-988e358d85cb69fd76519508aea872b0"
      },
      "original": {
        "type": "file",
        "url": "https://registry.npmjs.org/@angular/router?rev=722-988e358d85cb69fd76519508aea872b0"
      }
    },
    "root": {
      "inputs": {
        "packument": "packument"
      }
    }
  },
  "root": "root",
  "version": 7
}
