{
  "nodes": {
    "packument": {
      "flake": false,
      "locked": {
        "narHash": "sha256-jRi/fCAlOXKQqaAGfjqhzEXa99k7I9ZdG01q4Ao7q+c=",
        "type": "file",
        "url": "https://skimdb.npmjs.com/registry/@babel/plugin-transform-exponentiation-operator?_rev=79-a63d47b6f4edac5b3090733f6cb9e61a"
      },
      "original": {
        "type": "file",
        "url": "https://skimdb.npmjs.com/registry/@babel/plugin-transform-exponentiation-operator?_rev=79-a63d47b6f4edac5b3090733f6cb9e61a"
      }
    },
    "root": {
      "inputs": {
        "packument": "packument"
      }
    }
  },
  "root": "root",
  "version": 7
}
