{
  "nodes": {
    "packument": {
      "flake": false,
      "locked": {
        "narHash": "sha256-WSQisklZ9TNsXREg6OIlTolA3A6pFqdfkmhK07iCYj4=",
        "type": "file",
        "url": "https://registry.npmjs.org/@firebase/logger"
      },
      "original": {
        "type": "file",
        "url": "https://registry.npmjs.org/@firebase/logger"
      }
    },
    "root": {
      "inputs": {
        "packument": "packument"
      }
    }
  },
  "root": "root",
  "version": 7
}
