{
  "nodes": {
    "packument": {
      "flake": false,
      "locked": {
        "narHash": "sha256-+XJrSlEb90XCFNudWjdJv2ueT59mkK15YwTJuRN8xZs=",
        "type": "file",
        "url": "https://skimdb.npmjs.com/registry/postcss-reduce-initial?_rev=43-e879ec26faba8eccb803cf381336ddfd"
      },
      "original": {
        "type": "file",
        "url": "https://skimdb.npmjs.com/registry/postcss-reduce-initial?_rev=43-e879ec26faba8eccb803cf381336ddfd"
      }
    },
    "root": {
      "inputs": {
        "packument": "packument"
      }
    }
  },
  "root": "root",
  "version": 7
}
