{
  "nodes": {
    "packument": {
      "flake": false,
      "locked": {
        "narHash": "sha256-nh01abr9NOeaDv+2VQHZQo1LRSdcq9vtiKXOTYUBvpw=",
        "type": "file",
        "url": "https://skimdb.npmjs.com/registry/run-parallel?_rev=48-cd21abfcfd691087fb2933829ab0fd54"
      },
      "original": {
        "type": "file",
        "url": "https://skimdb.npmjs.com/registry/run-parallel?_rev=48-cd21abfcfd691087fb2933829ab0fd54"
      }
    },
    "root": {
      "inputs": {
        "packument": "packument"
      }
    }
  },
  "root": "root",
  "version": 7
}
