{
  "nodes": {
    "packument": {
      "flake": false,
      "locked": {
        "narHash": "sha256-iFcbxSafL9aU7FlgCszz5XCTO2AQGwJL0uOvxN8q7O0=",
        "type": "file",
        "url": "https://skimdb.npmjs.com/registry/react-markdown?_rev=113-e4388f4688043727f6397c4731555898"
      },
      "original": {
        "type": "file",
        "url": "https://skimdb.npmjs.com/registry/react-markdown?_rev=113-e4388f4688043727f6397c4731555898"
      }
    },
    "root": {
      "inputs": {
        "packument": "packument"
      }
    }
  },
  "root": "root",
  "version": 7
}
