{
  "nodes": {
    "packument": {
      "flake": false,
      "locked": {
        "narHash": "sha256-B5sAlV36oEKB1KjsbgfslvpMTbJfLxbWq3bZuACUgVg=",
        "type": "file",
        "url": "https://registry.npmjs.org/@firebase/remote-config-types?rev=1731-1e681ba131d2227e8f7be0add4376f97"
      },
      "original": {
        "type": "file",
        "url": "https://registry.npmjs.org/@firebase/remote-config-types?rev=1731-1e681ba131d2227e8f7be0add4376f97"
      }
    },
    "root": {
      "inputs": {
        "packument": "packument"
      }
    }
  },
  "root": "root",
  "version": 7
}
