{
  "nodes": {
    "packument": {
      "flake": false,
      "locked": {
        "narHash": "sha256-o3WJ4dJep5wVvFpCvptkK7Ukt5sQIpj+MgKy1/RyEvo=",
        "type": "file",
        "url": "https://registry.npmjs.org/@emotion/memoize?rev=23-19a9068aa4a4d2193146726e9a5a9a75"
      },
      "original": {
        "type": "file",
        "url": "https://registry.npmjs.org/@emotion/memoize?rev=23-19a9068aa4a4d2193146726e9a5a9a75"
      }
    },
    "root": {
      "inputs": {
        "packument": "packument"
      }
    }
  },
  "root": "root",
  "version": 7
}
