{
  "nodes": {
    "packument": {
      "flake": false,
      "locked": {
        "narHash": "sha256-0vxt952nRZgGw/M1EVjywsQOvqkRgBxS3gqjT48akKQ=",
        "type": "file",
        "url": "https://skimdb.npmjs.com/registry/eslint-config-prettier?_rev=78-31f57bea7a892cc565d1e42604c33890"
      },
      "original": {
        "type": "file",
        "url": "https://skimdb.npmjs.com/registry/eslint-config-prettier?_rev=78-31f57bea7a892cc565d1e42604c33890"
      }
    },
    "root": {
      "inputs": {
        "packument": "packument"
      }
    }
  },
  "root": "root",
  "version": 7
}
