{
  "nodes": {
    "packument": {
      "flake": false,
      "locked": {
        "narHash": "sha256-FbYusIuUfA6oLvcWjWNJYL4rkGurrPSOyRNaZO+drZI=",
        "type": "file",
        "url": "https://registry.npmjs.org/merge-stream?rev=99-ee712bd71f1af4b022df717eebeab668"
      },
      "original": {
        "type": "file",
        "url": "https://registry.npmjs.org/merge-stream?rev=99-ee712bd71f1af4b022df717eebeab668"
      }
    },
    "root": {
      "inputs": {
        "packument": "packument"
      }
    }
  },
  "root": "root",
  "version": 7
}
