{
  "nodes": {
    "packument": {
      "flake": false,
      "locked": {
        "narHash": "sha256-85f6MD2Zp+CkgrOhTZnZIeBm4QI4BafSPUWA3UaPjy0=",
        "type": "file",
        "url": "https://skimdb.npmjs.com/registry/rst-selector-parser?_rev=8-9d7e584a4f7bd8bf4590821534dc987e"
      },
      "original": {
        "type": "file",
        "url": "https://skimdb.npmjs.com/registry/rst-selector-parser?_rev=8-9d7e584a4f7bd8bf4590821534dc987e"
      }
    },
    "root": {
      "inputs": {
        "packument": "packument"
      }
    }
  },
  "root": "root",
  "version": 7
}
