{
  "nodes": {
    "packument": {
      "flake": false,
      "locked": {
        "narHash": "sha256-e4RthYtc2rtImnQxUsYM6LWO3gW3nNCApZ02yVmu7NI=",
        "type": "file",
        "url": "https://skimdb.npmjs.com/registry/is-function?_rev=15-9204d3409d34fd1b5d8d12be921fe6fd"
      },
      "original": {
        "type": "file",
        "url": "https://skimdb.npmjs.com/registry/is-function?_rev=15-9204d3409d34fd1b5d8d12be921fe6fd"
      }
    },
    "root": {
      "inputs": {
        "packument": "packument"
      }
    }
  },
  "root": "root",
  "version": 7
}
