{
  "nodes": {
    "packument": {
      "flake": false,
      "locked": {
        "narHash": "sha256-eh+i06AnzykcrZIOwJUKA7cQugnZC27e3jenSrOwqmA=",
        "type": "file",
        "url": "https://registry.npmjs.org/html-webpack-plugin?rev=429-9608be3ecd196b8f40db7ef511e31f3e"
      },
      "original": {
        "type": "file",
        "url": "https://registry.npmjs.org/html-webpack-plugin?rev=429-9608be3ecd196b8f40db7ef511e31f3e"
      }
    },
    "root": {
      "inputs": {
        "packument": "packument"
      }
    }
  },
  "root": "root",
  "version": 7
}
