{
  "nodes": {
    "packument": {
      "flake": false,
      "locked": {
        "narHash": "sha256-FF0XFFbKpy2AK1Zq2fyPh0DBlhoubU+3KG4ZWCmZfIY=",
        "type": "file",
        "url": "https://skimdb.npmjs.com/registry/broccoli-plugin?_rev=28-8c95276d493e7b94aa544a041ac960e3"
      },
      "original": {
        "type": "file",
        "url": "https://skimdb.npmjs.com/registry/broccoli-plugin?_rev=28-8c95276d493e7b94aa544a041ac960e3"
      }
    },
    "root": {
      "inputs": {
        "packument": "packument"
      }
    }
  },
  "root": "root",
  "version": 7
}
