{
  "nodes": {
    "packument": {
      "flake": false,
      "locked": {
        "narHash": "sha256-nmulROjusyWkle9cHv+h0tTWJx+qhB9CBDmkxYPF+XQ=",
        "type": "file",
        "url": "https://registry.npmjs.org/@apollo/react-common"
      },
      "original": {
        "type": "file",
        "url": "https://registry.npmjs.org/@apollo/react-common"
      }
    },
    "root": {
      "inputs": {
        "packument": "packument"
      }
    }
  },
  "root": "root",
  "version": 7
}
