{
  "nodes": {
    "packument": {
      "flake": false,
      "locked": {
        "narHash": "sha256-/BIi+l763ulr46jiX30Bumd6EVJifRMehHE+ml0Eigo=",
        "type": "file",
        "url": "https://skimdb.npmjs.com/registry/postcss-normalize-whitespace?_rev=39-e865809897c755e05f69f2d5e1f61514"
      },
      "original": {
        "type": "file",
        "url": "https://skimdb.npmjs.com/registry/postcss-normalize-whitespace?_rev=39-e865809897c755e05f69f2d5e1f61514"
      }
    },
    "root": {
      "inputs": {
        "packument": "packument"
      }
    }
  },
  "root": "root",
  "version": 7
}
