{
  "nodes": {
    "packument": {
      "flake": false,
      "locked": {
        "narHash": "sha256-CXOhK+AwWgj8z804S+pxf9oR2lLKwbViKpRzMb5QUGo=",
        "type": "file",
        "url": "https://skimdb.npmjs.com/registry/magic-string?_rev=136-f47ab2590a7716e99b816762dfb9ec4a"
      },
      "original": {
        "type": "file",
        "url": "https://skimdb.npmjs.com/registry/magic-string?_rev=136-f47ab2590a7716e99b816762dfb9ec4a"
      }
    },
    "root": {
      "inputs": {
        "packument": "packument"
      }
    }
  },
  "root": "root",
  "version": 7
}
