{
  "nodes": {
    "packument": {
      "flake": false,
      "locked": {
        "narHash": "sha256-BGFppY8N3H5tDOKovxVInuAqJVExNv2PE2IjFni9TVk=",
        "type": "file",
        "url": "https://registry.npmjs.org/@jest/environment"
      },
      "original": {
        "type": "file",
        "url": "https://registry.npmjs.org/@jest/environment"
      }
    },
    "root": {
      "inputs": {
        "packument": "packument"
      }
    }
  },
  "root": "root",
  "version": 7
}
