{
  "nodes": {
    "packument": {
      "flake": false,
      "locked": {
        "narHash": "sha256-yavoL95n2NFrY9bDXXhL1G29/0r6xa0WU9iVfoKQNx4=",
        "type": "file",
        "url": "https://registry.npmjs.org/sharp"
      },
      "original": {
        "type": "file",
        "url": "https://registry.npmjs.org/sharp"
      }
    },
    "root": {
      "inputs": {
        "packument": "packument"
      }
    }
  },
  "root": "root",
  "version": 7
}
