{
  "nodes": {
    "packument": {
      "flake": false,
      "locked": {
        "narHash": "sha256-0oA5FKfAdz9QmOjxk2h25HQNMwxDIdiWzWuppLMbSrE=",
        "type": "file",
        "url": "https://registry.npmjs.org/node-opcua-client-crawler?rev=240-c2682eb530cc2c5f1e84ce12480e59f0"
      },
      "original": {
        "type": "file",
        "url": "https://registry.npmjs.org/node-opcua-client-crawler?rev=240-c2682eb530cc2c5f1e84ce12480e59f0"
      }
    },
    "root": {
      "inputs": {
        "packument": "packument"
      }
    }
  },
  "root": "root",
  "version": 7
}
