{
  "nodes": {
    "packument": {
      "flake": false,
      "locked": {
        "narHash": "sha256-jzrtpPh6uefYmqA8Ex5855ihxLiWjhTw9cv1OAwriKw=",
        "type": "file",
        "url": "https://registry.npmjs.org/dotenv-expand?rev=21-957baf294f0cfca1260c6882980a3c85"
      },
      "original": {
        "type": "file",
        "url": "https://registry.npmjs.org/dotenv-expand?rev=21-957baf294f0cfca1260c6882980a3c85"
      }
    },
    "root": {
      "inputs": {
        "packument": "packument"
      }
    }
  },
  "root": "root",
  "version": 7
}
