{
  "nodes": {
    "packument": {
      "flake": false,
      "locked": {
        "narHash": "sha256-Z2RBYFn9JKRfncLBdg73x4cz4fLoYb+VzK8K6trJwZw=",
        "type": "file",
        "url": "https://registry.npmjs.org/form-data?rev=134-0b3955b94127e73648b6c756853fed21"
      },
      "original": {
        "type": "file",
        "url": "https://registry.npmjs.org/form-data?rev=134-0b3955b94127e73648b6c756853fed21"
      }
    },
    "root": {
      "inputs": {
        "packument": "packument"
      }
    }
  },
  "root": "root",
  "version": 7
}
