{
  "nodes": {
    "packument": {
      "flake": false,
      "locked": {
        "narHash": "sha256-KU58ogI0loNKfCw7RmSMlonK+zsndjALuy11VIwuYmk=",
        "type": "file",
        "url": "https://registry.npmjs.org/@types/snowflake-sdk"
      },
      "original": {
        "type": "file",
        "url": "https://registry.npmjs.org/@types/snowflake-sdk"
      }
    },
    "root": {
      "inputs": {
        "packument": "packument"
      }
    }
  },
  "root": "root",
  "version": 7
}
