{
  "nodes": {
    "packument": {
      "flake": false,
      "locked": {
        "narHash": "sha256-+/Elub6XRfgvNTzcjS2/nkDQIdhObQKogxTWToXxuds=",
        "type": "file",
        "url": "https://skimdb.npmjs.com/registry/node-opcua-service-register-node?_rev=178-d58f6b00308676dd27d2ce4b10e5d68d"
      },
      "original": {
        "type": "file",
        "url": "https://skimdb.npmjs.com/registry/node-opcua-service-register-node?_rev=178-d58f6b00308676dd27d2ce4b10e5d68d"
      }
    },
    "root": {
      "inputs": {
        "packument": "packument"
      }
    }
  },
  "root": "root",
  "version": 7
}
