{
  "nodes": {
    "packument": {
      "flake": false,
      "locked": {
        "narHash": "sha256-jxKX3wNJ+bqL6T5v517Isjj1nFcY3URcyWpcMjTGuo0=",
        "type": "file",
        "url": "https://registry.npmjs.org/redux-devtools-extension"
      },
      "original": {
        "type": "file",
        "url": "https://registry.npmjs.org/redux-devtools-extension"
      }
    },
    "root": {
      "inputs": {
        "packument": "packument"
      }
    }
  },
  "root": "root",
  "version": 7
}
