{
  "nodes": {
    "packument": {
      "flake": false,
      "locked": {
        "narHash": "sha256-gJW2TA7YEbUqAAMEWu3jDnjhTVIP4RyuUW+Udw8taJo=",
        "type": "file",
        "url": "https://registry.npmjs.org/@phosphor/signaling"
      },
      "original": {
        "type": "file",
        "url": "https://registry.npmjs.org/@phosphor/signaling"
      }
    },
    "root": {
      "inputs": {
        "packument": "packument"
      }
    }
  },
  "root": "root",
  "version": 7
}
