{
  "nodes": {
    "packument": {
      "flake": false,
      "locked": {
        "narHash": "sha256-dNDIcko9uDPp7YqQIrmV4Q1sCBh22Euq/3E99D10cks=",
        "type": "file",
        "url": "https://registry.npmjs.org/true-case-path"
      },
      "original": {
        "type": "file",
        "url": "https://registry.npmjs.org/true-case-path"
      }
    },
    "root": {
      "inputs": {
        "packument": "packument"
      }
    }
  },
  "root": "root",
  "version": 7
}
