{
  "nodes": {
    "packument": {
      "flake": false,
      "locked": {
        "narHash": "sha256-+mCLpwPqRrtuBcBJe3vOM/Vow/Q+4nieaMpk8zVaIIk=",
        "type": "file",
        "url": "https://skimdb.npmjs.com/registry/get-package-type?_rev=1-21a2cde41ea94e143daa5d324475ad2f"
      },
      "original": {
        "type": "file",
        "url": "https://skimdb.npmjs.com/registry/get-package-type?_rev=1-21a2cde41ea94e143daa5d324475ad2f"
      }
    },
    "root": {
      "inputs": {
        "packument": "packument"
      }
    }
  },
  "root": "root",
  "version": 7
}
