{
  "nodes": {
    "packument": {
      "flake": false,
      "locked": {
        "narHash": "sha256-AzAaKWMJGu4wY8vS/w7Rf3HLkoAZIVllc/DMdhYofRU=",
        "type": "file",
        "url": "https://registry.npmjs.org/value-or-promise"
      },
      "original": {
        "type": "file",
        "url": "https://registry.npmjs.org/value-or-promise"
      }
    },
    "root": {
      "inputs": {
        "packument": "packument"
      }
    }
  },
  "root": "root",
  "version": 7
}
