{
  "nodes": {
    "packument": {
      "flake": false,
      "locked": {
        "narHash": "sha256-btRNd5DI7VBabErsW99BUExGM4yS+rKDH5WJ7T/Qiyo=",
        "type": "file",
        "url": "https://registry.npmjs.org/leveldown"
      },
      "original": {
        "type": "file",
        "url": "https://registry.npmjs.org/leveldown"
      }
    },
    "root": {
      "inputs": {
        "packument": "packument"
      }
    }
  },
  "root": "root",
  "version": 7
}
