{
  "nodes": {
    "packument": {
      "flake": false,
      "locked": {
        "narHash": "sha256-Q7NJh6FQuA2RW2Yaw1OORiI69HKmeXZaedX4e6rB0SA=",
        "type": "file",
        "url": "https://skimdb.npmjs.com/registry/@aws-sdk%2futil-body-length-node?_rev=70-165204a02411594423213f837ef67605"
      },
      "original": {
        "type": "file",
        "url": "https://skimdb.npmjs.com/registry/@aws-sdk%2futil-body-length-node?_rev=70-165204a02411594423213f837ef67605"
      }
    },
    "root": {
      "inputs": {
        "packument": "packument"
      }
    }
  },
  "root": "root",
  "version": 7
}
