{
  "nodes": {
    "packument": {
      "flake": false,
      "locked": {
        "narHash": "sha256-cZ0po75WmJ1eKz/NpsJx9Xcd1QvEI4nsnV0s5aeP3Z8=",
        "type": "file",
        "url": "https://skimdb.npmjs.com/registry/ember-cli-version-checker?_rev=45-ac26eea41f1c495a5d79f56138b584e0"
      },
      "original": {
        "type": "file",
        "url": "https://skimdb.npmjs.com/registry/ember-cli-version-checker?_rev=45-ac26eea41f1c495a5d79f56138b584e0"
      }
    },
    "root": {
      "inputs": {
        "packument": "packument"
      }
    }
  },
  "root": "root",
  "version": 7
}
