{
  "nodes": {
    "packument": {
      "flake": false,
      "locked": {
        "narHash": "sha256-zYNdLdST9c0bheybxAB4YEH///GdOnYaCQSnYIKIl4Q=",
        "type": "file",
        "url": "https://skimdb.npmjs.com/registry/babel-preset-react-app?_rev=148-d5ac96cd32e4eb9b0910da339fd00ea3"
      },
      "original": {
        "type": "file",
        "url": "https://skimdb.npmjs.com/registry/babel-preset-react-app?_rev=148-d5ac96cd32e4eb9b0910da339fd00ea3"
      }
    },
    "root": {
      "inputs": {
        "packument": "packument"
      }
    }
  },
  "root": "root",
  "version": 7
}
