{
  "nodes": {
    "packument": {
      "flake": false,
      "locked": {
        "narHash": "sha256-b7uoUQh9+J+p7xnvUhzrRWmYt4z63cbxSIZeEEqg7dc=",
        "type": "file",
        "url": "https://registry.npmjs.org/jsonify"
      },
      "original": {
        "type": "file",
        "url": "https://registry.npmjs.org/jsonify"
      }
    },
    "root": {
      "inputs": {
        "packument": "packument"
      }
    }
  },
  "root": "root",
  "version": 7
}
