{
  "nodes": {
    "packument": {
      "flake": false,
      "locked": {
        "narHash": "sha256-UsW+YMC/j0CiV8A9dmEuyPUYypPfzXV6tiGKAVRnhsk=",
        "type": "file",
        "url": "https://registry.npmjs.org/web3-eth-personal?rev=143-6c35e61ff44656b3c9cdf3fc143c8ff9"
      },
      "original": {
        "type": "file",
        "url": "https://registry.npmjs.org/web3-eth-personal?rev=143-6c35e61ff44656b3c9cdf3fc143c8ff9"
      }
    },
    "root": {
      "inputs": {
        "packument": "packument"
      }
    }
  },
  "root": "root",
  "version": 7
}
