{
  "nodes": {
    "packument": {
      "flake": false,
      "locked": {
        "narHash": "sha256-Ph505kgsHDVlHfrmQlXi3v7oiRsSqhqm8t+62RZfW0A=",
        "type": "file",
        "url": "https://registry.npmjs.org/is-generator-function"
      },
      "original": {
        "type": "file",
        "url": "https://registry.npmjs.org/is-generator-function"
      }
    },
    "root": {
      "inputs": {
        "packument": "packument"
      }
    }
  },
  "root": "root",
  "version": 7
}
