{
  "nodes": {
    "packument": {
      "flake": false,
      "locked": {
        "narHash": "sha256-TxZ1xEuaGB9Xw2RJu3+RnBS2K/Vxl9utMirgxo903BU=",
        "type": "file",
        "url": "https://registry.npmjs.org/@antv/g-plugin-image-loader?rev=49-d5ec23b879a3023b626b3c0d7cd93ccc"
      },
      "original": {
        "type": "file",
        "url": "https://registry.npmjs.org/@antv/g-plugin-image-loader?rev=49-d5ec23b879a3023b626b3c0d7cd93ccc"
      }
    },
    "root": {
      "inputs": {
        "packument": "packument"
      }
    }
  },
  "root": "root",
  "version": 7
}
