{
  "nodes": {
    "packument": {
      "flake": false,
      "locked": {
        "narHash": "sha256-P1ziynhyvQV4q//6MvXvpM4/veT6oukp91L9Ur6AXO0=",
        "type": "file",
        "url": "https://registry.npmjs.org/undici"
      },
      "original": {
        "type": "file",
        "url": "https://registry.npmjs.org/undici"
      }
    },
    "root": {
      "inputs": {
        "packument": "packument"
      }
    }
  },
  "root": "root",
  "version": 7
}
