{
  "nodes": {
    "packument": {
      "flake": false,
      "locked": {
        "narHash": "sha256-zOMdFACJDHNLssXmVX8zUeHH3L5DCQSWZqLtG1eq5vk=",
        "type": "file",
        "url": "https://registry.npmjs.org/ecc-jsbn?rev=12-839c7f44abb9a3fd259247f4e7f20fa9"
      },
      "original": {
        "type": "file",
        "url": "https://registry.npmjs.org/ecc-jsbn?rev=12-839c7f44abb9a3fd259247f4e7f20fa9"
      }
    },
    "root": {
      "inputs": {
        "packument": "packument"
      }
    }
  },
  "root": "root",
  "version": 7
}
