{
  "nodes": {
    "packument": {
      "flake": false,
      "locked": {
        "narHash": "sha256-rNcKOZqoQx8L23YT9ZksKa9MOwR3Uk8kIxHRxHxrCBo=",
        "type": "file",
        "url": "https://skimdb.npmjs.com/registry/utif?_rev=14-1004a6645c45bc640614bd84a177c34a"
      },
      "original": {
        "type": "file",
        "url": "https://skimdb.npmjs.com/registry/utif?_rev=14-1004a6645c45bc640614bd84a177c34a"
      }
    },
    "root": {
      "inputs": {
        "packument": "packument"
      }
    }
  },
  "root": "root",
  "version": 7
}
