{
  "nodes": {
    "packument": {
      "flake": false,
      "locked": {
        "narHash": "sha256-tciTcbFm4/zKh6eifxbljVj0N0e2QjnO0879HUWJQsE=",
        "type": "file",
        "url": "https://registry.npmjs.org/@aws-sdk/middleware-stack"
      },
      "original": {
        "type": "file",
        "url": "https://registry.npmjs.org/@aws-sdk/middleware-stack"
      }
    },
    "root": {
      "inputs": {
        "packument": "packument"
      }
    }
  },
  "root": "root",
  "version": 7
}
