{
  "nodes": {
    "packument": {
      "flake": false,
      "locked": {
        "narHash": "sha256-5JwyvA/6td+gtcNgAJucS4G3WNuD7m/uPpytm3CM6co=",
        "type": "file",
        "url": "https://registry.npmjs.org/gray-matter"
      },
      "original": {
        "type": "file",
        "url": "https://registry.npmjs.org/gray-matter"
      }
    },
    "root": {
      "inputs": {
        "packument": "packument"
      }
    }
  },
  "root": "root",
  "version": 7
}
