{
  "nodes": {
    "packument": {
      "flake": false,
      "locked": {
        "narHash": "sha256-wuf1dGDtXjg4o2F02tXzTH619rErX0xLl6yVshbbU7Y=",
        "type": "file",
        "url": "https://registry.npmjs.org/gulp-util"
      },
      "original": {
        "type": "file",
        "url": "https://registry.npmjs.org/gulp-util"
      }
    },
    "root": {
      "inputs": {
        "packument": "packument"
      }
    }
  },
  "root": "root",
  "version": 7
}
