{
  "nodes": {
    "packument": {
      "flake": false,
      "locked": {
        "narHash": "sha256-JuwZEBPn4vHgaYr0E2QfaMsXaureluwBeX5/i1Q98UY=",
        "type": "file",
        "url": "https://skimdb.npmjs.com/registry/style-mod?_rev=19-00962d9770064e79fc8bcc8bc9849bfd"
      },
      "original": {
        "type": "file",
        "url": "https://skimdb.npmjs.com/registry/style-mod?_rev=19-00962d9770064e79fc8bcc8bc9849bfd"
      }
    },
    "root": {
      "inputs": {
        "packument": "packument"
      }
    }
  },
  "root": "root",
  "version": 7
}
