{
  "nodes": {
    "packument": {
      "flake": false,
      "locked": {
        "narHash": "sha256-odRsh+kvtDzPQRk7vBFtDqZFHx9KqhE3pbj30S9IIX4=",
        "type": "file",
        "url": "https://skimdb.npmjs.com/registry/hard-rejection?_rev=7-9f3f68ac34604e1ae058f950437cf0ba"
      },
      "original": {
        "type": "file",
        "url": "https://skimdb.npmjs.com/registry/hard-rejection?_rev=7-9f3f68ac34604e1ae058f950437cf0ba"
      }
    },
    "root": {
      "inputs": {
        "packument": "packument"
      }
    }
  },
  "root": "root",
  "version": 7
}
