{
  "nodes": {
    "packument": {
      "flake": false,
      "locked": {
        "narHash": "sha256-jBbwI0lbgNAC7qvwyvqHSOsDC1W0t5cP2IoZVaeAam4=",
        "type": "file",
        "url": "https://skimdb.npmjs.com/registry/@babel%2fplugin-transform-react-pure-annotations?_rev=13-71e5bcc4c7f0655cff372ff9726d2db0"
      },
      "original": {
        "type": "file",
        "url": "https://skimdb.npmjs.com/registry/@babel%2fplugin-transform-react-pure-annotations?_rev=13-71e5bcc4c7f0655cff372ff9726d2db0"
      }
    },
    "root": {
      "inputs": {
        "packument": "packument"
      }
    }
  },
  "root": "root",
  "version": 7
}
