{
  "nodes": {
    "packument": {
      "flake": false,
      "locked": {
        "narHash": "sha256-MoMtgm14ihcr90KxWhmMkzmYpoCCn/Slfv3hmSgSVn0=",
        "type": "file",
        "url": "https://registry.npmjs.org/metro-transform-plugins?rev=36-b52e4d055a2c348ff1f7bc1154b671f9"
      },
      "original": {
        "type": "file",
        "url": "https://registry.npmjs.org/metro-transform-plugins?rev=36-b52e4d055a2c348ff1f7bc1154b671f9"
      }
    },
    "root": {
      "inputs": {
        "packument": "packument"
      }
    }
  },
  "root": "root",
  "version": 7
}
