{
  "nodes": {
    "packument": {
      "flake": false,
      "locked": {
        "narHash": "sha256-varDY15g0MUux85ygfH60sx6XoGSgsCpoEULwKG/eP0=",
        "type": "file",
        "url": "https://registry.npmjs.org/@emotion/serialize?rev=66-dede35c48a430b94c967cdb883e16b16"
      },
      "original": {
        "type": "file",
        "url": "https://registry.npmjs.org/@emotion/serialize?rev=66-dede35c48a430b94c967cdb883e16b16"
      }
    },
    "root": {
      "inputs": {
        "packument": "packument"
      }
    }
  },
  "root": "root",
  "version": 7
}
