{
  "nodes": {
    "packument": {
      "flake": false,
      "locked": {
        "narHash": "sha256-v9DOPtx+2rPLK+KPKkU4VbB2Tng05cAWI9RRSWSH0Mo=",
        "type": "file",
        "url": "https://registry.npmjs.org/@jupyterlab/nbformat?rev=279-6b2f17733e5dd5a6b457d627e4f6fed8"
      },
      "original": {
        "type": "file",
        "url": "https://registry.npmjs.org/@jupyterlab/nbformat?rev=279-6b2f17733e5dd5a6b457d627e4f6fed8"
      }
    },
    "root": {
      "inputs": {
        "packument": "packument"
      }
    }
  },
  "root": "root",
  "version": 7
}
