{
  "nodes": {
    "packument": {
      "flake": false,
      "locked": {
        "narHash": "sha256-KfhH4zx0SUsurkTBmumh3+Q4N3KNeONu+bIGpiNmu1I=",
        "type": "file",
        "url": "https://skimdb.npmjs.com/registry/@babel/plugin-proposal-async-generator-functions?_rev=102-deb1b96ccaa56aed851e9840b170e22a"
      },
      "original": {
        "type": "file",
        "url": "https://skimdb.npmjs.com/registry/@babel/plugin-proposal-async-generator-functions?_rev=102-deb1b96ccaa56aed851e9840b170e22a"
      }
    },
    "root": {
      "inputs": {
        "packument": "packument"
      }
    }
  },
  "root": "root",
  "version": 7
}
