{
  "nodes": {
    "packument": {
      "flake": false,
      "locked": {
        "narHash": "sha256-mlUUgv6T/Abd6nO9Gr3L6ecEkVwYuHPSMPjlAbkUE7k=",
        "type": "file",
        "url": "https://skimdb.npmjs.com/registry/proxy-from-env?_rev=8-221f1e388c5297ad5bde7ca8a7fef2f7"
      },
      "original": {
        "type": "file",
        "url": "https://skimdb.npmjs.com/registry/proxy-from-env?_rev=8-221f1e388c5297ad5bde7ca8a7fef2f7"
      }
    },
    "root": {
      "inputs": {
        "packument": "packument"
      }
    }
  },
  "root": "root",
  "version": 7
}
