{
  "nodes": {
    "packument": {
      "flake": false,
      "locked": {
        "narHash": "sha256-rW44uRPmLmgPrYPrFrW2tobyozqctUTc5nqLkBeMycE=",
        "type": "file",
        "url": "https://skimdb.npmjs.com/registry/@types/d3-drag?_rev=589-21607ef98d574a876fbffaaa07036af3"
      },
      "original": {
        "type": "file",
        "url": "https://skimdb.npmjs.com/registry/@types/d3-drag?_rev=589-21607ef98d574a876fbffaaa07036af3"
      }
    },
    "root": {
      "inputs": {
        "packument": "packument"
      }
    }
  },
  "root": "root",
  "version": 7
}
