{
  "nodes": {
    "packument": {
      "flake": false,
      "locked": {
        "narHash": "sha256-+gU3Uyez++FEBMF2cZNawUGze76DzJBUfGW00ro4lpw=",
        "type": "file",
        "url": "https://registry.npmjs.org/watchify"
      },
      "original": {
        "type": "file",
        "url": "https://registry.npmjs.org/watchify"
      }
    },
    "root": {
      "inputs": {
        "packument": "packument"
      }
    }
  },
  "root": "root",
  "version": 7
}
