{
  "nodes": {
    "packument": {
      "flake": false,
      "locked": {
        "narHash": "sha256-SrvdYtmbfe3IXVMoS1r3Q+FQjuEgS0QLyA2f9A+Tf80=",
        "type": "file",
        "url": "https://skimdb.npmjs.com/registry/p-timeout?_rev=25-1f93692b70c15aaa7e14478fa4c50895"
      },
      "original": {
        "type": "file",
        "url": "https://skimdb.npmjs.com/registry/p-timeout?_rev=25-1f93692b70c15aaa7e14478fa4c50895"
      }
    },
    "root": {
      "inputs": {
        "packument": "packument"
      }
    }
  },
  "root": "root",
  "version": 7
}
