{
  "nodes": {
    "packument": {
      "flake": false,
      "locked": {
        "narHash": "sha256-wHKKT32uTR7CfAOqq916yCdiyFrEzKyaG4L537tRAik=",
        "type": "file",
        "url": "https://registry.npmjs.org/requireindex?rev=64-4f35f20be9d65abc81ff452e9506879a"
      },
      "original": {
        "type": "file",
        "url": "https://registry.npmjs.org/requireindex?rev=64-4f35f20be9d65abc81ff452e9506879a"
      }
    },
    "root": {
      "inputs": {
        "packument": "packument"
      }
    }
  },
  "root": "root",
  "version": 7
}
