{
  "nodes": {
    "packument": {
      "flake": false,
      "locked": {
        "narHash": "sha256-BlK21BP2uf5qYpuuVsnhDNGsDZ4zLzhRMDSW4L62UG4=",
        "type": "file",
        "url": "https://registry.npmjs.org/change-emitter"
      },
      "original": {
        "type": "file",
        "url": "https://registry.npmjs.org/change-emitter"
      }
    },
    "root": {
      "inputs": {
        "packument": "packument"
      }
    }
  },
  "root": "root",
  "version": 7
}
