{
  "nodes": {
    "packument": {
      "flake": false,
      "locked": {
        "narHash": "sha256-liRZ0MdlK2Q80LovSm2p9F5RwX7BdyTV5lbntIBeVMs=",
        "type": "file",
        "url": "https://registry.npmjs.org/@types/babel__generator?rev=393-95dc6aae0e32c58334832a32c8dc9f95"
      },
      "original": {
        "type": "file",
        "url": "https://registry.npmjs.org/@types/babel__generator?rev=393-95dc6aae0e32c58334832a32c8dc9f95"
      }
    },
    "root": {
      "inputs": {
        "packument": "packument"
      }
    }
  },
  "root": "root",
  "version": 7
}
