{
  "nodes": {
    "packument": {
      "flake": false,
      "locked": {
        "narHash": "sha256-C4NIFNlYgH4leT5AI3RrcalH1vYYU0C3LFhBSezOZqM=",
        "type": "file",
        "url": "https://skimdb.npmjs.com/registry/gulp-watch?_rev=410-f3410bed29b85a020f5dd646c0704c0b"
      },
      "original": {
        "type": "file",
        "url": "https://skimdb.npmjs.com/registry/gulp-watch?_rev=410-f3410bed29b85a020f5dd646c0704c0b"
      }
    },
    "root": {
      "inputs": {
        "packument": "packument"
      }
    }
  },
  "root": "root",
  "version": 7
}
