{
  "nodes": {
    "packument": {
      "flake": false,
      "locked": {
        "narHash": "sha256-ki4w2dSFUgQxB3UjxEQQQqAS7BoxLdZ7Oa5B817yowA=",
        "type": "file",
        "url": "https://registry.npmjs.org/web3-eth?rev=147-2f478d8cc2b18c030d7f668f47fb3480"
      },
      "original": {
        "type": "file",
        "url": "https://registry.npmjs.org/web3-eth?rev=147-2f478d8cc2b18c030d7f668f47fb3480"
      }
    },
    "root": {
      "inputs": {
        "packument": "packument"
      }
    }
  },
  "root": "root",
  "version": 7
}
