{
  "nodes": {
    "packument": {
      "flake": false,
      "locked": {
        "narHash": "sha256-IY2dLUY/prSwIwxOJGNuvgCozqjbswTL+Bppjz1aNvo=",
        "type": "file",
        "url": "https://skimdb.npmjs.com/registry/@lumino/properties?_rev=37-48bc217c1e0aa21e48b9516d69950ad5"
      },
      "original": {
        "type": "file",
        "url": "https://skimdb.npmjs.com/registry/@lumino/properties?_rev=37-48bc217c1e0aa21e48b9516d69950ad5"
      }
    },
    "root": {
      "inputs": {
        "packument": "packument"
      }
    }
  },
  "root": "root",
  "version": 7
}
