{
  "nodes": {
    "packument": {
      "flake": false,
      "locked": {
        "narHash": "sha256-7Vbd7Ii72BybPxsHKYL/AR7VUChH/ZKlgw6LUC4eZMk=",
        "type": "file",
        "url": "https://skimdb.npmjs.com/registry/hapi?_rev=1053-6e0b38161b3221c57c473e044b3a3e88"
      },
      "original": {
        "type": "file",
        "url": "https://skimdb.npmjs.com/registry/hapi?_rev=1053-6e0b38161b3221c57c473e044b3a3e88"
      }
    },
    "root": {
      "inputs": {
        "packument": "packument"
      }
    }
  },
  "root": "root",
  "version": 7
}
