{
  "nodes": {
    "packument": {
      "flake": false,
      "locked": {
        "narHash": "sha256-COIlPRSb9g1v0uMqvcwXvCqV+3L2/jPTAioPDf6arjk=",
        "type": "file",
        "url": "https://skimdb.npmjs.com/registry/bytes?_rev=68-dcd72b4b837fbe3bd790fcabfc42f78f"
      },
      "original": {
        "type": "file",
        "url": "https://skimdb.npmjs.com/registry/bytes?_rev=68-dcd72b4b837fbe3bd790fcabfc42f78f"
      }
    },
    "root": {
      "inputs": {
        "packument": "packument"
      }
    }
  },
  "root": "root",
  "version": 7
}
