{
  "nodes": {
    "packument": {
      "flake": false,
      "locked": {
        "narHash": "sha256-9gm/fxBEAIxxhEG5ybuEHDA28WNW6n6bAMeXFhmWThQ=",
        "type": "file",
        "url": "https://registry.npmjs.org/@emotion/use-insertion-effect-with-fallbacks"
      },
      "original": {
        "type": "file",
        "url": "https://registry.npmjs.org/@emotion/use-insertion-effect-with-fallbacks"
      }
    },
    "root": {
      "inputs": {
        "packument": "packument"
      }
    }
  },
  "root": "root",
  "version": 7
}
