{
  "nodes": {
    "packument": {
      "flake": false,
      "locked": {
        "narHash": "sha256-h9NDRjE/YIFef8vreaFZvEQ0K76DSP6bBX3Qkq/InVM=",
        "type": "file",
        "url": "https://registry.npmjs.org/angular?rev=719-08e3dbed8eab983b5227fccef20a572d"
      },
      "original": {
        "type": "file",
        "url": "https://registry.npmjs.org/angular?rev=719-08e3dbed8eab983b5227fccef20a572d"
      }
    },
    "root": {
      "inputs": {
        "packument": "packument"
      }
    }
  },
  "root": "root",
  "version": 7
}
