{
  "nodes": {
    "packument": {
      "flake": false,
      "locked": {
        "narHash": "sha256-BwupEigo10VFbACa/X1rSLWDu6nGnajmCtxWsrGEfqQ=",
        "type": "file",
        "url": "https://registry.npmjs.org/@firebase/database?rev=2761-0c9278cde42163074ef4a6ba473e9ce3"
      },
      "original": {
        "type": "file",
        "url": "https://registry.npmjs.org/@firebase/database?rev=2761-0c9278cde42163074ef4a6ba473e9ce3"
      }
    },
    "root": {
      "inputs": {
        "packument": "packument"
      }
    }
  },
  "root": "root",
  "version": 7
}
