{
  "nodes": {
    "packument": {
      "flake": false,
      "locked": {
        "narHash": "sha256-AJEFHgjDaIMaH9oGh9UoUOTz6mNOWohjSJjgthdrUZc=",
        "type": "file",
        "url": "https://skimdb.npmjs.com/registry/json-schema?_rev=26-6e174cac846e644938fdcc401705fee2"
      },
      "original": {
        "type": "file",
        "url": "https://skimdb.npmjs.com/registry/json-schema?_rev=26-6e174cac846e644938fdcc401705fee2"
      }
    },
    "root": {
      "inputs": {
        "packument": "packument"
      }
    }
  },
  "root": "root",
  "version": 7
}
