{
  "nodes": {
    "packument": {
      "flake": false,
      "locked": {
        "narHash": "sha256-sh+YP0Y1OR5KTbo6Ti84xFIj2VV1udnPs3YXi7ooHQg=",
        "type": "file",
        "url": "https://registry.npmjs.org/eslint-plugin-import?rev=197-302b66bafa7516de93f6b55d35bdae38"
      },
      "original": {
        "type": "file",
        "url": "https://registry.npmjs.org/eslint-plugin-import?rev=197-302b66bafa7516de93f6b55d35bdae38"
      }
    },
    "root": {
      "inputs": {
        "packument": "packument"
      }
    }
  },
  "root": "root",
  "version": 7
}
