{
  "nodes": {
    "packument": {
      "flake": false,
      "locked": {
        "narHash": "sha256-o1DtYd4kqcFjSFITTZFnHIcHqF+CjcHm0va2+9/qRDY=",
        "type": "file",
        "url": "https://skimdb.npmjs.com/registry/@phosphor/collections?_rev=23-ee4451178f1164f72c3f8ad0a30ed05c"
      },
      "original": {
        "type": "file",
        "url": "https://skimdb.npmjs.com/registry/@phosphor/collections?_rev=23-ee4451178f1164f72c3f8ad0a30ed05c"
      }
    },
    "root": {
      "inputs": {
        "packument": "packument"
      }
    }
  },
  "root": "root",
  "version": 7
}
