{
  "nodes": {
    "packument": {
      "flake": false,
      "locked": {
        "narHash": "sha256-vgnZyNf7JuenmrX8hpFoOfeNWPUex0Sa4cgtJSuto6g=",
        "type": "file",
        "url": "https://registry.npmjs.org/webpack-cli?rev=144-b93a3b812809889395746ceb4bf3b70b"
      },
      "original": {
        "type": "file",
        "url": "https://registry.npmjs.org/webpack-cli?rev=144-b93a3b812809889395746ceb4bf3b70b"
      }
    },
    "root": {
      "inputs": {
        "packument": "packument"
      }
    }
  },
  "root": "root",
  "version": 7
}
