{
  "nodes": {
    "packument": {
      "flake": false,
      "locked": {
        "narHash": "sha256-EoiFaHC6owCACoxCcm4qFPsdov5e86ZShsU6Q7T7LsA=",
        "type": "file",
        "url": "https://registry.npmjs.org/mz?rev=107-9e65d4f75919bb5695570c7654a265e1"
      },
      "original": {
        "type": "file",
        "url": "https://registry.npmjs.org/mz?rev=107-9e65d4f75919bb5695570c7654a265e1"
      }
    },
    "root": {
      "inputs": {
        "packument": "packument"
      }
    }
  },
  "root": "root",
  "version": 7
}
