{
  "nodes": {
    "packument": {
      "flake": false,
      "locked": {
        "narHash": "sha256-O6wk4OOZEE1IK3lnV2zQv+EMQ1XO4YYdoy93itMVYbs=",
        "type": "file",
        "url": "https://registry.npmjs.org/@lit/reactive-element"
      },
      "original": {
        "type": "file",
        "url": "https://registry.npmjs.org/@lit/reactive-element"
      }
    },
    "root": {
      "inputs": {
        "packument": "packument"
      }
    }
  },
  "root": "root",
  "version": 7
}
