{
  "nodes": {
    "packument": {
      "flake": false,
      "locked": {
        "narHash": "sha256-XwXfTBp9vd4wRj8/NNdfnt3O6jBELJWSwrF3wq7/uyM=",
        "type": "file",
        "url": "https://registry.npmjs.org/vizion?rev=58-993f02b9af9b21618bdda14ca40488dc"
      },
      "original": {
        "type": "file",
        "url": "https://registry.npmjs.org/vizion?rev=58-993f02b9af9b21618bdda14ca40488dc"
      }
    },
    "root": {
      "inputs": {
        "packument": "packument"
      }
    }
  },
  "root": "root",
  "version": 7
}
