{
  "nodes": {
    "packument": {
      "flake": false,
      "locked": {
        "narHash": "sha256-ygLWCnMq7DPD/CraLHvDeONm2NOb6t+mAm8/TtJIYdw=",
        "type": "file",
        "url": "https://registry.npmjs.org/csv-parse"
      },
      "original": {
        "type": "file",
        "url": "https://registry.npmjs.org/csv-parse"
      }
    },
    "root": {
      "inputs": {
        "packument": "packument"
      }
    }
  },
  "root": "root",
  "version": 7
}
