{
  "nodes": {
    "packument": {
      "flake": false,
      "locked": {
        "narHash": "sha256-hluORkYGpfYWOe8eKmlJOkjPk9KvfqWT3zPuxlswwfA=",
        "type": "file",
        "url": "https://skimdb.npmjs.com/registry/use-sync-external-store?_rev=534-21eeaf1543613acf0d566465bcda2ef2"
      },
      "original": {
        "type": "file",
        "url": "https://skimdb.npmjs.com/registry/use-sync-external-store?_rev=534-21eeaf1543613acf0d566465bcda2ef2"
      }
    },
    "root": {
      "inputs": {
        "packument": "packument"
      }
    }
  },
  "root": "root",
  "version": 7
}
