{
  "nodes": {
    "packument": {
      "flake": false,
      "locked": {
        "narHash": "sha256-WghkdLko5DUH8P6NH/WDy18fehyZ6k2Oj6ivKLhqKxw=",
        "type": "file",
        "url": "https://registry.npmjs.org/which-typed-array"
      },
      "original": {
        "type": "file",
        "url": "https://registry.npmjs.org/which-typed-array"
      }
    },
    "root": {
      "inputs": {
        "packument": "packument"
      }
    }
  },
  "root": "root",
  "version": 7
}
