{
  "nodes": {
    "packument": {
      "flake": false,
      "locked": {
        "narHash": "sha256-ZQSx9uDD8CXuStEc3Peuzd8ue0WdAim2tAN/6JCPhwo=",
        "type": "file",
        "url": "https://registry.npmjs.org/json-buffer?rev=37-735a8df6fc52e612495d8761f612aca9"
      },
      "original": {
        "type": "file",
        "url": "https://registry.npmjs.org/json-buffer?rev=37-735a8df6fc52e612495d8761f612aca9"
      }
    },
    "root": {
      "inputs": {
        "packument": "packument"
      }
    }
  },
  "root": "root",
  "version": 7
}
