{
  "nodes": {
    "packument": {
      "flake": false,
      "locked": {
        "narHash": "sha256-UEUtw1Zf+ZSzo9A32w8RH4BfKb5Qcf8q+jNxqxvYptM=",
        "type": "file",
        "url": "https://skimdb.npmjs.com/registry/lodash.uniqwith?_rev=14-d944aee845519a1abfa3e78bb7f8566f"
      },
      "original": {
        "type": "file",
        "url": "https://skimdb.npmjs.com/registry/lodash.uniqwith?_rev=14-d944aee845519a1abfa3e78bb7f8566f"
      }
    },
    "root": {
      "inputs": {
        "packument": "packument"
      }
    }
  },
  "root": "root",
  "version": 7
}
