{
  "nodes": {
    "packument": {
      "flake": false,
      "locked": {
        "narHash": "sha256-6+EF9Fnp/R7s/Nwx3SPiAIOu7RXw+IRblCrgBMhhp+g=",
        "type": "file",
        "url": "https://skimdb.npmjs.com/registry/mathml-tag-names?_rev=14-d1afd483ae74fd7d91ca4b40832d75b6"
      },
      "original": {
        "type": "file",
        "url": "https://skimdb.npmjs.com/registry/mathml-tag-names?_rev=14-d1afd483ae74fd7d91ca4b40832d75b6"
      }
    },
    "root": {
      "inputs": {
        "packument": "packument"
      }
    }
  },
  "root": "root",
  "version": 7
}
